// !$*UTF8*$!
{
	archiveVersion = 1;
	classes = {
	};
	objectVersion = 51;
	objects = {

/* Begin PBXBuildFile section */
		002C1F8825D1C51D000018D8 /* DateFormatterExtensionsTests.swift in Sources */ = {isa = PBXBuildFile; fileRef = 002C1F8725D1C51D000018D8 /* DateFormatterExtensionsTests.swift */; };
		2E30E671B4AE5C5C684A255B /* Pods_CombineWithREST.framework in Frameworks */ = {isa = PBXBuildFile; fileRef = 24088C7D63D164FBE167A839 /* Pods_CombineWithREST.framework */; };
		4B4D30352F3855E83B9614FB /* Pods_CombineWithREST_CombineWithRESTTests.framework in Frameworks */ = {isa = PBXBuildFile; fileRef = 2BFFD79E45284CC76EA1F016 /* Pods_CombineWithREST_CombineWithRESTTests.framework */; };
		CA45040B25B79A0F00153FC4 /* AppDelegate.swift in Sources */ = {isa = PBXBuildFile; fileRef = CA45040A25B79A0F00153FC4 /* AppDelegate.swift */; };
		CA45040D25B79A0F00153FC4 /* SceneDelegate.swift in Sources */ = {isa = PBXBuildFile; fileRef = CA45040C25B79A0F00153FC4 /* SceneDelegate.swift */; };
		CA45040F25B79A0F00153FC4 /* ViewController.swift in Sources */ = {isa = PBXBuildFile; fileRef = CA45040E25B79A0F00153FC4 /* ViewController.swift */; };
		CA45041225B79A0F00153FC4 /* Main.storyboard in Resources */ = {isa = PBXBuildFile; fileRef = CA45041025B79A0F00153FC4 /* Main.storyboard */; };
		CA45041425B79A0F00153FC4 /* Assets.xcassets in Resources */ = {isa = PBXBuildFile; fileRef = CA45041325B79A0F00153FC4 /* Assets.xcassets */; };
		CA45041725B79A0F00153FC4 /* LaunchScreen.storyboard in Resources */ = {isa = PBXBuildFile; fileRef = CA45041525B79A0F00153FC4 /* LaunchScreen.storyboard */; };
		CA45042225B79A1000153FC4 /* CombineWithRESTTests.swift in Sources */ = {isa = PBXBuildFile; fileRef = CA45042125B79A1000153FC4 /* CombineWithRESTTests.swift */; };
		CA45054A25B8C52500153FC4 /* StubAPIResponse.swift in Sources */ = {isa = PBXBuildFile; fileRef = CA45054925B8C52500153FC4 /* StubAPIResponse.swift */; };
		CA45054E25B8C53700153FC4 /* WaitUntil.swift in Sources */ = {isa = PBXBuildFile; fileRef = CA45054D25B8C53700153FC4 /* WaitUntil.swift */; };
		CA45055225B8C54800153FC4 /* URLRequestExtensions.swift in Sources */ = {isa = PBXBuildFile; fileRef = CA45055125B8C54800153FC4 /* URLRequestExtensions.swift */; };
		CA45057025B8C7FF00153FC4 /* BaseAPI.swift in Sources */ = {isa = PBXBuildFile; fileRef = CA45056F25B8C7FF00153FC4 /* BaseAPI.swift */; };
		CA45057625B8C90D00153FC4 /* APITests.swift in Sources */ = {isa = PBXBuildFile; fileRef = CA45057525B8C90D00153FC4 /* APITests.swift */; };
		CA45057A25B8C95500153FC4 /* RESTAPIProtocol.swift in Sources */ = {isa = PBXBuildFile; fileRef = CA45057925B8C95500153FC4 /* RESTAPIProtocol.swift */; };
		CA45057F25B8C98700153FC4 /* URLSessionExtensions.swift in Sources */ = {isa = PBXBuildFile; fileRef = CA45057E25B8C98700153FC4 /* URLSessionExtensions.swift */; };
		CA45058525B8CA4900153FC4 /* IdentityService.swift in Sources */ = {isa = PBXBuildFile; fileRef = CA45058425B8CA4900153FC4 /* IdentityService.swift */; };
		CA45058A25B8CA7500153FC4 /* User.swift in Sources */ = {isa = PBXBuildFile; fileRef = CA45058925B8CA7500153FC4 /* User.swift */; };
		CA45058E25B8CA8C00153FC4 /* UserProfile.swift in Sources */ = {isa = PBXBuildFile; fileRef = CA45058D25B8CA8C00153FC4 /* UserProfile.swift */; };
		CA45059225B8CAA600153FC4 /* Address.swift in Sources */ = {isa = PBXBuildFile; fileRef = CA45059125B8CAA600153FC4 /* Address.swift */; };
		CA45059625B8CAD200153FC4 /* DateFormatterExtensions.swift in Sources */ = {isa = PBXBuildFile; fileRef = CA45059525B8CAD200153FC4 /* DateFormatterExtensions.swift */; };
		CA45059B25B8CBC500153FC4 /* APIOperators.swift in Sources */ = {isa = PBXBuildFile; fileRef = CA45059A25B8CBC500153FC4 /* APIOperators.swift */; };
		CA45059F25B8CBD400153FC4 /* IdentityAPIOperators.swift in Sources */ = {isa = PBXBuildFile; fileRef = CA45059E25B8CBD400153FC4 /* IdentityAPIOperators.swift */; };
		CA4505A325B8CBE700153FC4 /* JSONDecode.swift in Sources */ = {isa = PBXBuildFile; fileRef = CA4505A225B8CBE700153FC4 /* JSONDecode.swift */; };
		CA4505A725B8CBFE00153FC4 /* RetryOn.swift in Sources */ = {isa = PBXBuildFile; fileRef = CA4505A625B8CBFE00153FC4 /* RetryOn.swift */; };
		CA4505AB25B8CC2900153FC4 /* URLRequestExtensions.swift in Sources */ = {isa = PBXBuildFile; fileRef = CA4505AA25B8CC2900153FC4 /* URLRequestExtensions.swift */; };
		CA4505C725B8CE4300153FC4 /* RetryOnTests.swift in Sources */ = {isa = PBXBuildFile; fileRef = CA4505C625B8CE4300153FC4 /* RetryOnTests.swift */; };
		CA4505CB25B8CE7800153FC4 /* TestPublisher.swift in Sources */ = {isa = PBXBuildFile; fileRef = CA4505CA25B8CE7800153FC4 /* TestPublisher.swift */; };
		CA4505D025B8CEAA00153FC4 /* DependencyInjectionTests.swift in Sources */ = {isa = PBXBuildFile; fileRef = CA4505CF25B8CEAA00153FC4 /* DependencyInjectionTests.swift */; };
		CA4505D725B8D1D400153FC4 /* MockExtensions.swift in Sources */ = {isa = PBXBuildFile; fileRef = CA4505D625B8D1D400153FC4 /* MockExtensions.swift */; };
		CA4505E325B8D26300153FC4 /* URLRequestExtensionsTests.swift in Sources */ = {isa = PBXBuildFile; fileRef = CA4505E225B8D26300153FC4 /* URLRequestExtensionsTests.swift */; };
		CA4505EA25B8D34800153FC4 /* UserProfileTests.swift in Sources */ = {isa = PBXBuildFile; fileRef = CA4505E925B8D34800153FC4 /* UserProfileTests.swift */; };
		CA4505F025B8D38400153FC4 /* UserProfileConvenience.swift in Sources */ = {isa = PBXBuildFile; fileRef = CA4505EF25B8D38400153FC4 /* UserProfileConvenience.swift */; };
		CA45061025B8D3B300153FC4 /* IdentityServiceTests.swift in Sources */ = {isa = PBXBuildFile; fileRef = CA45060F25B8D3B300153FC4 /* IdentityServiceTests.swift */; };
		CA9B147625C9FB5B00854956 /* ContainerExtensions.swift in Sources */ = {isa = PBXBuildFile; fileRef = CA9B147425C9FB5B00854956 /* ContainerExtensions.swift */; };
		CA9B147725C9FB5B00854956 /* DependencyInjected.swift in Sources */ = {isa = PBXBuildFile; fileRef = CA9B147525C9FB5B00854956 /* DependencyInjected.swift */; };
		CAF26DC825B9F57A009025A6 /* ContractTests.swift in Sources */ = {isa = PBXBuildFile; fileRef = CAF26DC725B9F57A009025A6 /* ContractTests.swift */; };
		CAF26DD325BA2C55009025A6 /* GeneratedMocks.swift in Sources */ = {isa = PBXBuildFile; fileRef = CAF26DD225BA2C55009025A6 /* GeneratedMocks.swift */; };
		CAF26DD925BA2CFF009025A6 /* ViewControllerTests.swift in Sources */ = {isa = PBXBuildFile; fileRef = CAF26DD825BA2CFF009025A6 /* ViewControllerTests.swift */; };
/* End PBXBuildFile section */

/* Begin PBXContainerItemProxy section */
		CA45041E25B79A1000153FC4 /* PBXContainerItemProxy */ = {
			isa = PBXContainerItemProxy;
			containerPortal = CA4503FF25B79A0F00153FC4 /* Project object */;
			proxyType = 1;
			remoteGlobalIDString = CA45040625B79A0F00153FC4;
			remoteInfo = CombineWithREST;
		};
/* End PBXContainerItemProxy section */

/* Begin PBXFileReference section */
		002C1F8725D1C51D000018D8 /* DateFormatterExtensionsTests.swift */ = {isa = PBXFileReference; lastKnownFileType = sourcecode.swift; path = DateFormatterExtensionsTests.swift; sourceTree = "<group>"; };
		096C5D9757A186DDDA29D410 /* Pods-CombineWithREST-CombineWithRESTTests.release.xcconfig */ = {isa = PBXFileReference; includeInIndex = 1; lastKnownFileType = text.xcconfig; name = "Pods-CombineWithREST-CombineWithRESTTests.release.xcconfig"; path = "Target Support Files/Pods-CombineWithREST-CombineWithRESTTests/Pods-CombineWithREST-CombineWithRESTTests.release.xcconfig"; sourceTree = "<group>"; };
		22886F30A917329AE0DA3CEF /* Pods-CombineWithREST.release.xcconfig */ = {isa = PBXFileReference; includeInIndex = 1; lastKnownFileType = text.xcconfig; name = "Pods-CombineWithREST.release.xcconfig"; path = "Target Support Files/Pods-CombineWithREST/Pods-CombineWithREST.release.xcconfig"; sourceTree = "<group>"; };
		24088C7D63D164FBE167A839 /* Pods_CombineWithREST.framework */ = {isa = PBXFileReference; explicitFileType = wrapper.framework; includeInIndex = 0; path = Pods_CombineWithREST.framework; sourceTree = BUILT_PRODUCTS_DIR; };
		2BFFD79E45284CC76EA1F016 /* Pods_CombineWithREST_CombineWithRESTTests.framework */ = {isa = PBXFileReference; explicitFileType = wrapper.framework; includeInIndex = 0; path = Pods_CombineWithREST_CombineWithRESTTests.framework; sourceTree = BUILT_PRODUCTS_DIR; };
		9C34DDAE9866A26253B5D78E /* Pods-CombineWithREST-CombineWithRESTTests.debug.xcconfig */ = {isa = PBXFileReference; includeInIndex = 1; lastKnownFileType = text.xcconfig; name = "Pods-CombineWithREST-CombineWithRESTTests.debug.xcconfig"; path = "Target Support Files/Pods-CombineWithREST-CombineWithRESTTests/Pods-CombineWithREST-CombineWithRESTTests.debug.xcconfig"; sourceTree = "<group>"; };
		A8DD14FEFC3EDB3DA2E162D4 /* Pods-CombineWithREST.debug.xcconfig */ = {isa = PBXFileReference; includeInIndex = 1; lastKnownFileType = text.xcconfig; name = "Pods-CombineWithREST.debug.xcconfig"; path = "Target Support Files/Pods-CombineWithREST/Pods-CombineWithREST.debug.xcconfig"; sourceTree = "<group>"; };
		CA45040725B79A0F00153FC4 /* CombineWithREST.app */ = {isa = PBXFileReference; explicitFileType = wrapper.application; includeInIndex = 0; path = CombineWithREST.app; sourceTree = BUILT_PRODUCTS_DIR; };
		CA45040A25B79A0F00153FC4 /* AppDelegate.swift */ = {isa = PBXFileReference; lastKnownFileType = sourcecode.swift; path = AppDelegate.swift; sourceTree = "<group>"; };
		CA45040C25B79A0F00153FC4 /* SceneDelegate.swift */ = {isa = PBXFileReference; lastKnownFileType = sourcecode.swift; path = SceneDelegate.swift; sourceTree = "<group>"; };
		CA45040E25B79A0F00153FC4 /* ViewController.swift */ = {isa = PBXFileReference; lastKnownFileType = sourcecode.swift; path = ViewController.swift; sourceTree = "<group>"; };
		CA45041125B79A0F00153FC4 /* Base */ = {isa = PBXFileReference; lastKnownFileType = file.storyboard; name = Base; path = Base.lproj/Main.storyboard; sourceTree = "<group>"; };
		CA45041325B79A0F00153FC4 /* Assets.xcassets */ = {isa = PBXFileReference; lastKnownFileType = folder.assetcatalog; path = Assets.xcassets; sourceTree = "<group>"; };
		CA45041625B79A0F00153FC4 /* Base */ = {isa = PBXFileReference; lastKnownFileType = file.storyboard; name = Base; path = Base.lproj/LaunchScreen.storyboard; sourceTree = "<group>"; };
		CA45041825B79A0F00153FC4 /* Info.plist */ = {isa = PBXFileReference; lastKnownFileType = text.plist.xml; path = Info.plist; sourceTree = "<group>"; };
		CA45041D25B79A1000153FC4 /* CombineWithRESTTests.xctest */ = {isa = PBXFileReference; explicitFileType = wrapper.cfbundle; includeInIndex = 0; path = CombineWithRESTTests.xctest; sourceTree = BUILT_PRODUCTS_DIR; };
		CA45042125B79A1000153FC4 /* CombineWithRESTTests.swift */ = {isa = PBXFileReference; lastKnownFileType = sourcecode.swift; path = CombineWithRESTTests.swift; sourceTree = "<group>"; };
		CA45042325B79A1000153FC4 /* Info.plist */ = {isa = PBXFileReference; lastKnownFileType = text.plist.xml; path = Info.plist; sourceTree = "<group>"; };
		CA45054925B8C52500153FC4 /* StubAPIResponse.swift */ = {isa = PBXFileReference; lastKnownFileType = sourcecode.swift; path = StubAPIResponse.swift; sourceTree = "<group>"; };
		CA45054D25B8C53700153FC4 /* WaitUntil.swift */ = {isa = PBXFileReference; lastKnownFileType = sourcecode.swift; path = WaitUntil.swift; sourceTree = "<group>"; };
		CA45055125B8C54800153FC4 /* URLRequestExtensions.swift */ = {isa = PBXFileReference; lastKnownFileType = sourcecode.swift; path = URLRequestExtensions.swift; sourceTree = "<group>"; };
		CA45056F25B8C7FF00153FC4 /* BaseAPI.swift */ = {isa = PBXFileReference; lastKnownFileType = sourcecode.swift; path = BaseAPI.swift; sourceTree = "<group>"; };
		CA45057525B8C90D00153FC4 /* APITests.swift */ = {isa = PBXFileReference; lastKnownFileType = sourcecode.swift; path = APITests.swift; sourceTree = "<group>"; };
		CA45057925B8C95500153FC4 /* RESTAPIProtocol.swift */ = {isa = PBXFileReference; lastKnownFileType = sourcecode.swift; path = RESTAPIProtocol.swift; sourceTree = "<group>"; };
		CA45057E25B8C98700153FC4 /* URLSessionExtensions.swift */ = {isa = PBXFileReference; lastKnownFileType = sourcecode.swift; path = URLSessionExtensions.swift; sourceTree = "<group>"; };
		CA45058425B8CA4900153FC4 /* IdentityService.swift */ = {isa = PBXFileReference; lastKnownFileType = sourcecode.swift; path = IdentityService.swift; sourceTree = "<group>"; };
		CA45058925B8CA7500153FC4 /* User.swift */ = {isa = PBXFileReference; lastKnownFileType = sourcecode.swift; path = User.swift; sourceTree = "<group>"; };
		CA45058D25B8CA8C00153FC4 /* UserProfile.swift */ = {isa = PBXFileReference; lastKnownFileType = sourcecode.swift; path = UserProfile.swift; sourceTree = "<group>"; };
		CA45059125B8CAA600153FC4 /* Address.swift */ = {isa = PBXFileReference; lastKnownFileType = sourcecode.swift; path = Address.swift; sourceTree = "<group>"; };
		CA45059525B8CAD200153FC4 /* DateFormatterExtensions.swift */ = {isa = PBXFileReference; lastKnownFileType = sourcecode.swift; path = DateFormatterExtensions.swift; sourceTree = "<group>"; };
		CA45059A25B8CBC500153FC4 /* APIOperators.swift */ = {isa = PBXFileReference; lastKnownFileType = sourcecode.swift; path = APIOperators.swift; sourceTree = "<group>"; };
		CA45059E25B8CBD400153FC4 /* IdentityAPIOperators.swift */ = {isa = PBXFileReference; lastKnownFileType = sourcecode.swift; path = IdentityAPIOperators.swift; sourceTree = "<group>"; };
		CA4505A225B8CBE700153FC4 /* JSONDecode.swift */ = {isa = PBXFileReference; lastKnownFileType = sourcecode.swift; path = JSONDecode.swift; sourceTree = "<group>"; };
		CA4505A625B8CBFE00153FC4 /* RetryOn.swift */ = {isa = PBXFileReference; lastKnownFileType = sourcecode.swift; path = RetryOn.swift; sourceTree = "<group>"; };
		CA4505AA25B8CC2900153FC4 /* URLRequestExtensions.swift */ = {isa = PBXFileReference; lastKnownFileType = sourcecode.swift; path = URLRequestExtensions.swift; sourceTree = "<group>"; };
		CA4505C625B8CE4300153FC4 /* RetryOnTests.swift */ = {isa = PBXFileReference; lastKnownFileType = sourcecode.swift; path = RetryOnTests.swift; sourceTree = "<group>"; };
		CA4505CA25B8CE7800153FC4 /* TestPublisher.swift */ = {isa = PBXFileReference; lastKnownFileType = sourcecode.swift; path = TestPublisher.swift; sourceTree = "<group>"; };
		CA4505CF25B8CEAA00153FC4 /* DependencyInjectionTests.swift */ = {isa = PBXFileReference; lastKnownFileType = sourcecode.swift; path = DependencyInjectionTests.swift; sourceTree = "<group>"; };
		CA4505D625B8D1D400153FC4 /* MockExtensions.swift */ = {isa = PBXFileReference; lastKnownFileType = sourcecode.swift; path = MockExtensions.swift; sourceTree = "<group>"; };
		CA4505E225B8D26300153FC4 /* URLRequestExtensionsTests.swift */ = {isa = PBXFileReference; lastKnownFileType = sourcecode.swift; path = URLRequestExtensionsTests.swift; sourceTree = "<group>"; };
		CA4505E925B8D34800153FC4 /* UserProfileTests.swift */ = {isa = PBXFileReference; lastKnownFileType = sourcecode.swift; path = UserProfileTests.swift; sourceTree = "<group>"; };
		CA4505EF25B8D38400153FC4 /* UserProfileConvenience.swift */ = {isa = PBXFileReference; lastKnownFileType = sourcecode.swift; path = UserProfileConvenience.swift; sourceTree = "<group>"; };
		CA45060F25B8D3B300153FC4 /* IdentityServiceTests.swift */ = {isa = PBXFileReference; lastKnownFileType = sourcecode.swift; path = IdentityServiceTests.swift; sourceTree = "<group>"; };
		CA9B147425C9FB5B00854956 /* ContainerExtensions.swift */ = {isa = PBXFileReference; fileEncoding = 4; lastKnownFileType = sourcecode.swift; path = ContainerExtensions.swift; sourceTree = "<group>"; };
		CA9B147525C9FB5B00854956 /* DependencyInjected.swift */ = {isa = PBXFileReference; fileEncoding = 4; lastKnownFileType = sourcecode.swift; path = DependencyInjected.swift; sourceTree = "<group>"; };
		CAF26DC725B9F57A009025A6 /* ContractTests.swift */ = {isa = PBXFileReference; lastKnownFileType = sourcecode.swift; path = ContractTests.swift; sourceTree = "<group>"; };
		CAF26DD225BA2C55009025A6 /* GeneratedMocks.swift */ = {isa = PBXFileReference; fileEncoding = 4; lastKnownFileType = sourcecode.swift; path = GeneratedMocks.swift; sourceTree = "<group>"; };
		CAF26DD825BA2CFF009025A6 /* ViewControllerTests.swift */ = {isa = PBXFileReference; lastKnownFileType = sourcecode.swift; path = ViewControllerTests.swift; sourceTree = "<group>"; };
/* End PBXFileReference section */

/* Begin PBXFrameworksBuildPhase section */
		CA45040425B79A0F00153FC4 /* Frameworks */ = {
			isa = PBXFrameworksBuildPhase;
			buildActionMask = 2147483647;
			files = (
				2E30E671B4AE5C5C684A255B /* Pods_CombineWithREST.framework in Frameworks */,
			);
			runOnlyForDeploymentPostprocessing = 0;
		};
		CA45041A25B79A1000153FC4 /* Frameworks */ = {
			isa = PBXFrameworksBuildPhase;
			buildActionMask = 2147483647;
			files = (
				4B4D30352F3855E83B9614FB /* Pods_CombineWithREST_CombineWithRESTTests.framework in Frameworks */,
			);
			runOnlyForDeploymentPostprocessing = 0;
		};
/* End PBXFrameworksBuildPhase section */

/* Begin PBXGroup section */
		0F6B2208CBBA3BE490937532 /* Pods */ = {
			isa = PBXGroup;
			children = (
				A8DD14FEFC3EDB3DA2E162D4 /* Pods-CombineWithREST.debug.xcconfig */,
				22886F30A917329AE0DA3CEF /* Pods-CombineWithREST.release.xcconfig */,
				9C34DDAE9866A26253B5D78E /* Pods-CombineWithREST-CombineWithRESTTests.debug.xcconfig */,
				096C5D9757A186DDDA29D410 /* Pods-CombineWithREST-CombineWithRESTTests.release.xcconfig */,
			);
			name = Pods;
			path = ../Pods;
			sourceTree = "<group>";
		};
		A611B87468F23D2F2F0876C1 /* Frameworks */ = {
			isa = PBXGroup;
			children = (
				24088C7D63D164FBE167A839 /* Pods_CombineWithREST.framework */,
				2BFFD79E45284CC76EA1F016 /* Pods_CombineWithREST_CombineWithRESTTests.framework */,
			);
			name = Frameworks;
			sourceTree = "<group>";
		};
		CA4503FE25B79A0F00153FC4 = {
			isa = PBXGroup;
			children = (
				CA45040925B79A0F00153FC4 /* CombineWithREST */,
				CA45042025B79A1000153FC4 /* CombineWithRESTTests */,
				CA45040825B79A0F00153FC4 /* Products */,
				0F6B2208CBBA3BE490937532 /* Pods */,
				A611B87468F23D2F2F0876C1 /* Frameworks */,
			);
			sourceTree = "<group>";
		};
		CA45040825B79A0F00153FC4 /* Products */ = {
			isa = PBXGroup;
			children = (
				CA45040725B79A0F00153FC4 /* CombineWithREST.app */,
				CA45041D25B79A1000153FC4 /* CombineWithRESTTests.xctest */,
			);
			name = Products;
			sourceTree = "<group>";
		};
		CA45040925B79A0F00153FC4 /* CombineWithREST */ = {
			isa = PBXGroup;
			children = (
				CA9B147325C9FB5B00854956 /* DependencyInjection */,
				CA45059925B8CBAF00153FC4 /* CombineOperators */,
				CA45058825B8CA5A00153FC4 /* Models */,
				CA45057D25B8C97D00153FC4 /* Extensions */,
				CA45056E25B8C7F700153FC4 /* APIs */,
				CA45040A25B79A0F00153FC4 /* AppDelegate.swift */,
				CA45040C25B79A0F00153FC4 /* SceneDelegate.swift */,
				CA45040E25B79A0F00153FC4 /* ViewController.swift */,
				CA45041025B79A0F00153FC4 /* Main.storyboard */,
				CA45041325B79A0F00153FC4 /* Assets.xcassets */,
				CA45041525B79A0F00153FC4 /* LaunchScreen.storyboard */,
				CA45041825B79A0F00153FC4 /* Info.plist */,
			);
			path = CombineWithREST;
			sourceTree = "<group>";
		};
		CA45042025B79A1000153FC4 /* CombineWithRESTTests */ = {
			isa = PBXGroup;
			children = (
				CAF26DD225BA2C55009025A6 /* GeneratedMocks.swift */,
				CA45060E25B8D3A900153FC4 /* APIs */,
				CA4505E825B8D34000153FC4 /* Models */,
				CA4505D525B8D1C100153FC4 /* Extensions */,
				CAA7522425D2F4EA00248229 /* ExtensionsTests */,
				CA4505CE25B8CE9400153FC4 /* DependencyInjection */,
				CA4505BF25B8CE0000153FC4 /* CombineOperators */,
				CA45051425B8C3B800153FC4 /* HTTPStubbing */,
				CA45042125B79A1000153FC4 /* CombineWithRESTTests.swift */,
				CA45042325B79A1000153FC4 /* Info.plist */,
				CA45054D25B8C53700153FC4 /* WaitUntil.swift */,
				CA4505CA25B8CE7800153FC4 /* TestPublisher.swift */,
				CAF26DC725B9F57A009025A6 /* ContractTests.swift */,
				CAF26DD825BA2CFF009025A6 /* ViewControllerTests.swift */,
			);
			path = CombineWithRESTTests;
			sourceTree = "<group>";
		};
		CA45051425B8C3B800153FC4 /* HTTPStubbing */ = {
			isa = PBXGroup;
			children = (
				CA45054925B8C52500153FC4 /* StubAPIResponse.swift */,
			);
			path = HTTPStubbing;
			sourceTree = "<group>";
		};
		CA45056E25B8C7F700153FC4 /* APIs */ = {
			isa = PBXGroup;
			children = (
				CA45056F25B8C7FF00153FC4 /* BaseAPI.swift */,
				CA45057925B8C95500153FC4 /* RESTAPIProtocol.swift */,
				CA45058425B8CA4900153FC4 /* IdentityService.swift */,
			);
			path = APIs;
			sourceTree = "<group>";
		};
		CA45057D25B8C97D00153FC4 /* Extensions */ = {
			isa = PBXGroup;
			children = (
				CA45057E25B8C98700153FC4 /* URLSessionExtensions.swift */,
				CA45059525B8CAD200153FC4 /* DateFormatterExtensions.swift */,
				CA4505AA25B8CC2900153FC4 /* URLRequestExtensions.swift */,
			);
			path = Extensions;
			sourceTree = "<group>";
		};
		CA45058825B8CA5A00153FC4 /* Models */ = {
			isa = PBXGroup;
			children = (
				CA45058925B8CA7500153FC4 /* User.swift */,
				CA45058D25B8CA8C00153FC4 /* UserProfile.swift */,
				CA45059125B8CAA600153FC4 /* Address.swift */,
			);
			path = Models;
			sourceTree = "<group>";
		};
		CA45059925B8CBAF00153FC4 /* CombineOperators */ = {
			isa = PBXGroup;
			children = (
				CA45059A25B8CBC500153FC4 /* APIOperators.swift */,
				CA45059E25B8CBD400153FC4 /* IdentityAPIOperators.swift */,
				CA4505A225B8CBE700153FC4 /* JSONDecode.swift */,
				CA4505A625B8CBFE00153FC4 /* RetryOn.swift */,
			);
			path = CombineOperators;
			sourceTree = "<group>";
		};
		CA4505BF25B8CE0000153FC4 /* CombineOperators */ = {
			isa = PBXGroup;
			children = (
				CA4505C625B8CE4300153FC4 /* RetryOnTests.swift */,
			);
			path = CombineOperators;
			sourceTree = "<group>";
		};
		CA4505CE25B8CE9400153FC4 /* DependencyInjection */ = {
			isa = PBXGroup;
			children = (
				CA4505CF25B8CEAA00153FC4 /* DependencyInjectionTests.swift */,
			);
			path = DependencyInjection;
			sourceTree = "<group>";
		};
		CA4505D525B8D1C100153FC4 /* Extensions */ = {
			isa = PBXGroup;
			children = (
				CA4505D625B8D1D400153FC4 /* MockExtensions.swift */,
				CA45055125B8C54800153FC4 /* URLRequestExtensions.swift */,
			);
			path = Extensions;
			sourceTree = "<group>";
		};
		CA4505E825B8D34000153FC4 /* Models */ = {
			isa = PBXGroup;
			children = (
				CA4505E925B8D34800153FC4 /* UserProfileTests.swift */,
				CA4505EF25B8D38400153FC4 /* UserProfileConvenience.swift */,
			);
			path = Models;
			sourceTree = "<group>";
		};
		CA45060E25B8D3A900153FC4 /* APIs */ = {
			isa = PBXGroup;
			children = (
				CA45057525B8C90D00153FC4 /* APITests.swift */,
				CA45060F25B8D3B300153FC4 /* IdentityServiceTests.swift */,
			);
			path = APIs;
			sourceTree = "<group>";
		};
		CA9B147325C9FB5B00854956 /* DependencyInjection */ = {
			isa = PBXGroup;
			children = (
				CA9B147425C9FB5B00854956 /* ContainerExtensions.swift */,
				CA9B147525C9FB5B00854956 /* DependencyInjected.swift */,
			);
			name = DependencyInjection;
			path = ../../DependencyInjection/DependencyInjection/DependencyInjection;
			sourceTree = "<group>";
		};
		CAA7522425D2F4EA00248229 /* ExtensionsTests */ = {
			isa = PBXGroup;
			children = (
				CA4505E225B8D26300153FC4 /* URLRequestExtensionsTests.swift */,
				002C1F8725D1C51D000018D8 /* DateFormatterExtensionsTests.swift */,
			);
			path = ExtensionsTests;
			sourceTree = "<group>";
		};
/* End PBXGroup section */

/* Begin PBXNativeTarget section */
		CA45040625B79A0F00153FC4 /* CombineWithREST */ = {
			isa = PBXNativeTarget;
			buildConfigurationList = CA45043125B79A1000153FC4 /* Build configuration list for PBXNativeTarget "CombineWithREST" */;
			buildPhases = (
				A7B2EC5C0EB2B7DFE25C0675 /* [CP] Check Pods Manifest.lock */,
				CA45040325B79A0F00153FC4 /* Sources */,
				CA45040425B79A0F00153FC4 /* Frameworks */,
				CA45040525B79A0F00153FC4 /* Resources */,
				16C5250F3380A7664E11CC9E /* [CP] Embed Pods Frameworks */,
				9A6A273E22D4A7404F787D24 /* Lint */,
			);
			buildRules = (
			);
			dependencies = (
			);
			name = CombineWithREST;
			productName = CombineWithREST;
			productReference = CA45040725B79A0F00153FC4 /* CombineWithREST.app */;
			productType = "com.apple.product-type.application";
		};
		CA45041C25B79A1000153FC4 /* CombineWithRESTTests */ = {
			isa = PBXNativeTarget;
			buildConfigurationList = CA45043425B79A1000153FC4 /* Build configuration list for PBXNativeTarget "CombineWithRESTTests" */;
			buildPhases = (
				482C00488371484835BD3587 /* [CP] Check Pods Manifest.lock */,
				CAF26DCD25BA2C14009025A6 /* Generate Mocks */,
				CA45041925B79A1000153FC4 /* Sources */,
				CA45041A25B79A1000153FC4 /* Frameworks */,
				CA45041B25B79A1000153FC4 /* Resources */,
				2ED20DDA64C51BD6EF641DEE /* [CP] Embed Pods Frameworks */,
				D6AE7760225AC9B44007CC9C /* Lint */,
			);
			buildRules = (
			);
			dependencies = (
				CA45041F25B79A1000153FC4 /* PBXTargetDependency */,
			);
			name = CombineWithRESTTests;
			productName = CombineWithRESTTests;
			productReference = CA45041D25B79A1000153FC4 /* CombineWithRESTTests.xctest */;
			productType = "com.apple.product-type.bundle.unit-test";
		};
/* End PBXNativeTarget section */

/* Begin PBXProject section */
		CA4503FF25B79A0F00153FC4 /* Project object */ = {
			isa = PBXProject;
			attributes = {
				LastSwiftUpdateCheck = 1230;
				LastUpgradeCheck = 1230;
				TargetAttributes = {
					CA45040625B79A0F00153FC4 = {
						CreatedOnToolsVersion = 12.3;
					};
					CA45041C25B79A1000153FC4 = {
						CreatedOnToolsVersion = 12.3;
						TestTargetID = CA45040625B79A0F00153FC4;
					};
				};
			};
			buildConfigurationList = CA45040225B79A0F00153FC4 /* Build configuration list for PBXProject "CombineWithREST" */;
			compatibilityVersion = "Xcode 9.3";
			developmentRegion = en;
			hasScannedForEncodings = 0;
			knownRegions = (
				en,
				Base,
			);
			mainGroup = CA4503FE25B79A0F00153FC4;
			productRefGroup = CA45040825B79A0F00153FC4 /* Products */;
			projectDirPath = "";
			projectRoot = "";
			targets = (
				CA45040625B79A0F00153FC4 /* CombineWithREST */,
				CA45041C25B79A1000153FC4 /* CombineWithRESTTests */,
			);
		};
/* End PBXProject section */

/* Begin PBXResourcesBuildPhase section */
		CA45040525B79A0F00153FC4 /* Resources */ = {
			isa = PBXResourcesBuildPhase;
			buildActionMask = 2147483647;
			files = (
				CA45041725B79A0F00153FC4 /* LaunchScreen.storyboard in Resources */,
				CA45041425B79A0F00153FC4 /* Assets.xcassets in Resources */,
				CA45041225B79A0F00153FC4 /* Main.storyboard in Resources */,
			);
			runOnlyForDeploymentPostprocessing = 0;
		};
		CA45041B25B79A1000153FC4 /* Resources */ = {
			isa = PBXResourcesBuildPhase;
			buildActionMask = 2147483647;
			files = (
			);
			runOnlyForDeploymentPostprocessing = 0;
		};
/* End PBXResourcesBuildPhase section */

/* Begin PBXShellScriptBuildPhase section */
		16C5250F3380A7664E11CC9E /* [CP] Embed Pods Frameworks */ = {
			isa = PBXShellScriptBuildPhase;
			buildActionMask = 2147483647;
			files = (
			);
			inputFileListPaths = (
				"${PODS_ROOT}/Target Support Files/Pods-CombineWithREST/Pods-CombineWithREST-frameworks-${CONFIGURATION}-input-files.xcfilelist",
			);
			name = "[CP] Embed Pods Frameworks";
			outputFileListPaths = (
				"${PODS_ROOT}/Target Support Files/Pods-CombineWithREST/Pods-CombineWithREST-frameworks-${CONFIGURATION}-output-files.xcfilelist",
			);
			runOnlyForDeploymentPostprocessing = 0;
			shellPath = /bin/sh;
			shellScript = "\"${PODS_ROOT}/Target Support Files/Pods-CombineWithREST/Pods-CombineWithREST-frameworks.sh\"\n";
			showEnvVarsInLog = 0;
		};
		2ED20DDA64C51BD6EF641DEE /* [CP] Embed Pods Frameworks */ = {
			isa = PBXShellScriptBuildPhase;
			buildActionMask = 2147483647;
			files = (
			);
			inputFileListPaths = (
				"${PODS_ROOT}/Target Support Files/Pods-CombineWithREST-CombineWithRESTTests/Pods-CombineWithREST-CombineWithRESTTests-frameworks-${CONFIGURATION}-input-files.xcfilelist",
			);
			name = "[CP] Embed Pods Frameworks";
			outputFileListPaths = (
				"${PODS_ROOT}/Target Support Files/Pods-CombineWithREST-CombineWithRESTTests/Pods-CombineWithREST-CombineWithRESTTests-frameworks-${CONFIGURATION}-output-files.xcfilelist",
			);
			runOnlyForDeploymentPostprocessing = 0;
			shellPath = /bin/sh;
			shellScript = "\"${PODS_ROOT}/Target Support Files/Pods-CombineWithREST-CombineWithRESTTests/Pods-CombineWithREST-CombineWithRESTTests-frameworks.sh\"\n";
			showEnvVarsInLog = 0;
		};
		482C00488371484835BD3587 /* [CP] Check Pods Manifest.lock */ = {
			isa = PBXShellScriptBuildPhase;
			buildActionMask = 2147483647;
			files = (
			);
			inputFileListPaths = (
			);
			inputPaths = (
				"${PODS_PODFILE_DIR_PATH}/Podfile.lock",
				"${PODS_ROOT}/Manifest.lock",
			);
			name = "[CP] Check Pods Manifest.lock";
			outputFileListPaths = (
			);
			outputPaths = (
				"$(DERIVED_FILE_DIR)/Pods-CombineWithREST-CombineWithRESTTests-checkManifestLockResult.txt",
			);
			runOnlyForDeploymentPostprocessing = 0;
			shellPath = /bin/sh;
			shellScript = "diff \"${PODS_PODFILE_DIR_PATH}/Podfile.lock\" \"${PODS_ROOT}/Manifest.lock\" > /dev/null\nif [ $? != 0 ] ; then\n    # print error to STDERR\n    echo \"error: The sandbox is not in sync with the Podfile.lock. Run 'pod install' or update your CocoaPods installation.\" >&2\n    exit 1\nfi\n# This output is used by Xcode 'outputs' to avoid re-running this script phase.\necho \"SUCCESS\" > \"${SCRIPT_OUTPUT_FILE_0}\"\n";
			showEnvVarsInLog = 0;
		};
		9A6A273E22D4A7404F787D24 /* Lint */ = {
			isa = PBXShellScriptBuildPhase;
			buildActionMask = 2147483647;
			files = (
			);
			inputFileListPaths = (
			);
			inputPaths = (
			);
			name = Lint;
			outputFileListPaths = (
			);
			outputPaths = (
			);
			runOnlyForDeploymentPostprocessing = 0;
			shellPath = /bin/sh;
			shellScript = "# ${PODS_ROOT}/SwiftLint/swiftlint --config ../.swiftlint.yml\n";
		};
		A7B2EC5C0EB2B7DFE25C0675 /* [CP] Check Pods Manifest.lock */ = {
			isa = PBXShellScriptBuildPhase;
			buildActionMask = 2147483647;
			files = (
			);
			inputFileListPaths = (
			);
			inputPaths = (
				"${PODS_PODFILE_DIR_PATH}/Podfile.lock",
				"${PODS_ROOT}/Manifest.lock",
			);
			name = "[CP] Check Pods Manifest.lock";
			outputFileListPaths = (
			);
			outputPaths = (
				"$(DERIVED_FILE_DIR)/Pods-CombineWithREST-checkManifestLockResult.txt",
			);
			runOnlyForDeploymentPostprocessing = 0;
			shellPath = /bin/sh;
			shellScript = "diff \"${PODS_PODFILE_DIR_PATH}/Podfile.lock\" \"${PODS_ROOT}/Manifest.lock\" > /dev/null\nif [ $? != 0 ] ; then\n    # print error to STDERR\n    echo \"error: The sandbox is not in sync with the Podfile.lock. Run 'pod install' or update your CocoaPods installation.\" >&2\n    exit 1\nfi\n# This output is used by Xcode 'outputs' to avoid re-running this script phase.\necho \"SUCCESS\" > \"${SCRIPT_OUTPUT_FILE_0}\"\n";
			showEnvVarsInLog = 0;
		};
		CAF26DCD25BA2C14009025A6 /* Generate Mocks */ = {
			isa = PBXShellScriptBuildPhase;
			buildActionMask = 2147483647;
			files = (
			);
			inputFileListPaths = (
			);
			inputPaths = (
			);
			name = "Generate Mocks";
			outputFileListPaths = (
			);
			outputPaths = (
			);
			runOnlyForDeploymentPostprocessing = 0;
			shellPath = /bin/sh;
			shellScript = "# Define output file. Change \"${PROJECT_DIR}/${PROJECT_NAME}Tests\" to your test's root source folder, if it's not the default name.\nOUTPUT_FILE=\"${PROJECT_DIR}/${PROJECT_NAME}Tests/GeneratedMocks.swift\"\necho \"Generated Mocks File = ${OUTPUT_FILE}\"\n\n# Define input directory. Change \"${PROJECT_DIR}/${PROJECT_NAME}\" to your project's root source folder, if it's not the default name.\nINPUT_DIR=\"${PROJECT_DIR}/${PROJECT_NAME}\"\necho \"Mocks Input Directory = ${INPUT_DIR}\"\n\n# Generate mock files, include as many input files as you'd like to create mocks for.\n\"${PODS_ROOT}/Cuckoo/run\" generate --testable \"${PROJECT_NAME}\" \\\n--output \"${OUTPUT_FILE}\" \\\n\"${INPUT_DIR}/APIs/IdentityService.swift\"\n";
		};
		D6AE7760225AC9B44007CC9C /* Lint */ = {
			isa = PBXShellScriptBuildPhase;
			buildActionMask = 2147483647;
			files = (
			);
			inputFileListPaths = (
			);
			inputPaths = (
			);
			name = Lint;
			outputFileListPaths = (
			);
			outputPaths = (
			);
			runOnlyForDeploymentPostprocessing = 0;
			shellPath = /bin/sh;
			shellScript = "# ${PODS_ROOT}/SwiftLint/swiftlint --config ../.swiftlint.yml\n";
		};
/* End PBXShellScriptBuildPhase section */

/* Begin PBXSourcesBuildPhase section */
		CA45040325B79A0F00153FC4 /* Sources */ = {
			isa = PBXSourcesBuildPhase;
			buildActionMask = 2147483647;
			files = (
				CA45058525B8CA4900153FC4 /* IdentityService.swift in Sources */,
				CA4505AB25B8CC2900153FC4 /* URLRequestExtensions.swift in Sources */,
				CA45040F25B79A0F00153FC4 /* ViewController.swift in Sources */,
				CA9B147625C9FB5B00854956 /* ContainerExtensions.swift in Sources */,
				CA4505A725B8CBFE00153FC4 /* RetryOn.swift in Sources */,
				CA45059F25B8CBD400153FC4 /* IdentityAPIOperators.swift in Sources */,
				CA9B147725C9FB5B00854956 /* DependencyInjected.swift in Sources */,
				CA45057025B8C7FF00153FC4 /* BaseAPI.swift in Sources */,
				CA45057F25B8C98700153FC4 /* URLSessionExtensions.swift in Sources */,
				CA45059225B8CAA600153FC4 /* Address.swift in Sources */,
				CA45059625B8CAD200153FC4 /* DateFormatterExtensions.swift in Sources */,
				CA45058A25B8CA7500153FC4 /* User.swift in Sources */,
				CA45040B25B79A0F00153FC4 /* AppDelegate.swift in Sources */,
				CA45057A25B8C95500153FC4 /* RESTAPIProtocol.swift in Sources */,
				CA45040D25B79A0F00153FC4 /* SceneDelegate.swift in Sources */,
				CA4505A325B8CBE700153FC4 /* JSONDecode.swift in Sources */,
				CA45059B25B8CBC500153FC4 /* APIOperators.swift in Sources */,
				CA45058E25B8CA8C00153FC4 /* UserProfile.swift in Sources */,
			);
			runOnlyForDeploymentPostprocessing = 0;
		};
		CA45041925B79A1000153FC4 /* Sources */ = {
			isa = PBXSourcesBuildPhase;
			buildActionMask = 2147483647;
			files = (
				CA4505EA25B8D34800153FC4 /* UserProfileTests.swift in Sources */,
				CA4505F025B8D38400153FC4 /* UserProfileConvenience.swift in Sources */,
				CA4505C725B8CE4300153FC4 /* RetryOnTests.swift in Sources */,
				CA45042225B79A1000153FC4 /* CombineWithRESTTests.swift in Sources */,
				CA4505E325B8D26300153FC4 /* URLRequestExtensionsTests.swift in Sources */,
				CAF26DC825B9F57A009025A6 /* ContractTests.swift in Sources */,
				002C1F8825D1C51D000018D8 /* DateFormatterExtensionsTests.swift in Sources */,
				CA45055225B8C54800153FC4 /* URLRequestExtensions.swift in Sources */,
				CA4505D725B8D1D400153FC4 /* MockExtensions.swift in Sources */,
				CA45054A25B8C52500153FC4 /* StubAPIResponse.swift in Sources */,
				CA4505CB25B8CE7800153FC4 /* TestPublisher.swift in Sources */,
				CA45061025B8D3B300153FC4 /* IdentityServiceTests.swift in Sources */,
				CAF26DD925BA2CFF009025A6 /* ViewControllerTests.swift in Sources */,
				CAF26DD325BA2C55009025A6 /* GeneratedMocks.swift in Sources */,
				CA45054E25B8C53700153FC4 /* WaitUntil.swift in Sources */,
				CA45057625B8C90D00153FC4 /* APITests.swift in Sources */,
				CA4505D025B8CEAA00153FC4 /* DependencyInjectionTests.swift in Sources */,
			);
			runOnlyForDeploymentPostprocessing = 0;
		};
/* End PBXSourcesBuildPhase section */

/* Begin PBXTargetDependency section */
		CA45041F25B79A1000153FC4 /* PBXTargetDependency */ = {
			isa = PBXTargetDependency;
			target = CA45040625B79A0F00153FC4 /* CombineWithREST */;
			targetProxy = CA45041E25B79A1000153FC4 /* PBXContainerItemProxy */;
		};
/* End PBXTargetDependency section */

/* Begin PBXVariantGroup section */
		CA45041025B79A0F00153FC4 /* Main.storyboard */ = {
			isa = PBXVariantGroup;
			children = (
				CA45041125B79A0F00153FC4 /* Base */,
			);
			name = Main.storyboard;
			sourceTree = "<group>";
		};
		CA45041525B79A0F00153FC4 /* LaunchScreen.storyboard */ = {
			isa = PBXVariantGroup;
			children = (
				CA45041625B79A0F00153FC4 /* Base */,
			);
			name = LaunchScreen.storyboard;
			sourceTree = "<group>";
		};
/* End PBXVariantGroup section */

/* Begin XCBuildConfiguration section */
		CA45042F25B79A1000153FC4 /* Debug */ = {
			isa = XCBuildConfiguration;
			buildSettings = {
				ALWAYS_SEARCH_USER_PATHS = NO;
				CLANG_ANALYZER_NONNULL = YES;
				CLANG_ANALYZER_NUMBER_OBJECT_CONVERSION = YES_AGGRESSIVE;
				CLANG_CXX_LANGUAGE_STANDARD = "gnu++14";
				CLANG_CXX_LIBRARY = "libc++";
				CLANG_ENABLE_MODULES = YES;
				CLANG_ENABLE_OBJC_ARC = YES;
				CLANG_ENABLE_OBJC_WEAK = YES;
				CLANG_WARN_BLOCK_CAPTURE_AUTORELEASING = YES;
				CLANG_WARN_BOOL_CONVERSION = YES;
				CLANG_WARN_COMMA = YES;
				CLANG_WARN_CONSTANT_CONVERSION = YES;
				CLANG_WARN_DEPRECATED_OBJC_IMPLEMENTATIONS = YES;
				CLANG_WARN_DIRECT_OBJC_ISA_USAGE = YES_ERROR;
				CLANG_WARN_DOCUMENTATION_COMMENTS = YES;
				CLANG_WARN_EMPTY_BODY = YES;
				CLANG_WARN_ENUM_CONVERSION = YES;
				CLANG_WARN_INFINITE_RECURSION = YES;
				CLANG_WARN_INT_CONVERSION = YES;
				CLANG_WARN_NON_LITERAL_NULL_CONVERSION = YES;
				CLANG_WARN_OBJC_IMPLICIT_RETAIN_SELF = YES;
				CLANG_WARN_OBJC_LITERAL_CONVERSION = YES;
				CLANG_WARN_OBJC_ROOT_CLASS = YES_ERROR;
				CLANG_WARN_QUOTED_INCLUDE_IN_FRAMEWORK_HEADER = YES;
				CLANG_WARN_RANGE_LOOP_ANALYSIS = YES;
				CLANG_WARN_STRICT_PROTOTYPES = YES;
				CLANG_WARN_SUSPICIOUS_MOVE = YES;
				CLANG_WARN_UNGUARDED_AVAILABILITY = YES_AGGRESSIVE;
				CLANG_WARN_UNREACHABLE_CODE = YES;
				CLANG_WARN__DUPLICATE_METHOD_MATCH = YES;
				COPY_PHASE_STRIP = NO;
				DEBUG_INFORMATION_FORMAT = dwarf;
				ENABLE_STRICT_OBJC_MSGSEND = YES;
				ENABLE_TESTABILITY = YES;
				GCC_C_LANGUAGE_STANDARD = gnu11;
				GCC_DYNAMIC_NO_PIC = NO;
				GCC_NO_COMMON_BLOCKS = YES;
				GCC_OPTIMIZATION_LEVEL = 0;
				GCC_PREPROCESSOR_DEFINITIONS = (
					"DEBUG=1",
					"$(inherited)",
				);
				GCC_WARN_64_TO_32_BIT_CONVERSION = YES;
				GCC_WARN_ABOUT_RETURN_TYPE = YES_ERROR;
				GCC_WARN_UNDECLARED_SELECTOR = YES;
				GCC_WARN_UNINITIALIZED_AUTOS = YES_AGGRESSIVE;
				GCC_WARN_UNUSED_FUNCTION = YES;
				GCC_WARN_UNUSED_VARIABLE = YES;
				IPHONEOS_DEPLOYMENT_TARGET = 14.3;
				MTL_ENABLE_DEBUG_INFO = INCLUDE_SOURCE;
				MTL_FAST_MATH = YES;
				ONLY_ACTIVE_ARCH = YES;
				SDKROOT = iphoneos;
				SWIFT_ACTIVE_COMPILATION_CONDITIONS = DEBUG;
				SWIFT_OPTIMIZATION_LEVEL = "-Onone";
			};
			name = Debug;
		};
		CA45043025B79A1000153FC4 /* Release */ = {
			isa = XCBuildConfiguration;
			buildSettings = {
				ALWAYS_SEARCH_USER_PATHS = NO;
				CLANG_ANALYZER_NONNULL = YES;
				CLANG_ANALYZER_NUMBER_OBJECT_CONVERSION = YES_AGGRESSIVE;
				CLANG_CXX_LANGUAGE_STANDARD = "gnu++14";
				CLANG_CXX_LIBRARY = "libc++";
				CLANG_ENABLE_MODULES = YES;
				CLANG_ENABLE_OBJC_ARC = YES;
				CLANG_ENABLE_OBJC_WEAK = YES;
				CLANG_WARN_BLOCK_CAPTURE_AUTORELEASING = YES;
				CLANG_WARN_BOOL_CONVERSION = YES;
				CLANG_WARN_COMMA = YES;
				CLANG_WARN_CONSTANT_CONVERSION = YES;
				CLANG_WARN_DEPRECATED_OBJC_IMPLEMENTATIONS = YES;
				CLANG_WARN_DIRECT_OBJC_ISA_USAGE = YES_ERROR;
				CLANG_WARN_DOCUMENTATION_COMMENTS = YES;
				CLANG_WARN_EMPTY_BODY = YES;
				CLANG_WARN_ENUM_CONVERSION = YES;
				CLANG_WARN_INFINITE_RECURSION = YES;
				CLANG_WARN_INT_CONVERSION = YES;
				CLANG_WARN_NON_LITERAL_NULL_CONVERSION = YES;
				CLANG_WARN_OBJC_IMPLICIT_RETAIN_SELF = YES;
				CLANG_WARN_OBJC_LITERAL_CONVERSION = YES;
				CLANG_WARN_OBJC_ROOT_CLASS = YES_ERROR;
				CLANG_WARN_QUOTED_INCLUDE_IN_FRAMEWORK_HEADER = YES;
				CLANG_WARN_RANGE_LOOP_ANALYSIS = YES;
				CLANG_WARN_STRICT_PROTOTYPES = YES;
				CLANG_WARN_SUSPICIOUS_MOVE = YES;
				CLANG_WARN_UNGUARDED_AVAILABILITY = YES_AGGRESSIVE;
				CLANG_WARN_UNREACHABLE_CODE = YES;
				CLANG_WARN__DUPLICATE_METHOD_MATCH = YES;
				COPY_PHASE_STRIP = NO;
				DEBUG_INFORMATION_FORMAT = "dwarf-with-dsym";
				ENABLE_NS_ASSERTIONS = NO;
				ENABLE_STRICT_OBJC_MSGSEND = YES;
				GCC_C_LANGUAGE_STANDARD = gnu11;
				GCC_NO_COMMON_BLOCKS = YES;
				GCC_WARN_64_TO_32_BIT_CONVERSION = YES;
				GCC_WARN_ABOUT_RETURN_TYPE = YES_ERROR;
				GCC_WARN_UNDECLARED_SELECTOR = YES;
				GCC_WARN_UNINITIALIZED_AUTOS = YES_AGGRESSIVE;
				GCC_WARN_UNUSED_FUNCTION = YES;
				GCC_WARN_UNUSED_VARIABLE = YES;
				IPHONEOS_DEPLOYMENT_TARGET = 14.3;
				MTL_ENABLE_DEBUG_INFO = NO;
				MTL_FAST_MATH = YES;
				SDKROOT = iphoneos;
				SWIFT_COMPILATION_MODE = wholemodule;
				SWIFT_OPTIMIZATION_LEVEL = "-O";
				VALIDATE_PRODUCT = YES;
			};
			name = Release;
		};
		CA45043225B79A1000153FC4 /* Debug */ = {
			isa = XCBuildConfiguration;
			baseConfigurationReference = A8DD14FEFC3EDB3DA2E162D4 /* Pods-CombineWithREST.debug.xcconfig */;
			buildSettings = {
				ASSETCATALOG_COMPILER_APPICON_NAME = AppIcon;
				ASSETCATALOG_COMPILER_GLOBAL_ACCENT_COLOR_NAME = AccentColor;
				CODE_SIGN_IDENTITY = "iPhone Developer";
				CODE_SIGN_STYLE = Manual;
				DEVELOPMENT_TEAM = KRX3M99K22;
				INFOPLIST_FILE = CombineWithREST/Info.plist;
				LD_RUNPATH_SEARCH_PATHS = (
					"$(inherited)",
					"@executable_path/Frameworks",
				);
				OTHER_SWIFT_FLAGS = "$(inherited) -D COCOAPODS -Xfrontend -enable-implicit-dynamic";
				PRODUCT_BUNDLE_IDENTIFIER = com.wwtas.tdd201.CombineWithREST;
				PRODUCT_NAME = "$(TARGET_NAME)";
				PROVISIONING_PROFILE_SPECIFIER = "TDD 201 iOS Development";
				SWIFT_VERSION = 5.0;
				TARGETED_DEVICE_FAMILY = "1,2";
			};
			name = Debug;
		};
		CA45043325B79A1000153FC4 /* Release */ = {
			isa = XCBuildConfiguration;
			baseConfigurationReference = 22886F30A917329AE0DA3CEF /* Pods-CombineWithREST.release.xcconfig */;
			buildSettings = {
				ASSETCATALOG_COMPILER_APPICON_NAME = AppIcon;
				ASSETCATALOG_COMPILER_GLOBAL_ACCENT_COLOR_NAME = AccentColor;
				CODE_SIGN_IDENTITY = "iPhone Developer";
				CODE_SIGN_STYLE = Manual;
				DEVELOPMENT_TEAM = KRX3M99K22;
				INFOPLIST_FILE = CombineWithREST/Info.plist;
				LD_RUNPATH_SEARCH_PATHS = (
					"$(inherited)",
					"@executable_path/Frameworks",
				);
				PRODUCT_BUNDLE_IDENTIFIER = com.wwtas.tdd201.CombineWithREST;
				PRODUCT_NAME = "$(TARGET_NAME)";
				PROVISIONING_PROFILE_SPECIFIER = "TDD 201 iOS Development";
				SWIFT_VERSION = 5.0;
				TARGETED_DEVICE_FAMILY = "1,2";
			};
			name = Release;
		};
		CA45043525B79A1000153FC4 /* Debug */ = {
			isa = XCBuildConfiguration;
			baseConfigurationReference = 9C34DDAE9866A26253B5D78E /* Pods-CombineWithREST-CombineWithRESTTests.debug.xcconfig */;
			buildSettings = {
				BUNDLE_LOADER = "$(TEST_HOST)";
				CODE_SIGN_STYLE = Manual;
				DEVELOPMENT_TEAM = KRX3M99K22;
				INFOPLIST_FILE = CombineWithRESTTests/Info.plist;
				IPHONEOS_DEPLOYMENT_TARGET = 14.3;
				LD_RUNPATH_SEARCH_PATHS = (
					"$(inherited)",
					"@executable_path/Frameworks",
					"@loader_path/Frameworks",
				);
				PRODUCT_BUNDLE_IDENTIFIER = WWT.CombineWithRESTTests;
				PRODUCT_NAME = "$(TARGET_NAME)";
				PROVISIONING_PROFILE_SPECIFIER = "";
				"PROVISIONING_PROFILE_SPECIFIER[sdk=macosx*]" = "";
				SWIFT_VERSION = 5.0;
				TARGETED_DEVICE_FAMILY = "1,2";
				TEST_HOST = "$(BUILT_PRODUCTS_DIR)/CombineWithREST.app/CombineWithREST";
			};
			name = Debug;
		};
		CA45043625B79A1000153FC4 /* Release */ = {
			isa = XCBuildConfiguration;
			baseConfigurationReference = 096C5D9757A186DDDA29D410 /* Pods-CombineWithREST-CombineWithRESTTests.release.xcconfig */;
			buildSettings = {
				BUNDLE_LOADER = "$(TEST_HOST)";
				CODE_SIGN_STYLE = Manual;
				DEVELOPMENT_TEAM = KRX3M99K22;
				INFOPLIST_FILE = CombineWithRESTTests/Info.plist;
				IPHONEOS_DEPLOYMENT_TARGET = 14.3;
				LD_RUNPATH_SEARCH_PATHS = (
					"$(inherited)",
					"@executable_path/Frameworks",
					"@loader_path/Frameworks",
				);
				PRODUCT_BUNDLE_IDENTIFIER = WWT.CombineWithRESTTests;
				PRODUCT_NAME = "$(TARGET_NAME)";
				PROVISIONING_PROFILE_SPECIFIER = "";
				"PROVISIONING_PROFILE_SPECIFIER[sdk=macosx*]" = "";
				SWIFT_VERSION = 5.0;
				TARGETED_DEVICE_FAMILY = "1,2";
				TEST_HOST = "$(BUILT_PRODUCTS_DIR)/CombineWithREST.app/CombineWithREST";
			};
			name = Release;
		};
/* End XCBuildConfiguration section */

/* Begin XCConfigurationList section */
		CA45040225B79A0F00153FC4 /* Build configuration list for PBXProject "CombineWithREST" */ = {
			isa = XCConfigurationList;
			buildConfigurations = (
				CA45042F25B79A1000153FC4 /* Debug */,
				CA45043025B79A1000153FC4 /* Release */,
			);
			defaultConfigurationIsVisible = 0;
			defaultConfigurationName = Release;
		};
		CA45043125B79A1000153FC4 /* Build configuration list for PBXNativeTarget "CombineWithREST" */ = {
			isa = XCConfigurationList;
			buildConfigurations = (
				CA45043225B79A1000153FC4 /* Debug */,
				CA45043325B79A1000153FC4 /* Release */,
			);
			defaultConfigurationIsVisible = 0;
			defaultConfigurationName = Release;
		};
		CA45043425B79A1000153FC4 /* Build configuration list for PBXNativeTarget "CombineWithRESTTests" */ = {
			isa = XCConfigurationList;
			buildConfigurations = (
				CA45043525B79A1000153FC4 /* Debug */,
				CA45043625B79A1000153FC4 /* Release */,
			);
			defaultConfigurationIsVisible = 0;
			defaultConfigurationName = Release;
		};
/* End XCConfigurationList section */
	};
	rootObject = CA4503FF25B79A0F00153FC4 /* Project object */;
}
