PODS:
  - Cuckoo (1.4.1):
    - Cuckoo/Swift (= 1.4.1)
  - Cuckoo/OCMock (1.4.1):
    - Cuckoo/Swift
    - OCMock (= 3.4.3)
  - Cuckoo/Swift (1.4.1)
  - OCMock (3.4.3)
  - OHHTTPStubs/Core (9.1.0)
  - OHHTTPStubs/Default (9.1.0):
    - OHHTTPStubs/Core
    - OHHTTPStubs/JSON
    - OHHTTPStubs/NSURLSession
    - OHHTTPStubs/OHPathHelpers
  - OHHTTPStubs/JSON (9.1.0):
    - OHHTTPStubs/Core
  - OHHTTPStubs/NSURLSession (9.1.0):
    - OHHTTPStubs/Core
  - OHHTTPStubs/OHPathHelpers (9.1.0)
  - OHHTTPStubs/Swift (9.1.0):
    - OHHTTPStubs/Default
  - Swinject (2.7.1)

DEPENDENCIES:
  - Cuckoo
  - Cuckoo/OCMock
  - OHHTTPStubs/Swift
  - Swinject

SPEC REPOS:
  trunk:
    - Cuckoo
    - OCMock
    - OHHTTPStubs
    - Swinject

SPEC CHECKSUMS:
  Cuckoo: 4625f7f54d9bb880123270e8969898d6c1d036b5
  OCMock: 43565190abc78977ad44a61c0d20d7f0784d35ab
  OHHTTPStubs: 90eac6d8f2c18317baeca36698523dc67c513831
  Swinject: ddf78b8486dd9b71a667b852cad919ab4484478e

PODFILE CHECKSUM: 904ff10dc0b50d3ed5748c5fc6767853543cbbb0

COCOAPODS: 1.10.0
