PODS:
  - Cuckoo (1.4.1):
    - Cuckoo/Swift (= 1.4.1)
  - Cuckoo/OCMock (1.4.1):
    - Cuckoo/Swift
    - OCMock (= 3.4.3)
  - Cuckoo/Swift (1.4.1)
  - Fakery (5.0.0)
  - OCMock (3.4.3)
  - OHHTTPStubs/Core (9.1.0)
  - OHHTTPStubs/Default (9.1.0):
    - OHHTTPStubs/Core
    - OHHTTPStubs/JSON
    - OHHTTPStubs/NSURLSession
    - OHHTTPStubs/OHPathHelpers
  - OHHTTPStubs/JSON (9.1.0):
    - OHHTTPStubs/Core
  - OHHTTPStubs/NSURLSession (9.1.0):
    - OHHTTPStubs/Core
  - OHHTTPStubs/OHPathHelpers (9.1.0)
  - OHHTTPStubs/Swift (9.1.0):
    - OHHTTPStubs/Default
  - PactConsumerSwift (0.10.0)
  - Realm (10.5.1):
    - Realm/Headers (= 10.5.1)
  - Realm/Headers (10.5.1)
  - RealmSwift (10.5.1):
    - Realm (= 10.5.1)
  - SwiftLint (0.42.0)
  - Swinject (2.7.1)
  - UIUTest (1.7.0)

DEPENDENCIES:
  - Cuckoo
  - Cuckoo/OCMock
  - Fakery
  - OHHTTPStubs/Swift
  - PactConsumerSwift
  - RealmSwift
  - SwiftLint
  - Swinject
  - UIUTest

SPEC REPOS:
  trunk:
    - Cuckoo
    - Fakery
    - OCMock
    - OHHTTPStubs
    - PactConsumerSwift
    - Realm
    - RealmSwift
    - SwiftLint
    - Swinject
    - UIUTest

SPEC CHECKSUMS:
  Cuckoo: 4625f7f54d9bb880123270e8969898d6c1d036b5
  Fakery: 8146918b8dd6df98564dca10cbe8bd05354b8cc4
  OCMock: 43565190abc78977ad44a61c0d20d7f0784d35ab
  OHHTTPStubs: 90eac6d8f2c18317baeca36698523dc67c513831
  PactConsumerSwift: af7bbf91a4f4bd3d251c8d8b2ac31e596ae61705
  Realm: 77fcb4e0b9f2963ea06f584749a0d7dc9cab95e1
  RealmSwift: 6abe6aa6cd8b70cc1a87afcb9232cabea74ff1ac
  SwiftLint: 4fa9579c63416865179bc416f0a92d55f009600d
  Swinject: ddf78b8486dd9b71a667b852cad919ab4484478e
  UIUTest: 260d9054e9a882389d9a28d0fe9987feb82a7e9b

PODFILE CHECKSUM: 9a185df18a0d1675d5204b16f9f0c2456500ce47

COCOAPODS: 1.10.0
