// !$*UTF8*$!
{
	archiveVersion = 1;
	classes = {
	};
	objectVersion = 50;
	objects = {

/* Begin PBXBuildFile section */
		CAA2AF0B25C88870006A10D0 /* AppDelegate.swift in Sources */ = {isa = PBXBuildFile; fileRef = CAA2AF0A25C88870006A10D0 /* AppDelegate.swift */; };
		CAA2AF0D25C88870006A10D0 /* SceneDelegate.swift in Sources */ = {isa = PBXBuildFile; fileRef = CAA2AF0C25C88870006A10D0 /* SceneDelegate.swift */; };
		CAA2AF0F25C88870006A10D0 /* ViewController.swift in Sources */ = {isa = PBXBuildFile; fileRef = CAA2AF0E25C88870006A10D0 /* ViewController.swift */; };
		CAA2AF1225C88870006A10D0 /* Main.storyboard in Resources */ = {isa = PBXBuildFile; fileRef = CAA2AF1025C88870006A10D0 /* Main.storyboard */; };
		CAA2AF1425C88871006A10D0 /* Assets.xcassets in Resources */ = {isa = PBXBuildFile; fileRef = CAA2AF1325C88871006A10D0 /* Assets.xcassets */; };
		CAA2AF1725C88871006A10D0 /* LaunchScreen.storyboard in Resources */ = {isa = PBXBuildFile; fileRef = CAA2AF1525C88871006A10D0 /* LaunchScreen.storyboard */; };
		CAA2AF2225C88871006A10D0 /* DateTimesSuckTests.swift in Sources */ = {isa = PBXBuildFile; fileRef = CAA2AF2125C88871006A10D0 /* DateTimesSuckTests.swift */; };
/* End PBXBuildFile section */

/* Begin PBXContainerItemProxy section */
		CAA2AF1E25C88871006A10D0 /* PBXContainerItemProxy */ = {
			isa = PBXContainerItemProxy;
			containerPortal = CAA2AEFF25C88870006A10D0 /* Project object */;
			proxyType = 1;
			remoteGlobalIDString = CAA2AF0625C88870006A10D0;
			remoteInfo = DateTimesSuck;
		};
/* End PBXContainerItemProxy section */

/* Begin PBXFileReference section */
		CAA2AF0725C88870006A10D0 /* DateTimesSuck.app */ = {isa = PBXFileReference; explicitFileType = wrapper.application; includeInIndex = 0; path = DateTimesSuck.app; sourceTree = BUILT_PRODUCTS_DIR; };
		CAA2AF0A25C88870006A10D0 /* AppDelegate.swift */ = {isa = PBXFileReference; lastKnownFileType = sourcecode.swift; path = AppDelegate.swift; sourceTree = "<group>"; };
		CAA2AF0C25C88870006A10D0 /* SceneDelegate.swift */ = {isa = PBXFileReference; lastKnownFileType = sourcecode.swift; path = SceneDelegate.swift; sourceTree = "<group>"; };
		CAA2AF0E25C88870006A10D0 /* ViewController.swift */ = {isa = PBXFileReference; lastKnownFileType = sourcecode.swift; path = ViewController.swift; sourceTree = "<group>"; };
		CAA2AF1125C88870006A10D0 /* Base */ = {isa = PBXFileReference; lastKnownFileType = file.storyboard; name = Base; path = Base.lproj/Main.storyboard; sourceTree = "<group>"; };
		CAA2AF1325C88871006A10D0 /* Assets.xcassets */ = {isa = PBXFileReference; lastKnownFileType = folder.assetcatalog; path = Assets.xcassets; sourceTree = "<group>"; };
		CAA2AF1625C88871006A10D0 /* Base */ = {isa = PBXFileReference; lastKnownFileType = file.storyboard; name = Base; path = Base.lproj/LaunchScreen.storyboard; sourceTree = "<group>"; };
		CAA2AF1825C88871006A10D0 /* Info.plist */ = {isa = PBXFileReference; lastKnownFileType = text.plist.xml; path = Info.plist; sourceTree = "<group>"; };
		CAA2AF1D25C88871006A10D0 /* DateTimesSuckTests.xctest */ = {isa = PBXFileReference; explicitFileType = wrapper.cfbundle; includeInIndex = 0; path = DateTimesSuckTests.xctest; sourceTree = BUILT_PRODUCTS_DIR; };
		CAA2AF2125C88871006A10D0 /* DateTimesSuckTests.swift */ = {isa = PBXFileReference; lastKnownFileType = sourcecode.swift; path = DateTimesSuckTests.swift; sourceTree = "<group>"; };
		CAA2AF2325C88871006A10D0 /* Info.plist */ = {isa = PBXFileReference; lastKnownFileType = text.plist.xml; path = Info.plist; sourceTree = "<group>"; };
/* End PBXFileReference section */

/* Begin PBXFrameworksBuildPhase section */
		CAA2AF0425C88870006A10D0 /* Frameworks */ = {
			isa = PBXFrameworksBuildPhase;
			buildActionMask = 2147483647;
			files = (
			);
			runOnlyForDeploymentPostprocessing = 0;
		};
		CAA2AF1A25C88871006A10D0 /* Frameworks */ = {
			isa = PBXFrameworksBuildPhase;
			buildActionMask = 2147483647;
			files = (
			);
			runOnlyForDeploymentPostprocessing = 0;
		};
/* End PBXFrameworksBuildPhase section */

/* Begin PBXGroup section */
		CAA2AEFE25C88870006A10D0 = {
			isa = PBXGroup;
			children = (
				CAA2AF0925C88870006A10D0 /* DateTimesSuck */,
				CAA2AF2025C88871006A10D0 /* DateTimesSuckTests */,
				CAA2AF0825C88870006A10D0 /* Products */,
			);
			sourceTree = "<group>";
		};
		CAA2AF0825C88870006A10D0 /* Products */ = {
			isa = PBXGroup;
			children = (
				CAA2AF0725C88870006A10D0 /* DateTimesSuck.app */,
				CAA2AF1D25C88871006A10D0 /* DateTimesSuckTests.xctest */,
			);
			name = Products;
			sourceTree = "<group>";
		};
		CAA2AF0925C88870006A10D0 /* DateTimesSuck */ = {
			isa = PBXGroup;
			children = (
				CAA2AF0A25C88870006A10D0 /* AppDelegate.swift */,
				CAA2AF0C25C88870006A10D0 /* SceneDelegate.swift */,
				CAA2AF0E25C88870006A10D0 /* ViewController.swift */,
				CAA2AF1025C88870006A10D0 /* Main.storyboard */,
				CAA2AF1325C88871006A10D0 /* Assets.xcassets */,
				CAA2AF1525C88871006A10D0 /* LaunchScreen.storyboard */,
				CAA2AF1825C88871006A10D0 /* Info.plist */,
			);
			path = DateTimesSuck;
			sourceTree = "<group>";
		};
		CAA2AF2025C88871006A10D0 /* DateTimesSuckTests */ = {
			isa = PBXGroup;
			children = (
				CAA2AF2125C88871006A10D0 /* DateTimesSuckTests.swift */,
				CAA2AF2325C88871006A10D0 /* Info.plist */,
			);
			path = DateTimesSuckTests;
			sourceTree = "<group>";
		};
/* End PBXGroup section */

/* Begin PBXNativeTarget section */
		CAA2AF0625C88870006A10D0 /* DateTimesSuck */ = {
			isa = PBXNativeTarget;
			buildConfigurationList = CAA2AF3125C88871006A10D0 /* Build configuration list for PBXNativeTarget "DateTimesSuck" */;
			buildPhases = (
				CAA2AF0325C88870006A10D0 /* Sources */,
				CAA2AF0425C88870006A10D0 /* Frameworks */,
				CAA2AF0525C88870006A10D0 /* Resources */,
			);
			buildRules = (
			);
			dependencies = (
			);
			name = DateTimesSuck;
			productName = DateTimesSuck;
			productReference = CAA2AF0725C88870006A10D0 /* DateTimesSuck.app */;
			productType = "com.apple.product-type.application";
		};
		CAA2AF1C25C88871006A10D0 /* DateTimesSuckTests */ = {
			isa = PBXNativeTarget;
			buildConfigurationList = CAA2AF3425C88871006A10D0 /* Build configuration list for PBXNativeTarget "DateTimesSuckTests" */;
			buildPhases = (
				CAA2AF1925C88871006A10D0 /* Sources */,
				CAA2AF1A25C88871006A10D0 /* Frameworks */,
				CAA2AF1B25C88871006A10D0 /* Resources */,
			);
			buildRules = (
			);
			dependencies = (
				CAA2AF1F25C88871006A10D0 /* PBXTargetDependency */,
			);
			name = DateTimesSuckTests;
			productName = DateTimesSuckTests;
			productReference = CAA2AF1D25C88871006A10D0 /* DateTimesSuckTests.xctest */;
			productType = "com.apple.product-type.bundle.unit-test";
		};
/* End PBXNativeTarget section */

/* Begin PBXProject section */
		CAA2AEFF25C88870006A10D0 /* Project object */ = {
			isa = PBXProject;
			attributes = {
				LastSwiftUpdateCheck = 1240;
				LastUpgradeCheck = 1240;
				TargetAttributes = {
					CAA2AF0625C88870006A10D0 = {
						CreatedOnToolsVersion = 12.4;
					};
					CAA2AF1C25C88871006A10D0 = {
						CreatedOnToolsVersion = 12.4;
						TestTargetID = CAA2AF0625C88870006A10D0;
					};
				};
			};
			buildConfigurationList = CAA2AF0225C88870006A10D0 /* Build configuration list for PBXProject "DateTimesSuck" */;
			compatibilityVersion = "Xcode 9.3";
			developmentRegion = en;
			hasScannedForEncodings = 0;
			knownRegions = (
				en,
				Base,
			);
			mainGroup = CAA2AEFE25C88870006A10D0;
			productRefGroup = CAA2AF0825C88870006A10D0 /* Products */;
			projectDirPath = "";
			projectRoot = "";
			targets = (
				CAA2AF0625C88870006A10D0 /* DateTimesSuck */,
				CAA2AF1C25C88871006A10D0 /* DateTimesSuckTests */,
			);
		};
/* End PBXProject section */

/* Begin PBXResourcesBuildPhase section */
		CAA2AF0525C88870006A10D0 /* Resources */ = {
			isa = PBXResourcesBuildPhase;
			buildActionMask = 2147483647;
			files = (
				CAA2AF1725C88871006A10D0 /* LaunchScreen.storyboard in Resources */,
				CAA2AF1425C88871006A10D0 /* Assets.xcassets in Resources */,
				CAA2AF1225C88870006A10D0 /* Main.storyboard in Resources */,
			);
			runOnlyForDeploymentPostprocessing = 0;
		};
		CAA2AF1B25C88871006A10D0 /* Resources */ = {
			isa = PBXResourcesBuildPhase;
			buildActionMask = 2147483647;
			files = (
			);
			runOnlyForDeploymentPostprocessing = 0;
		};
/* End PBXResourcesBuildPhase section */

/* Begin PBXSourcesBuildPhase section */
		CAA2AF0325C88870006A10D0 /* Sources */ = {
			isa = PBXSourcesBuildPhase;
			buildActionMask = 2147483647;
			files = (
				CAA2AF0F25C88870006A10D0 /* ViewController.swift in Sources */,
				CAA2AF0B25C88870006A10D0 /* AppDelegate.swift in Sources */,
				CAA2AF0D25C88870006A10D0 /* SceneDelegate.swift in Sources */,
			);
			runOnlyForDeploymentPostprocessing = 0;
		};
		CAA2AF1925C88871006A10D0 /* Sources */ = {
			isa = PBXSourcesBuildPhase;
			buildActionMask = 2147483647;
			files = (
				CAA2AF2225C88871006A10D0 /* DateTimesSuckTests.swift in Sources */,
			);
			runOnlyForDeploymentPostprocessing = 0;
		};
/* End PBXSourcesBuildPhase section */

/* Begin PBXTargetDependency section */
		CAA2AF1F25C88871006A10D0 /* PBXTargetDependency */ = {
			isa = PBXTargetDependency;
			target = CAA2AF0625C88870006A10D0 /* DateTimesSuck */;
			targetProxy = CAA2AF1E25C88871006A10D0 /* PBXContainerItemProxy */;
		};
/* End PBXTargetDependency section */

/* Begin PBXVariantGroup section */
		CAA2AF1025C88870006A10D0 /* Main.storyboard */ = {
			isa = PBXVariantGroup;
			children = (
				CAA2AF1125C88870006A10D0 /* Base */,
			);
			name = Main.storyboard;
			sourceTree = "<group>";
		};
		CAA2AF1525C88871006A10D0 /* LaunchScreen.storyboard */ = {
			isa = PBXVariantGroup;
			children = (
				CAA2AF1625C88871006A10D0 /* Base */,
			);
			name = LaunchScreen.storyboard;
			sourceTree = "<group>";
		};
/* End PBXVariantGroup section */

/* Begin XCBuildConfiguration section */
		CAA2AF2F25C88871006A10D0 /* Debug */ = {
			isa = XCBuildConfiguration;
			buildSettings = {
				ALWAYS_SEARCH_USER_PATHS = NO;
				CLANG_ANALYZER_NONNULL = YES;
				CLANG_ANALYZER_NUMBER_OBJECT_CONVERSION = YES_AGGRESSIVE;
				CLANG_CXX_LANGUAGE_STANDARD = "gnu++14";
				CLANG_CXX_LIBRARY = "libc++";
				CLANG_ENABLE_MODULES = YES;
				CLANG_ENABLE_OBJC_ARC = YES;
				CLANG_ENABLE_OBJC_WEAK = YES;
				CLANG_WARN_BLOCK_CAPTURE_AUTORELEASING = YES;
				CLANG_WARN_BOOL_CONVERSION = YES;
				CLANG_WARN_COMMA = YES;
				CLANG_WARN_CONSTANT_CONVERSION = YES;
				CLANG_WARN_DEPRECATED_OBJC_IMPLEMENTATIONS = YES;
				CLANG_WARN_DIRECT_OBJC_ISA_USAGE = YES_ERROR;
				CLANG_WARN_DOCUMENTATION_COMMENTS = YES;
				CLANG_WARN_EMPTY_BODY = YES;
				CLANG_WARN_ENUM_CONVERSION = YES;
				CLANG_WARN_INFINITE_RECURSION = YES;
				CLANG_WARN_INT_CONVERSION = YES;
				CLANG_WARN_NON_LITERAL_NULL_CONVERSION = YES;
				CLANG_WARN_OBJC_IMPLICIT_RETAIN_SELF = YES;
				CLANG_WARN_OBJC_LITERAL_CONVERSION = YES;
				CLANG_WARN_OBJC_ROOT_CLASS = YES_ERROR;
				CLANG_WARN_QUOTED_INCLUDE_IN_FRAMEWORK_HEADER = YES;
				CLANG_WARN_RANGE_LOOP_ANALYSIS = YES;
				CLANG_WARN_STRICT_PROTOTYPES = YES;
				CLANG_WARN_SUSPICIOUS_MOVE = YES;
				CLANG_WARN_UNGUARDED_AVAILABILITY = YES_AGGRESSIVE;
				CLANG_WARN_UNREACHABLE_CODE = YES;
				CLANG_WARN__DUPLICATE_METHOD_MATCH = YES;
				COPY_PHASE_STRIP = NO;
				DEBUG_INFORMATION_FORMAT = dwarf;
				ENABLE_STRICT_OBJC_MSGSEND = YES;
				ENABLE_TESTABILITY = YES;
				GCC_C_LANGUAGE_STANDARD = gnu11;
				GCC_DYNAMIC_NO_PIC = NO;
				GCC_NO_COMMON_BLOCKS = YES;
				GCC_OPTIMIZATION_LEVEL = 0;
				GCC_PREPROCESSOR_DEFINITIONS = (
					"DEBUG=1",
					"$(inherited)",
				);
				GCC_WARN_64_TO_32_BIT_CONVERSION = YES;
				GCC_WARN_ABOUT_RETURN_TYPE = YES_ERROR;
				GCC_WARN_UNDECLARED_SELECTOR = YES;
				GCC_WARN_UNINITIALIZED_AUTOS = YES_AGGRESSIVE;
				GCC_WARN_UNUSED_FUNCTION = YES;
				GCC_WARN_UNUSED_VARIABLE = YES;
				IPHONEOS_DEPLOYMENT_TARGET = 14.4;
				MTL_ENABLE_DEBUG_INFO = INCLUDE_SOURCE;
				MTL_FAST_MATH = YES;
				ONLY_ACTIVE_ARCH = YES;
				SDKROOT = iphoneos;
				SWIFT_ACTIVE_COMPILATION_CONDITIONS = DEBUG;
				SWIFT_OPTIMIZATION_LEVEL = "-Onone";
			};
			name = Debug;
		};
		CAA2AF3025C88871006A10D0 /* Release */ = {
			isa = XCBuildConfiguration;
			buildSettings = {
				ALWAYS_SEARCH_USER_PATHS = NO;
				CLANG_ANALYZER_NONNULL = YES;
				CLANG_ANALYZER_NUMBER_OBJECT_CONVERSION = YES_AGGRESSIVE;
				CLANG_CXX_LANGUAGE_STANDARD = "gnu++14";
				CLANG_CXX_LIBRARY = "libc++";
				CLANG_ENABLE_MODULES = YES;
				CLANG_ENABLE_OBJC_ARC = YES;
				CLANG_ENABLE_OBJC_WEAK = YES;
				CLANG_WARN_BLOCK_CAPTURE_AUTORELEASING = YES;
				CLANG_WARN_BOOL_CONVERSION = YES;
				CLANG_WARN_COMMA = YES;
				CLANG_WARN_CONSTANT_CONVERSION = YES;
				CLANG_WARN_DEPRECATED_OBJC_IMPLEMENTATIONS = YES;
				CLANG_WARN_DIRECT_OBJC_ISA_USAGE = YES_ERROR;
				CLANG_WARN_DOCUMENTATION_COMMENTS = YES;
				CLANG_WARN_EMPTY_BODY = YES;
				CLANG_WARN_ENUM_CONVERSION = YES;
				CLANG_WARN_INFINITE_RECURSION = YES;
				CLANG_WARN_INT_CONVERSION = YES;
				CLANG_WARN_NON_LITERAL_NULL_CONVERSION = YES;
				CLANG_WARN_OBJC_IMPLICIT_RETAIN_SELF = YES;
				CLANG_WARN_OBJC_LITERAL_CONVERSION = YES;
				CLANG_WARN_OBJC_ROOT_CLASS = YES_ERROR;
				CLANG_WARN_QUOTED_INCLUDE_IN_FRAMEWORK_HEADER = YES;
				CLANG_WARN_RANGE_LOOP_ANALYSIS = YES;
				CLANG_WARN_STRICT_PROTOTYPES = YES;
				CLANG_WARN_SUSPICIOUS_MOVE = YES;
				CLANG_WARN_UNGUARDED_AVAILABILITY = YES_AGGRESSIVE;
				CLANG_WARN_UNREACHABLE_CODE = YES;
				CLANG_WARN__DUPLICATE_METHOD_MATCH = YES;
				COPY_PHASE_STRIP = NO;
				DEBUG_INFORMATION_FORMAT = "dwarf-with-dsym";
				ENABLE_NS_ASSERTIONS = NO;
				ENABLE_STRICT_OBJC_MSGSEND = YES;
				GCC_C_LANGUAGE_STANDARD = gnu11;
				GCC_NO_COMMON_BLOCKS = YES;
				GCC_WARN_64_TO_32_BIT_CONVERSION = YES;
				GCC_WARN_ABOUT_RETURN_TYPE = YES_ERROR;
				GCC_WARN_UNDECLARED_SELECTOR = YES;
				GCC_WARN_UNINITIALIZED_AUTOS = YES_AGGRESSIVE;
				GCC_WARN_UNUSED_FUNCTION = YES;
				GCC_WARN_UNUSED_VARIABLE = YES;
				IPHONEOS_DEPLOYMENT_TARGET = 14.4;
				MTL_ENABLE_DEBUG_INFO = NO;
				MTL_FAST_MATH = YES;
				SDKROOT = iphoneos;
				SWIFT_COMPILATION_MODE = wholemodule;
				SWIFT_OPTIMIZATION_LEVEL = "-O";
				VALIDATE_PRODUCT = YES;
			};
			name = Release;
		};
		CAA2AF3225C88871006A10D0 /* Debug */ = {
			isa = XCBuildConfiguration;
			buildSettings = {
				ASSETCATALOG_COMPILER_APPICON_NAME = AppIcon;
				ASSETCATALOG_COMPILER_GLOBAL_ACCENT_COLOR_NAME = AccentColor;
				CODE_SIGN_IDENTITY = "iPhone Developer";
				CODE_SIGN_STYLE = Manual;
				DEVELOPMENT_TEAM = KRX3M99K22;
				INFOPLIST_FILE = DateTimesSuck/Info.plist;
				LD_RUNPATH_SEARCH_PATHS = (
					"$(inherited)",
					"@executable_path/Frameworks",
				);
				PRODUCT_BUNDLE_IDENTIFIER = com.wwtas.tdd201.DateTimesSuck;
				PRODUCT_NAME = "$(TARGET_NAME)";
				PROVISIONING_PROFILE_SPECIFIER = "TDD 201 iOS Development";
				SWIFT_VERSION = 5.0;
				TARGETED_DEVICE_FAMILY = "1,2";
			};
			name = Debug;
		};
		CAA2AF3325C88871006A10D0 /* Release */ = {
			isa = XCBuildConfiguration;
			buildSettings = {
				ASSETCATALOG_COMPILER_APPICON_NAME = AppIcon;
				ASSETCATALOG_COMPILER_GLOBAL_ACCENT_COLOR_NAME = AccentColor;
				CODE_SIGN_IDENTITY = "iPhone Developer";
				CODE_SIGN_STYLE = Manual;
				DEVELOPMENT_TEAM = KRX3M99K22;
				INFOPLIST_FILE = DateTimesSuck/Info.plist;
				LD_RUNPATH_SEARCH_PATHS = (
					"$(inherited)",
					"@executable_path/Frameworks",
				);
				PRODUCT_BUNDLE_IDENTIFIER = com.wwtas.tdd201.DateTimesSuck;
				PRODUCT_NAME = "$(TARGET_NAME)";
				PROVISIONING_PROFILE_SPECIFIER = "TDD 201 iOS Development";
				SWIFT_VERSION = 5.0;
				TARGETED_DEVICE_FAMILY = "1,2";
			};
			name = Release;
		};
		CAA2AF3525C88871006A10D0 /* Debug */ = {
			isa = XCBuildConfiguration;
			buildSettings = {
				ALWAYS_EMBED_SWIFT_STANDARD_LIBRARIES = YES;
				BUNDLE_LOADER = "$(TEST_HOST)";
				CODE_SIGN_STYLE = Manual;
				DEVELOPMENT_TEAM = KRX3M99K22;
				INFOPLIST_FILE = DateTimesSuckTests/Info.plist;
				IPHONEOS_DEPLOYMENT_TARGET = 14.4;
				LD_RUNPATH_SEARCH_PATHS = (
					"$(inherited)",
					"@executable_path/Frameworks",
					"@loader_path/Frameworks",
				);
				PRODUCT_BUNDLE_IDENTIFIER = WWT.DateTimesSuckTests;
				PRODUCT_NAME = "$(TARGET_NAME)";
				PROVISIONING_PROFILE_SPECIFIER = "";
				"PROVISIONING_PROFILE_SPECIFIER[sdk=macosx*]" = "";
				SWIFT_VERSION = 5.0;
				TARGETED_DEVICE_FAMILY = "1,2";
				TEST_HOST = "$(BUILT_PRODUCTS_DIR)/DateTimesSuck.app/DateTimesSuck";
			};
			name = Debug;
		};
		CAA2AF3625C88871006A10D0 /* Release */ = {
			isa = XCBuildConfiguration;
			buildSettings = {
				ALWAYS_EMBED_SWIFT_STANDARD_LIBRARIES = YES;
				BUNDLE_LOADER = "$(TEST_HOST)";
				CODE_SIGN_STYLE = Manual;
				DEVELOPMENT_TEAM = KRX3M99K22;
				INFOPLIST_FILE = DateTimesSuckTests/Info.plist;
				IPHONEOS_DEPLOYMENT_TARGET = 14.4;
				LD_RUNPATH_SEARCH_PATHS = (
					"$(inherited)",
					"@executable_path/Frameworks",
					"@loader_path/Frameworks",
				);
				PRODUCT_BUNDLE_IDENTIFIER = WWT.DateTimesSuckTests;
				PRODUCT_NAME = "$(TARGET_NAME)";
				PROVISIONING_PROFILE_SPECIFIER = "";
				"PROVISIONING_PROFILE_SPECIFIER[sdk=macosx*]" = "";
				SWIFT_VERSION = 5.0;
				TARGETED_DEVICE_FAMILY = "1,2";
				TEST_HOST = "$(BUILT_PRODUCTS_DIR)/DateTimesSuck.app/DateTimesSuck";
			};
			name = Release;
		};
/* End XCBuildConfiguration section */

/* Begin XCConfigurationList section */
		CAA2AF0225C88870006A10D0 /* Build configuration list for PBXProject "DateTimesSuck" */ = {
			isa = XCConfigurationList;
			buildConfigurations = (
				CAA2AF2F25C88871006A10D0 /* Debug */,
				CAA2AF3025C88871006A10D0 /* Release */,
			);
			defaultConfigurationIsVisible = 0;
			defaultConfigurationName = Release;
		};
		CAA2AF3125C88871006A10D0 /* Build configuration list for PBXNativeTarget "DateTimesSuck" */ = {
			isa = XCConfigurationList;
			buildConfigurations = (
				CAA2AF3225C88871006A10D0 /* Debug */,
				CAA2AF3325C88871006A10D0 /* Release */,
			);
			defaultConfigurationIsVisible = 0;
			defaultConfigurationName = Release;
		};
		CAA2AF3425C88871006A10D0 /* Build configuration list for PBXNativeTarget "DateTimesSuckTests" */ = {
			isa = XCConfigurationList;
			buildConfigurations = (
				CAA2AF3525C88871006A10D0 /* Debug */,
				CAA2AF3625C88871006A10D0 /* Release */,
			);
			defaultConfigurationIsVisible = 0;
			defaultConfigurationName = Release;
		};
/* End XCConfigurationList section */
	};
	rootObject = CAA2AEFF25C88870006A10D0 /* Project object */;
}
