// !$*UTF8*$!
{
	archiveVersion = 1;
	classes = {
	};
	objectVersion = 51;
	objects = {

/* Begin PBXBuildFile section */
		1901F936F9A76EC8BD7D0E3C /* Pods_WriteToUserDefaults_WriteToUserDefaultsTests.framework in Frameworks */ = {isa = PBXBuildFile; fileRef = AF92EE159E7F8E765BD7E770 /* Pods_WriteToUserDefaults_WriteToUserDefaultsTests.framework */; };
		67695CDE18B5831118B85282 /* Pods_WriteToUserDefaults.framework in Frameworks */ = {isa = PBXBuildFile; fileRef = B413FDD407CCEDC978CA6851 /* Pods_WriteToUserDefaults.framework */; };
		CA75BA8E25A3C0D800930AB1 /* AppDelegate.swift in Sources */ = {isa = PBXBuildFile; fileRef = CA75BA8D25A3C0D800930AB1 /* AppDelegate.swift */; };
		CA75BA9025A3C0D800930AB1 /* SceneDelegate.swift in Sources */ = {isa = PBXBuildFile; fileRef = CA75BA8F25A3C0D800930AB1 /* SceneDelegate.swift */; };
		CA75BA9225A3C0D800930AB1 /* ViewController.swift in Sources */ = {isa = PBXBuildFile; fileRef = CA75BA9125A3C0D800930AB1 /* ViewController.swift */; };
		CA75BA9525A3C0D800930AB1 /* Main.storyboard in Resources */ = {isa = PBXBuildFile; fileRef = CA75BA9325A3C0D800930AB1 /* Main.storyboard */; };
		CA75BA9725A3C0D900930AB1 /* Assets.xcassets in Resources */ = {isa = PBXBuildFile; fileRef = CA75BA9625A3C0D900930AB1 /* Assets.xcassets */; };
		CA75BA9A25A3C0D900930AB1 /* LaunchScreen.storyboard in Resources */ = {isa = PBXBuildFile; fileRef = CA75BA9825A3C0D900930AB1 /* LaunchScreen.storyboard */; };
		CA83BF1325C5FBB10088A3C0 /* ViewControllerTests.swift in Sources */ = {isa = PBXBuildFile; fileRef = CA83BF1225C5FBB10088A3C0 /* ViewControllerTests.swift */; };
		CA9B146B25C9FB5000854956 /* ContainerExtensions.swift in Sources */ = {isa = PBXBuildFile; fileRef = CA9B146925C9FB5000854956 /* ContainerExtensions.swift */; };
		CA9B146C25C9FB5000854956 /* DependencyInjected.swift in Sources */ = {isa = PBXBuildFile; fileRef = CA9B146A25C9FB5000854956 /* DependencyInjected.swift */; };
		CABCBDBE25B1FC620043AB44 /* DependencyInjectionTests.swift in Sources */ = {isa = PBXBuildFile; fileRef = CABCBDBD25B1FC620043AB44 /* DependencyInjectionTests.swift */; };
/* End PBXBuildFile section */

/* Begin PBXContainerItemProxy section */
		CA75BAA125A3C0D900930AB1 /* PBXContainerItemProxy */ = {
			isa = PBXContainerItemProxy;
			containerPortal = CA75BA8225A3C0D800930AB1 /* Project object */;
			proxyType = 1;
			remoteGlobalIDString = CA75BA8925A3C0D800930AB1;
			remoteInfo = WriteToUserDefaults;
		};
/* End PBXContainerItemProxy section */

/* Begin PBXFileReference section */
		42527C661CD905CF15923594 /* Pods-WriteToUserDefaults-WriteToUserDefaultsTests.debug.xcconfig */ = {isa = PBXFileReference; includeInIndex = 1; lastKnownFileType = text.xcconfig; name = "Pods-WriteToUserDefaults-WriteToUserDefaultsTests.debug.xcconfig"; path = "Target Support Files/Pods-WriteToUserDefaults-WriteToUserDefaultsTests/Pods-WriteToUserDefaults-WriteToUserDefaultsTests.debug.xcconfig"; sourceTree = "<group>"; };
		6286E1C4919DD68C019A3F0C /* Pods-WriteToUserDefaults.release.xcconfig */ = {isa = PBXFileReference; includeInIndex = 1; lastKnownFileType = text.xcconfig; name = "Pods-WriteToUserDefaults.release.xcconfig"; path = "Target Support Files/Pods-WriteToUserDefaults/Pods-WriteToUserDefaults.release.xcconfig"; sourceTree = "<group>"; };
		918DD1B1B9D3FFC424A0C695 /* Pods-WriteToUserDefaults.debug.xcconfig */ = {isa = PBXFileReference; includeInIndex = 1; lastKnownFileType = text.xcconfig; name = "Pods-WriteToUserDefaults.debug.xcconfig"; path = "Target Support Files/Pods-WriteToUserDefaults/Pods-WriteToUserDefaults.debug.xcconfig"; sourceTree = "<group>"; };
		AF92EE159E7F8E765BD7E770 /* Pods_WriteToUserDefaults_WriteToUserDefaultsTests.framework */ = {isa = PBXFileReference; explicitFileType = wrapper.framework; includeInIndex = 0; path = Pods_WriteToUserDefaults_WriteToUserDefaultsTests.framework; sourceTree = BUILT_PRODUCTS_DIR; };
		B413FDD407CCEDC978CA6851 /* Pods_WriteToUserDefaults.framework */ = {isa = PBXFileReference; explicitFileType = wrapper.framework; includeInIndex = 0; path = Pods_WriteToUserDefaults.framework; sourceTree = BUILT_PRODUCTS_DIR; };
		CA75BA8A25A3C0D800930AB1 /* WriteToUserDefaults.app */ = {isa = PBXFileReference; explicitFileType = wrapper.application; includeInIndex = 0; path = WriteToUserDefaults.app; sourceTree = BUILT_PRODUCTS_DIR; };
		CA75BA8D25A3C0D800930AB1 /* AppDelegate.swift */ = {isa = PBXFileReference; lastKnownFileType = sourcecode.swift; path = AppDelegate.swift; sourceTree = "<group>"; };
		CA75BA8F25A3C0D800930AB1 /* SceneDelegate.swift */ = {isa = PBXFileReference; lastKnownFileType = sourcecode.swift; path = SceneDelegate.swift; sourceTree = "<group>"; };
		CA75BA9125A3C0D800930AB1 /* ViewController.swift */ = {isa = PBXFileReference; lastKnownFileType = sourcecode.swift; path = ViewController.swift; sourceTree = "<group>"; };
		CA75BA9425A3C0D800930AB1 /* Base */ = {isa = PBXFileReference; lastKnownFileType = file.storyboard; name = Base; path = Base.lproj/Main.storyboard; sourceTree = "<group>"; };
		CA75BA9625A3C0D900930AB1 /* Assets.xcassets */ = {isa = PBXFileReference; lastKnownFileType = folder.assetcatalog; path = Assets.xcassets; sourceTree = "<group>"; };
		CA75BA9925A3C0D900930AB1 /* Base */ = {isa = PBXFileReference; lastKnownFileType = file.storyboard; name = Base; path = Base.lproj/LaunchScreen.storyboard; sourceTree = "<group>"; };
		CA75BA9B25A3C0D900930AB1 /* Info.plist */ = {isa = PBXFileReference; lastKnownFileType = text.plist.xml; path = Info.plist; sourceTree = "<group>"; };
		CA75BAA025A3C0D900930AB1 /* WriteToUserDefaultsTests.xctest */ = {isa = PBXFileReference; explicitFileType = wrapper.cfbundle; includeInIndex = 0; path = WriteToUserDefaultsTests.xctest; sourceTree = BUILT_PRODUCTS_DIR; };
		CA75BAA625A3C0D900930AB1 /* Info.plist */ = {isa = PBXFileReference; lastKnownFileType = text.plist.xml; path = Info.plist; sourceTree = "<group>"; };
		CA83BF1225C5FBB10088A3C0 /* ViewControllerTests.swift */ = {isa = PBXFileReference; lastKnownFileType = sourcecode.swift; path = ViewControllerTests.swift; sourceTree = "<group>"; };
		CA9B146925C9FB5000854956 /* ContainerExtensions.swift */ = {isa = PBXFileReference; fileEncoding = 4; lastKnownFileType = sourcecode.swift; path = ContainerExtensions.swift; sourceTree = "<group>"; };
		CA9B146A25C9FB5000854956 /* DependencyInjected.swift */ = {isa = PBXFileReference; fileEncoding = 4; lastKnownFileType = sourcecode.swift; path = DependencyInjected.swift; sourceTree = "<group>"; };
		CABCBDBD25B1FC620043AB44 /* DependencyInjectionTests.swift */ = {isa = PBXFileReference; lastKnownFileType = sourcecode.swift; path = DependencyInjectionTests.swift; sourceTree = "<group>"; };
		F829853F1C6950F05B0F670D /* Pods-WriteToUserDefaults-WriteToUserDefaultsTests.release.xcconfig */ = {isa = PBXFileReference; includeInIndex = 1; lastKnownFileType = text.xcconfig; name = "Pods-WriteToUserDefaults-WriteToUserDefaultsTests.release.xcconfig"; path = "Target Support Files/Pods-WriteToUserDefaults-WriteToUserDefaultsTests/Pods-WriteToUserDefaults-WriteToUserDefaultsTests.release.xcconfig"; sourceTree = "<group>"; };
/* End PBXFileReference section */

/* Begin PBXFrameworksBuildPhase section */
		CA75BA8725A3C0D800930AB1 /* Frameworks */ = {
			isa = PBXFrameworksBuildPhase;
			buildActionMask = 2147483647;
			files = (
				67695CDE18B5831118B85282 /* Pods_WriteToUserDefaults.framework in Frameworks */,
			);
			runOnlyForDeploymentPostprocessing = 0;
		};
		CA75BA9D25A3C0D900930AB1 /* Frameworks */ = {
			isa = PBXFrameworksBuildPhase;
			buildActionMask = 2147483647;
			files = (
				1901F936F9A76EC8BD7D0E3C /* Pods_WriteToUserDefaults_WriteToUserDefaultsTests.framework in Frameworks */,
			);
			runOnlyForDeploymentPostprocessing = 0;
		};
/* End PBXFrameworksBuildPhase section */

/* Begin PBXGroup section */
		298BE408664C64F1CF3475A8 /* Pods */ = {
			isa = PBXGroup;
			children = (
				918DD1B1B9D3FFC424A0C695 /* Pods-WriteToUserDefaults.debug.xcconfig */,
				6286E1C4919DD68C019A3F0C /* Pods-WriteToUserDefaults.release.xcconfig */,
				42527C661CD905CF15923594 /* Pods-WriteToUserDefaults-WriteToUserDefaultsTests.debug.xcconfig */,
				F829853F1C6950F05B0F670D /* Pods-WriteToUserDefaults-WriteToUserDefaultsTests.release.xcconfig */,
			);
			name = Pods;
			path = ../Pods;
			sourceTree = "<group>";
		};
		4FDB326646E467D2DBED74EC /* Frameworks */ = {
			isa = PBXGroup;
			children = (
				B413FDD407CCEDC978CA6851 /* Pods_WriteToUserDefaults.framework */,
				AF92EE159E7F8E765BD7E770 /* Pods_WriteToUserDefaults_WriteToUserDefaultsTests.framework */,
			);
			name = Frameworks;
			sourceTree = "<group>";
		};
		CA75BA8125A3C0D800930AB1 = {
			isa = PBXGroup;
			children = (
				CA75BA8C25A3C0D800930AB1 /* WriteToUserDefaults */,
				CA75BAA325A3C0D900930AB1 /* WriteToUserDefaultsTests */,
				CA75BA8B25A3C0D800930AB1 /* Products */,
				298BE408664C64F1CF3475A8 /* Pods */,
				4FDB326646E467D2DBED74EC /* Frameworks */,
			);
			sourceTree = "<group>";
		};
		CA75BA8B25A3C0D800930AB1 /* Products */ = {
			isa = PBXGroup;
			children = (
				CA75BA8A25A3C0D800930AB1 /* WriteToUserDefaults.app */,
				CA75BAA025A3C0D900930AB1 /* WriteToUserDefaultsTests.xctest */,
			);
			name = Products;
			sourceTree = "<group>";
		};
		CA75BA8C25A3C0D800930AB1 /* WriteToUserDefaults */ = {
			isa = PBXGroup;
			children = (
				CA9B146825C9FB5000854956 /* DependencyInjection */,
				CA75BA8D25A3C0D800930AB1 /* AppDelegate.swift */,
				CA75BA8F25A3C0D800930AB1 /* SceneDelegate.swift */,
				CA75BA9125A3C0D800930AB1 /* ViewController.swift */,
				CA75BA9325A3C0D800930AB1 /* Main.storyboard */,
				CA75BA9625A3C0D900930AB1 /* Assets.xcassets */,
				CA75BA9825A3C0D900930AB1 /* LaunchScreen.storyboard */,
				CA75BA9B25A3C0D900930AB1 /* Info.plist */,
			);
			path = WriteToUserDefaults;
			sourceTree = "<group>";
		};
		CA75BAA325A3C0D900930AB1 /* WriteToUserDefaultsTests */ = {
			isa = PBXGroup;
			children = (
				CA75BAA625A3C0D900930AB1 /* Info.plist */,
				CABCBDBD25B1FC620043AB44 /* DependencyInjectionTests.swift */,
				CA83BF1225C5FBB10088A3C0 /* ViewControllerTests.swift */,
			);
			path = WriteToUserDefaultsTests;
			sourceTree = "<group>";
		};
		CA9B146825C9FB5000854956 /* DependencyInjection */ = {
			isa = PBXGroup;
			children = (
				CA9B146925C9FB5000854956 /* ContainerExtensions.swift */,
				CA9B146A25C9FB5000854956 /* DependencyInjected.swift */,
			);
			name = DependencyInjection;
			path = ../../DependencyInjection/DependencyInjection/DependencyInjection;
			sourceTree = "<group>";
		};
/* End PBXGroup section */

/* Begin PBXNativeTarget section */
		CA75BA8925A3C0D800930AB1 /* WriteToUserDefaults */ = {
			isa = PBXNativeTarget;
			buildConfigurationList = CA75BAB425A3C0D900930AB1 /* Build configuration list for PBXNativeTarget "WriteToUserDefaults" */;
			buildPhases = (
				554122B28A8A6CB84630E384 /* [CP] Check Pods Manifest.lock */,
				CA75BA8625A3C0D800930AB1 /* Sources */,
				CA75BA8725A3C0D800930AB1 /* Frameworks */,
				CA75BA8825A3C0D800930AB1 /* Resources */,
				5D484BFEA3155298BF693408 /* [CP] Embed Pods Frameworks */,
				3EF6B43B4FDEE2CC18936782 /* Lint */,
			);
			buildRules = (
			);
			dependencies = (
			);
			name = WriteToUserDefaults;
			productName = WriteToUserDefaults;
			productReference = CA75BA8A25A3C0D800930AB1 /* WriteToUserDefaults.app */;
			productType = "com.apple.product-type.application";
		};
		CA75BA9F25A3C0D900930AB1 /* WriteToUserDefaultsTests */ = {
			isa = PBXNativeTarget;
			buildConfigurationList = CA75BAB725A3C0D900930AB1 /* Build configuration list for PBXNativeTarget "WriteToUserDefaultsTests" */;
			buildPhases = (
				385D0E41EBECB729A4DD1C66 /* [CP] Check Pods Manifest.lock */,
				CA75BA9C25A3C0D900930AB1 /* Sources */,
				CA75BA9D25A3C0D900930AB1 /* Frameworks */,
				CA75BA9E25A3C0D900930AB1 /* Resources */,
				6EF71E24323363ABCDD25F61 /* [CP] Embed Pods Frameworks */,
				EBC5839D52AA2098CCAB33A8 /* Lint */,
			);
			buildRules = (
			);
			dependencies = (
				CA75BAA225A3C0D900930AB1 /* PBXTargetDependency */,
			);
			name = WriteToUserDefaultsTests;
			productName = WriteToUserDefaultsTests;
			productReference = CA75BAA025A3C0D900930AB1 /* WriteToUserDefaultsTests.xctest */;
			productType = "com.apple.product-type.bundle.unit-test";
		};
/* End PBXNativeTarget section */

/* Begin PBXProject section */
		CA75BA8225A3C0D800930AB1 /* Project object */ = {
			isa = PBXProject;
			attributes = {
				LastSwiftUpdateCheck = 1230;
				LastUpgradeCheck = 1230;
				TargetAttributes = {
					CA75BA8925A3C0D800930AB1 = {
						CreatedOnToolsVersion = 12.3;
					};
					CA75BA9F25A3C0D900930AB1 = {
						CreatedOnToolsVersion = 12.3;
						TestTargetID = CA75BA8925A3C0D800930AB1;
					};
				};
			};
			buildConfigurationList = CA75BA8525A3C0D800930AB1 /* Build configuration list for PBXProject "WriteToUserDefaults" */;
			compatibilityVersion = "Xcode 9.3";
			developmentRegion = en;
			hasScannedForEncodings = 0;
			knownRegions = (
				en,
				Base,
			);
			mainGroup = CA75BA8125A3C0D800930AB1;
			productRefGroup = CA75BA8B25A3C0D800930AB1 /* Products */;
			projectDirPath = "";
			projectRoot = "";
			targets = (
				CA75BA8925A3C0D800930AB1 /* WriteToUserDefaults */,
				CA75BA9F25A3C0D900930AB1 /* WriteToUserDefaultsTests */,
			);
		};
/* End PBXProject section */

/* Begin PBXResourcesBuildPhase section */
		CA75BA8825A3C0D800930AB1 /* Resources */ = {
			isa = PBXResourcesBuildPhase;
			buildActionMask = 2147483647;
			files = (
				CA75BA9A25A3C0D900930AB1 /* LaunchScreen.storyboard in Resources */,
				CA75BA9725A3C0D900930AB1 /* Assets.xcassets in Resources */,
				CA75BA9525A3C0D800930AB1 /* Main.storyboard in Resources */,
			);
			runOnlyForDeploymentPostprocessing = 0;
		};
		CA75BA9E25A3C0D900930AB1 /* Resources */ = {
			isa = PBXResourcesBuildPhase;
			buildActionMask = 2147483647;
			files = (
			);
			runOnlyForDeploymentPostprocessing = 0;
		};
/* End PBXResourcesBuildPhase section */

/* Begin PBXShellScriptBuildPhase section */
		385D0E41EBECB729A4DD1C66 /* [CP] Check Pods Manifest.lock */ = {
			isa = PBXShellScriptBuildPhase;
			buildActionMask = 2147483647;
			files = (
			);
			inputFileListPaths = (
			);
			inputPaths = (
				"${PODS_PODFILE_DIR_PATH}/Podfile.lock",
				"${PODS_ROOT}/Manifest.lock",
			);
			name = "[CP] Check Pods Manifest.lock";
			outputFileListPaths = (
			);
			outputPaths = (
				"$(DERIVED_FILE_DIR)/Pods-WriteToUserDefaults-WriteToUserDefaultsTests-checkManifestLockResult.txt",
			);
			runOnlyForDeploymentPostprocessing = 0;
			shellPath = /bin/sh;
			shellScript = "diff \"${PODS_PODFILE_DIR_PATH}/Podfile.lock\" \"${PODS_ROOT}/Manifest.lock\" > /dev/null\nif [ $? != 0 ] ; then\n    # print error to STDERR\n    echo \"error: The sandbox is not in sync with the Podfile.lock. Run 'pod install' or update your CocoaPods installation.\" >&2\n    exit 1\nfi\n# This output is used by Xcode 'outputs' to avoid re-running this script phase.\necho \"SUCCESS\" > \"${SCRIPT_OUTPUT_FILE_0}\"\n";
			showEnvVarsInLog = 0;
		};
		3EF6B43B4FDEE2CC18936782 /* Lint */ = {
			isa = PBXShellScriptBuildPhase;
			buildActionMask = 2147483647;
			files = (
			);
			inputFileListPaths = (
			);
			inputPaths = (
			);
			name = Lint;
			outputFileListPaths = (
			);
			outputPaths = (
			);
			runOnlyForDeploymentPostprocessing = 0;
			shellPath = /bin/sh;
			shellScript = "${PODS_ROOT}/SwiftLint/swiftlint --config ../.swiftlint.yml\n";
		};
		554122B28A8A6CB84630E384 /* [CP] Check Pods Manifest.lock */ = {
			isa = PBXShellScriptBuildPhase;
			buildActionMask = 2147483647;
			files = (
			);
			inputFileListPaths = (
			);
			inputPaths = (
				"${PODS_PODFILE_DIR_PATH}/Podfile.lock",
				"${PODS_ROOT}/Manifest.lock",
			);
			name = "[CP] Check Pods Manifest.lock";
			outputFileListPaths = (
			);
			outputPaths = (
				"$(DERIVED_FILE_DIR)/Pods-WriteToUserDefaults-checkManifestLockResult.txt",
			);
			runOnlyForDeploymentPostprocessing = 0;
			shellPath = /bin/sh;
			shellScript = "diff \"${PODS_PODFILE_DIR_PATH}/Podfile.lock\" \"${PODS_ROOT}/Manifest.lock\" > /dev/null\nif [ $? != 0 ] ; then\n    # print error to STDERR\n    echo \"error: The sandbox is not in sync with the Podfile.lock. Run 'pod install' or update your CocoaPods installation.\" >&2\n    exit 1\nfi\n# This output is used by Xcode 'outputs' to avoid re-running this script phase.\necho \"SUCCESS\" > \"${SCRIPT_OUTPUT_FILE_0}\"\n";
			showEnvVarsInLog = 0;
		};
		5D484BFEA3155298BF693408 /* [CP] Embed Pods Frameworks */ = {
			isa = PBXShellScriptBuildPhase;
			buildActionMask = 2147483647;
			files = (
			);
			inputFileListPaths = (
				"${PODS_ROOT}/Target Support Files/Pods-WriteToUserDefaults/Pods-WriteToUserDefaults-frameworks-${CONFIGURATION}-input-files.xcfilelist",
			);
			name = "[CP] Embed Pods Frameworks";
			outputFileListPaths = (
				"${PODS_ROOT}/Target Support Files/Pods-WriteToUserDefaults/Pods-WriteToUserDefaults-frameworks-${CONFIGURATION}-output-files.xcfilelist",
			);
			runOnlyForDeploymentPostprocessing = 0;
			shellPath = /bin/sh;
			shellScript = "\"${PODS_ROOT}/Target Support Files/Pods-WriteToUserDefaults/Pods-WriteToUserDefaults-frameworks.sh\"\n";
			showEnvVarsInLog = 0;
		};
		6EF71E24323363ABCDD25F61 /* [CP] Embed Pods Frameworks */ = {
			isa = PBXShellScriptBuildPhase;
			buildActionMask = 2147483647;
			files = (
			);
			inputFileListPaths = (
				"${PODS_ROOT}/Target Support Files/Pods-WriteToUserDefaults-WriteToUserDefaultsTests/Pods-WriteToUserDefaults-WriteToUserDefaultsTests-frameworks-${CONFIGURATION}-input-files.xcfilelist",
			);
			name = "[CP] Embed Pods Frameworks";
			outputFileListPaths = (
				"${PODS_ROOT}/Target Support Files/Pods-WriteToUserDefaults-WriteToUserDefaultsTests/Pods-WriteToUserDefaults-WriteToUserDefaultsTests-frameworks-${CONFIGURATION}-output-files.xcfilelist",
			);
			runOnlyForDeploymentPostprocessing = 0;
			shellPath = /bin/sh;
			shellScript = "\"${PODS_ROOT}/Target Support Files/Pods-WriteToUserDefaults-WriteToUserDefaultsTests/Pods-WriteToUserDefaults-WriteToUserDefaultsTests-frameworks.sh\"\n";
			showEnvVarsInLog = 0;
		};
		EBC5839D52AA2098CCAB33A8 /* Lint */ = {
			isa = PBXShellScriptBuildPhase;
			buildActionMask = 2147483647;
			files = (
			);
			inputFileListPaths = (
			);
			inputPaths = (
			);
			name = Lint;
			outputFileListPaths = (
			);
			outputPaths = (
			);
			runOnlyForDeploymentPostprocessing = 0;
			shellPath = /bin/sh;
			shellScript = "${PODS_ROOT}/SwiftLint/swiftlint --config ../.swiftlint.yml";
		};
/* End PBXShellScriptBuildPhase section */

/* Begin PBXSourcesBuildPhase section */
		CA75BA8625A3C0D800930AB1 /* Sources */ = {
			isa = PBXSourcesBuildPhase;
			buildActionMask = 2147483647;
			files = (
				CA75BA9225A3C0D800930AB1 /* ViewController.swift in Sources */,
				CA75BA8E25A3C0D800930AB1 /* AppDelegate.swift in Sources */,
				CA75BA9025A3C0D800930AB1 /* SceneDelegate.swift in Sources */,
				CA9B146B25C9FB5000854956 /* ContainerExtensions.swift in Sources */,
				CA9B146C25C9FB5000854956 /* DependencyInjected.swift in Sources */,
			);
			runOnlyForDeploymentPostprocessing = 0;
		};
		CA75BA9C25A3C0D900930AB1 /* Sources */ = {
			isa = PBXSourcesBuildPhase;
			buildActionMask = 2147483647;
			files = (
				CA83BF1325C5FBB10088A3C0 /* ViewControllerTests.swift in Sources */,
				CABCBDBE25B1FC620043AB44 /* DependencyInjectionTests.swift in Sources */,
			);
			runOnlyForDeploymentPostprocessing = 0;
		};
/* End PBXSourcesBuildPhase section */

/* Begin PBXTargetDependency section */
		CA75BAA225A3C0D900930AB1 /* PBXTargetDependency */ = {
			isa = PBXTargetDependency;
			target = CA75BA8925A3C0D800930AB1 /* WriteToUserDefaults */;
			targetProxy = CA75BAA125A3C0D900930AB1 /* PBXContainerItemProxy */;
		};
/* End PBXTargetDependency section */

/* Begin PBXVariantGroup section */
		CA75BA9325A3C0D800930AB1 /* Main.storyboard */ = {
			isa = PBXVariantGroup;
			children = (
				CA75BA9425A3C0D800930AB1 /* Base */,
			);
			name = Main.storyboard;
			sourceTree = "<group>";
		};
		CA75BA9825A3C0D900930AB1 /* LaunchScreen.storyboard */ = {
			isa = PBXVariantGroup;
			children = (
				CA75BA9925A3C0D900930AB1 /* Base */,
			);
			name = LaunchScreen.storyboard;
			sourceTree = "<group>";
		};
/* End PBXVariantGroup section */

/* Begin XCBuildConfiguration section */
		CA75BAB225A3C0D900930AB1 /* Debug */ = {
			isa = XCBuildConfiguration;
			buildSettings = {
				ALWAYS_SEARCH_USER_PATHS = NO;
				CLANG_ANALYZER_NONNULL = YES;
				CLANG_ANALYZER_NUMBER_OBJECT_CONVERSION = YES_AGGRESSIVE;
				CLANG_CXX_LANGUAGE_STANDARD = "gnu++14";
				CLANG_CXX_LIBRARY = "libc++";
				CLANG_ENABLE_MODULES = YES;
				CLANG_ENABLE_OBJC_ARC = YES;
				CLANG_ENABLE_OBJC_WEAK = YES;
				CLANG_WARN_BLOCK_CAPTURE_AUTORELEASING = YES;
				CLANG_WARN_BOOL_CONVERSION = YES;
				CLANG_WARN_COMMA = YES;
				CLANG_WARN_CONSTANT_CONVERSION = YES;
				CLANG_WARN_DEPRECATED_OBJC_IMPLEMENTATIONS = YES;
				CLANG_WARN_DIRECT_OBJC_ISA_USAGE = YES_ERROR;
				CLANG_WARN_DOCUMENTATION_COMMENTS = YES;
				CLANG_WARN_EMPTY_BODY = YES;
				CLANG_WARN_ENUM_CONVERSION = YES;
				CLANG_WARN_INFINITE_RECURSION = YES;
				CLANG_WARN_INT_CONVERSION = YES;
				CLANG_WARN_NON_LITERAL_NULL_CONVERSION = YES;
				CLANG_WARN_OBJC_IMPLICIT_RETAIN_SELF = YES;
				CLANG_WARN_OBJC_LITERAL_CONVERSION = YES;
				CLANG_WARN_OBJC_ROOT_CLASS = YES_ERROR;
				CLANG_WARN_QUOTED_INCLUDE_IN_FRAMEWORK_HEADER = YES;
				CLANG_WARN_RANGE_LOOP_ANALYSIS = YES;
				CLANG_WARN_STRICT_PROTOTYPES = YES;
				CLANG_WARN_SUSPICIOUS_MOVE = YES;
				CLANG_WARN_UNGUARDED_AVAILABILITY = YES_AGGRESSIVE;
				CLANG_WARN_UNREACHABLE_CODE = YES;
				CLANG_WARN__DUPLICATE_METHOD_MATCH = YES;
				COPY_PHASE_STRIP = NO;
				DEBUG_INFORMATION_FORMAT = dwarf;
				ENABLE_STRICT_OBJC_MSGSEND = YES;
				ENABLE_TESTABILITY = YES;
				GCC_C_LANGUAGE_STANDARD = gnu11;
				GCC_DYNAMIC_NO_PIC = NO;
				GCC_NO_COMMON_BLOCKS = YES;
				GCC_OPTIMIZATION_LEVEL = 0;
				GCC_PREPROCESSOR_DEFINITIONS = (
					"DEBUG=1",
					"$(inherited)",
				);
				GCC_WARN_64_TO_32_BIT_CONVERSION = YES;
				GCC_WARN_ABOUT_RETURN_TYPE = YES_ERROR;
				GCC_WARN_UNDECLARED_SELECTOR = YES;
				GCC_WARN_UNINITIALIZED_AUTOS = YES_AGGRESSIVE;
				GCC_WARN_UNUSED_FUNCTION = YES;
				GCC_WARN_UNUSED_VARIABLE = YES;
				IPHONEOS_DEPLOYMENT_TARGET = 14.3;
				MTL_ENABLE_DEBUG_INFO = INCLUDE_SOURCE;
				MTL_FAST_MATH = YES;
				ONLY_ACTIVE_ARCH = YES;
				SDKROOT = iphoneos;
				SWIFT_ACTIVE_COMPILATION_CONDITIONS = DEBUG;
				SWIFT_OPTIMIZATION_LEVEL = "-Onone";
			};
			name = Debug;
		};
		CA75BAB325A3C0D900930AB1 /* Release */ = {
			isa = XCBuildConfiguration;
			buildSettings = {
				ALWAYS_SEARCH_USER_PATHS = NO;
				CLANG_ANALYZER_NONNULL = YES;
				CLANG_ANALYZER_NUMBER_OBJECT_CONVERSION = YES_AGGRESSIVE;
				CLANG_CXX_LANGUAGE_STANDARD = "gnu++14";
				CLANG_CXX_LIBRARY = "libc++";
				CLANG_ENABLE_MODULES = YES;
				CLANG_ENABLE_OBJC_ARC = YES;
				CLANG_ENABLE_OBJC_WEAK = YES;
				CLANG_WARN_BLOCK_CAPTURE_AUTORELEASING = YES;
				CLANG_WARN_BOOL_CONVERSION = YES;
				CLANG_WARN_COMMA = YES;
				CLANG_WARN_CONSTANT_CONVERSION = YES;
				CLANG_WARN_DEPRECATED_OBJC_IMPLEMENTATIONS = YES;
				CLANG_WARN_DIRECT_OBJC_ISA_USAGE = YES_ERROR;
				CLANG_WARN_DOCUMENTATION_COMMENTS = YES;
				CLANG_WARN_EMPTY_BODY = YES;
				CLANG_WARN_ENUM_CONVERSION = YES;
				CLANG_WARN_INFINITE_RECURSION = YES;
				CLANG_WARN_INT_CONVERSION = YES;
				CLANG_WARN_NON_LITERAL_NULL_CONVERSION = YES;
				CLANG_WARN_OBJC_IMPLICIT_RETAIN_SELF = YES;
				CLANG_WARN_OBJC_LITERAL_CONVERSION = YES;
				CLANG_WARN_OBJC_ROOT_CLASS = YES_ERROR;
				CLANG_WARN_QUOTED_INCLUDE_IN_FRAMEWORK_HEADER = YES;
				CLANG_WARN_RANGE_LOOP_ANALYSIS = YES;
				CLANG_WARN_STRICT_PROTOTYPES = YES;
				CLANG_WARN_SUSPICIOUS_MOVE = YES;
				CLANG_WARN_UNGUARDED_AVAILABILITY = YES_AGGRESSIVE;
				CLANG_WARN_UNREACHABLE_CODE = YES;
				CLANG_WARN__DUPLICATE_METHOD_MATCH = YES;
				COPY_PHASE_STRIP = NO;
				DEBUG_INFORMATION_FORMAT = "dwarf-with-dsym";
				ENABLE_NS_ASSERTIONS = NO;
				ENABLE_STRICT_OBJC_MSGSEND = YES;
				GCC_C_LANGUAGE_STANDARD = gnu11;
				GCC_NO_COMMON_BLOCKS = YES;
				GCC_WARN_64_TO_32_BIT_CONVERSION = YES;
				GCC_WARN_ABOUT_RETURN_TYPE = YES_ERROR;
				GCC_WARN_UNDECLARED_SELECTOR = YES;
				GCC_WARN_UNINITIALIZED_AUTOS = YES_AGGRESSIVE;
				GCC_WARN_UNUSED_FUNCTION = YES;
				GCC_WARN_UNUSED_VARIABLE = YES;
				IPHONEOS_DEPLOYMENT_TARGET = 14.3;
				MTL_ENABLE_DEBUG_INFO = NO;
				MTL_FAST_MATH = YES;
				SDKROOT = iphoneos;
				SWIFT_COMPILATION_MODE = wholemodule;
				SWIFT_OPTIMIZATION_LEVEL = "-O";
				VALIDATE_PRODUCT = YES;
			};
			name = Release;
		};
		CA75BAB525A3C0D900930AB1 /* Debug */ = {
			isa = XCBuildConfiguration;
			baseConfigurationReference = 918DD1B1B9D3FFC424A0C695 /* Pods-WriteToUserDefaults.debug.xcconfig */;
			buildSettings = {
				ASSETCATALOG_COMPILER_APPICON_NAME = AppIcon;
				ASSETCATALOG_COMPILER_GLOBAL_ACCENT_COLOR_NAME = AccentColor;
				CODE_SIGN_IDENTITY = "iPhone Developer";
				CODE_SIGN_STYLE = Manual;
				DEVELOPMENT_TEAM = KRX3M99K22;
				INFOPLIST_FILE = WriteToUserDefaults/Info.plist;
				LD_RUNPATH_SEARCH_PATHS = (
					"$(inherited)",
					"@executable_path/Frameworks",
				);
				PRODUCT_BUNDLE_IDENTIFIER = com.wwtas.tdd201.WriteToUserDefaults;
				PRODUCT_NAME = "$(TARGET_NAME)";
				PROVISIONING_PROFILE_SPECIFIER = "TDD 201 iOS Development";
				SUPPORTS_MACCATALYST = NO;
				SWIFT_VERSION = 5.0;
				TARGETED_DEVICE_FAMILY = "1,2";
			};
			name = Debug;
		};
		CA75BAB625A3C0D900930AB1 /* Release */ = {
			isa = XCBuildConfiguration;
			baseConfigurationReference = 6286E1C4919DD68C019A3F0C /* Pods-WriteToUserDefaults.release.xcconfig */;
			buildSettings = {
				ASSETCATALOG_COMPILER_APPICON_NAME = AppIcon;
				ASSETCATALOG_COMPILER_GLOBAL_ACCENT_COLOR_NAME = AccentColor;
				CODE_SIGN_IDENTITY = "iPhone Developer";
				CODE_SIGN_STYLE = Manual;
				DEVELOPMENT_TEAM = KRX3M99K22;
				INFOPLIST_FILE = WriteToUserDefaults/Info.plist;
				LD_RUNPATH_SEARCH_PATHS = (
					"$(inherited)",
					"@executable_path/Frameworks",
				);
				PRODUCT_BUNDLE_IDENTIFIER = com.wwtas.tdd201.WriteToUserDefaults;
				PRODUCT_NAME = "$(TARGET_NAME)";
				PROVISIONING_PROFILE_SPECIFIER = "TDD 201 iOS Development";
				SUPPORTS_MACCATALYST = NO;
				SWIFT_VERSION = 5.0;
				TARGETED_DEVICE_FAMILY = "1,2";
			};
			name = Release;
		};
		CA75BAB825A3C0D900930AB1 /* Debug */ = {
			isa = XCBuildConfiguration;
			baseConfigurationReference = 42527C661CD905CF15923594 /* Pods-WriteToUserDefaults-WriteToUserDefaultsTests.debug.xcconfig */;
			buildSettings = {
				BUNDLE_LOADER = "$(TEST_HOST)";
				CODE_SIGN_STYLE = Manual;
				DEVELOPMENT_TEAM = KRX3M99K22;
				INFOPLIST_FILE = WriteToUserDefaultsTests/Info.plist;
				IPHONEOS_DEPLOYMENT_TARGET = 14.3;
				LD_RUNPATH_SEARCH_PATHS = (
					"$(inherited)",
					"@executable_path/Frameworks",
					"@loader_path/Frameworks",
				);
				PRODUCT_BUNDLE_IDENTIFIER = WWT.WriteToUserDefaultsTests;
				PRODUCT_NAME = "$(TARGET_NAME)";
				PROVISIONING_PROFILE_SPECIFIER = "";
				"PROVISIONING_PROFILE_SPECIFIER[sdk=macosx*]" = "";
				SWIFT_VERSION = 5.0;
				TARGETED_DEVICE_FAMILY = "1,2";
				TEST_HOST = "$(BUILT_PRODUCTS_DIR)/WriteToUserDefaults.app/WriteToUserDefaults";
			};
			name = Debug;
		};
		CA75BAB925A3C0D900930AB1 /* Release */ = {
			isa = XCBuildConfiguration;
			baseConfigurationReference = F829853F1C6950F05B0F670D /* Pods-WriteToUserDefaults-WriteToUserDefaultsTests.release.xcconfig */;
			buildSettings = {
				BUNDLE_LOADER = "$(TEST_HOST)";
				CODE_SIGN_STYLE = Manual;
				DEVELOPMENT_TEAM = KRX3M99K22;
				INFOPLIST_FILE = WriteToUserDefaultsTests/Info.plist;
				IPHONEOS_DEPLOYMENT_TARGET = 14.3;
				LD_RUNPATH_SEARCH_PATHS = (
					"$(inherited)",
					"@executable_path/Frameworks",
					"@loader_path/Frameworks",
				);
				PRODUCT_BUNDLE_IDENTIFIER = WWT.WriteToUserDefaultsTests;
				PRODUCT_NAME = "$(TARGET_NAME)";
				PROVISIONING_PROFILE_SPECIFIER = "";
				"PROVISIONING_PROFILE_SPECIFIER[sdk=macosx*]" = "";
				SWIFT_VERSION = 5.0;
				TARGETED_DEVICE_FAMILY = "1,2";
				TEST_HOST = "$(BUILT_PRODUCTS_DIR)/WriteToUserDefaults.app/WriteToUserDefaults";
			};
			name = Release;
		};
/* End XCBuildConfiguration section */

/* Begin XCConfigurationList section */
		CA75BA8525A3C0D800930AB1 /* Build configuration list for PBXProject "WriteToUserDefaults" */ = {
			isa = XCConfigurationList;
			buildConfigurations = (
				CA75BAB225A3C0D900930AB1 /* Debug */,
				CA75BAB325A3C0D900930AB1 /* Release */,
			);
			defaultConfigurationIsVisible = 0;
			defaultConfigurationName = Release;
		};
		CA75BAB425A3C0D900930AB1 /* Build configuration list for PBXNativeTarget "WriteToUserDefaults" */ = {
			isa = XCConfigurationList;
			buildConfigurations = (
				CA75BAB525A3C0D900930AB1 /* Debug */,
				CA75BAB625A3C0D900930AB1 /* Release */,
			);
			defaultConfigurationIsVisible = 0;
			defaultConfigurationName = Release;
		};
		CA75BAB725A3C0D900930AB1 /* Build configuration list for PBXNativeTarget "WriteToUserDefaultsTests" */ = {
			isa = XCConfigurationList;
			buildConfigurations = (
				CA75BAB825A3C0D900930AB1 /* Debug */,
				CA75BAB925A3C0D900930AB1 /* Release */,
			);
			defaultConfigurationIsVisible = 0;
			defaultConfigurationName = Release;
		};
/* End XCConfigurationList section */
	};
	rootObject = CA75BA8225A3C0D800930AB1 /* Project object */;
}
