// !$*UTF8*$!
{
	archiveVersion = 1;
	classes = {
	};
	objectVersion = 51;
	objects = {

/* Begin PBXBuildFile section */
		0011EA8525E557A600E48AE8 /* Badge.swift in Sources */ = {isa = PBXBuildFile; fileRef = 0011EA8025E557A600E48AE8 /* Badge.swift */; };
		0011EA8625E557A600E48AE8 /* HexagonParameters.swift in Sources */ = {isa = PBXBuildFile; fileRef = 0011EA8125E557A600E48AE8 /* HexagonParameters.swift */; };
		0011EA8725E557A600E48AE8 /* RotatedBadgeSymbol.swift in Sources */ = {isa = PBXBuildFile; fileRef = 0011EA8225E557A600E48AE8 /* RotatedBadgeSymbol.swift */; };
		0011EA8825E557A600E48AE8 /* BadgeBackground.swift in Sources */ = {isa = PBXBuildFile; fileRef = 0011EA8325E557A600E48AE8 /* BadgeBackground.swift */; };
		0011EA8925E557A600E48AE8 /* BadgeSymbol.swift in Sources */ = {isa = PBXBuildFile; fileRef = 0011EA8425E557A600E48AE8 /* BadgeSymbol.swift */; };
		0011EB2825E80A5800E48AE8 /* ContentView.swift in Sources */ = {isa = PBXBuildFile; fileRef = 0011EB2725E80A5700E48AE8 /* ContentView.swift */; };
		0011EB3125E82F5100E48AE8 /* Profile.swift in Sources */ = {isa = PBXBuildFile; fileRef = 0011EB3025E82F5100E48AE8 /* Profile.swift */; };
		0011EBF125E87FFB00E48AE8 /* LICENSE.txt in Resources */ = {isa = PBXBuildFile; fileRef = 0011EBF025E87FFA00E48AE8 /* LICENSE.txt */; };
		0011EC1425E8863600E48AE8 /* DependencyInjected.swift in Sources */ = {isa = PBXBuildFile; fileRef = 0011EC1225E8863600E48AE8 /* DependencyInjected.swift */; };
		0011EC1525E8863600E48AE8 /* ContainerExtensions.swift in Sources */ = {isa = PBXBuildFile; fileRef = 0011EC1325E8863600E48AE8 /* ContainerExtensions.swift */; };
		0016335C25F6A88500A227A4 /* landmarkData.swift in Sources */ = {isa = PBXBuildFile; fileRef = 0016335B25F6A88500A227A4 /* landmarkData.swift */; };
		0016336425F6A9DE00A227A4 /* hikesData.swift in Sources */ = {isa = PBXBuildFile; fileRef = 0016336325F6A9DE00A227A4 /* hikesData.swift */; };
		002D474825E05C45000525C3 /* Landmark.swift in Sources */ = {isa = PBXBuildFile; fileRef = 002D474725E05C45000525C3 /* Landmark.swift */; };
		002D474C25E05D7E000525C3 /* AppModel.swift in Sources */ = {isa = PBXBuildFile; fileRef = 002D474B25E05D7E000525C3 /* AppModel.swift */; };
		002D475225E05E36000525C3 /* Hike.swift in Sources */ = {isa = PBXBuildFile; fileRef = 002D475125E05E36000525C3 /* Hike.swift */; };
		0052A2292608F7E900F672F4 /* LandmarkExtensions.swift in Sources */ = {isa = PBXBuildFile; fileRef = 0052A2282608F7E900F672F4 /* LandmarkExtensions.swift */; };
		0A950C9F5DD37D53DCA75612 /* Pods_SwiftUIExample_SwiftUIExampleUITests.framework in Frameworks */ = {isa = PBXBuildFile; fileRef = 7FA850DC8186F668A5BD2821 /* Pods_SwiftUIExample_SwiftUIExampleUITests.framework */; };
		BBB9738EC168E1F562E76E6C /* Pods_SwiftUIExample_SwiftUIExampleTests.framework in Frameworks */ = {isa = PBXBuildFile; fileRef = 81E0F83637ED7E88C374F551 /* Pods_SwiftUIExample_SwiftUIExampleTests.framework */; };
		CA45048E25B79A7800153FC4 /* SwiftUIExampleApp.swift in Sources */ = {isa = PBXBuildFile; fileRef = CA45048D25B79A7800153FC4 /* SwiftUIExampleApp.swift */; };
		CA45049225B79A7800153FC4 /* Assets.xcassets in Resources */ = {isa = PBXBuildFile; fileRef = CA45049125B79A7800153FC4 /* Assets.xcassets */; };
		CA45049525B79A7800153FC4 /* Preview Assets.xcassets in Resources */ = {isa = PBXBuildFile; fileRef = CA45049425B79A7800153FC4 /* Preview Assets.xcassets */; };
		CA4504A025B79A7900153FC4 /* SwiftUIExampleTests.swift in Sources */ = {isa = PBXBuildFile; fileRef = CA45049F25B79A7900153FC4 /* SwiftUIExampleTests.swift */; };
		CA94883A25F7E00F00634668 /* landmark-repository.js in Resources */ = {isa = PBXBuildFile; fileRef = CA9461AB25F7DFF000634668 /* landmark-repository.js */; };
		CA94883B25F7E00F00634668 /* repository.js in Resources */ = {isa = PBXBuildFile; fileRef = CA9461AC25F7DFF000634668 /* repository.js */; };
		CA94883C25F7E00F00634668 /* hike-repository.js in Resources */ = {isa = PBXBuildFile; fileRef = CA9461AD25F7DFF000634668 /* hike-repository.js */; };
		CA94883D25F7E00F00634668 /* server.js in Resources */ = {isa = PBXBuildFile; fileRef = CA9461AE25F7DFF000634668 /* server.js */; };
		CA94A89C25F7E02000634668 /* package-lock.json in Resources */ = {isa = PBXBuildFile; fileRef = CA94883125F7E00E00634668 /* package-lock.json */; };
		CA94A89D25F7E02000634668 /* package.json in Resources */ = {isa = PBXBuildFile; fileRef = CA94883225F7E00E00634668 /* package.json */; };
		CA94A89E25F7E02000634668 /* docker-compose.yml in Resources */ = {isa = PBXBuildFile; fileRef = CA94883325F7E00E00634668 /* docker-compose.yml */; };
		CA94A89F25F7E02000634668 /* provider_tests.js in Resources */ = {isa = PBXBuildFile; fileRef = CA94883525F7E00E00634668 /* provider_tests.js */; };
		CA94A8A025F7E02000634668 /* landmarks.js in Resources */ = {isa = PBXBuildFile; fileRef = CA94883725F7E00E00634668 /* landmarks.js */; };
		CA94A8A125F7E02000634668 /* hikes.js in Resources */ = {isa = PBXBuildFile; fileRef = CA94883825F7E00E00634668 /* hikes.js */; };
		CA94A8A225F7E02000634668 /* app.js in Resources */ = {isa = PBXBuildFile; fileRef = CA94883925F7E00E00634668 /* app.js */; };
		CA9575A425F6C698009507C6 /* GeneratedMocks.swift in Sources */ = {isa = PBXBuildFile; fileRef = CA9575A325F6C698009507C6 /* GeneratedMocks.swift */; };
		CA9575AD25F6C6E6009507C6 /* MockExtensions.swift in Sources */ = {isa = PBXBuildFile; fileRef = CA9575AC25F6C6E6009507C6 /* MockExtensions.swift */; };
		CAD904BE25F18FCC00C6132A /* URLSessionExtensions.swift in Sources */ = {isa = PBXBuildFile; fileRef = CAD904BD25F18FCC00C6132A /* URLSessionExtensions.swift */; };
		CAD904C325F18FE400C6132A /* URLRequestExtensions.swift in Sources */ = {isa = PBXBuildFile; fileRef = CAD904C225F18FE400C6132A /* URLRequestExtensions.swift */; };
		CAD904C825F1904800C6132A /* BaseAPI.swift in Sources */ = {isa = PBXBuildFile; fileRef = CAD904C725F1904800C6132A /* BaseAPI.swift */; };
		CAD904CD25F1906D00C6132A /* RESTAPIProtocol.swift in Sources */ = {isa = PBXBuildFile; fileRef = CAD904CC25F1906D00C6132A /* RESTAPIProtocol.swift */; };
		CAD904D225F1908000C6132A /* HikesService.swift in Sources */ = {isa = PBXBuildFile; fileRef = CAD904D125F1908000C6132A /* HikesService.swift */; };
		CAD904DA25F1924500C6132A /* DependencyInjected.swift in Sources */ = {isa = PBXBuildFile; fileRef = CAD904D825F1924500C6132A /* DependencyInjected.swift */; };
		CAD904DB25F1924500C6132A /* ContainerExtensions.swift in Sources */ = {isa = PBXBuildFile; fileRef = CAD904D925F1924500C6132A /* ContainerExtensions.swift */; };
		CAD904E025F1927A00C6132A /* APITests.swift in Sources */ = {isa = PBXBuildFile; fileRef = CAD904DF25F1927A00C6132A /* APITests.swift */; };
		CAD904E525F192CD00C6132A /* StubAPIResponse.swift in Sources */ = {isa = PBXBuildFile; fileRef = CAD904E425F192CD00C6132A /* StubAPIResponse.swift */; };
		CAD9052C25F193B100C6132A /* URLRequestExtensions.swift in Sources */ = {isa = PBXBuildFile; fileRef = CAD9052B25F193B100C6132A /* URLRequestExtensions.swift */; };
		CAD9053425F1971800C6132A /* ContractTests.swift in Sources */ = {isa = PBXBuildFile; fileRef = CAD9053325F1971800C6132A /* ContractTests.swift */; };
		CC8870C82656C67E008684E1 /* ViewHostingExtensions.swift in Sources */ = {isa = PBXBuildFile; fileRef = CC8870C72656C67E008684E1 /* ViewHostingExtensions.swift */; };
		CCBC1F782656ADF1009AF666 /* LandmarkDetail.swift in Sources */ = {isa = PBXBuildFile; fileRef = CCBC1F772656ADF1009AF666 /* LandmarkDetail.swift */; };
		CCBC1F7F2656AE4E009AF666 /* InspectableExtensions.swift in Sources */ = {isa = PBXBuildFile; fileRef = CCBC1F7E2656AE4E009AF666 /* InspectableExtensions.swift */; };
		CCBC1FC62656AF0F009AF666 /* LandmarkDetailTests.swift in Sources */ = {isa = PBXBuildFile; fileRef = CCBC1FC52656AF0F009AF666 /* LandmarkDetailTests.swift */; };
		CCBC1FCB2656B35A009AF666 /* MapView.swift in Sources */ = {isa = PBXBuildFile; fileRef = CCBC1FCA2656B35A009AF666 /* MapView.swift */; };
		CCBC1FD32656B548009AF666 /* CircleImage.swift in Sources */ = {isa = PBXBuildFile; fileRef = CCBC1FD22656B548009AF666 /* CircleImage.swift */; };
		CCBC1FD82656B897009AF666 /* FavoriteButton.swift in Sources */ = {isa = PBXBuildFile; fileRef = CCBC1FD72656B897009AF666 /* FavoriteButton.swift */; };
		CCBC1FDE2656C267009AF666 /* Inspection.swift in Sources */ = {isa = PBXBuildFile; fileRef = CCBC1FDD2656C267009AF666 /* Inspection.swift */; };
		D21FBB8F56E94A1AF2DB28F0 /* Pods_SwiftUIExample.framework in Frameworks */ = {isa = PBXBuildFile; fileRef = 007EDD75F4DC2A86B7F6FD29 /* Pods_SwiftUIExample.framework */; };
/* End PBXBuildFile section */

/* Begin PBXContainerItemProxy section */
		0011EBFF25E8839C00E48AE8 /* PBXContainerItemProxy */ = {
			isa = PBXContainerItemProxy;
			containerPortal = CA45048225B79A7800153FC4 /* Project object */;
			proxyType = 1;
			remoteGlobalIDString = CA45048925B79A7800153FC4;
			remoteInfo = SwiftUIExample;
		};
		CA45049C25B79A7900153FC4 /* PBXContainerItemProxy */ = {
			isa = PBXContainerItemProxy;
			containerPortal = CA45048225B79A7800153FC4 /* Project object */;
			proxyType = 1;
			remoteGlobalIDString = CA45048925B79A7800153FC4;
			remoteInfo = SwiftUIExample;
		};
/* End PBXContainerItemProxy section */

/* Begin PBXFileReference section */
		0011EA8025E557A600E48AE8 /* Badge.swift */ = {isa = PBXFileReference; fileEncoding = 4; lastKnownFileType = sourcecode.swift; path = Badge.swift; sourceTree = "<group>"; };
		0011EA8125E557A600E48AE8 /* HexagonParameters.swift */ = {isa = PBXFileReference; fileEncoding = 4; lastKnownFileType = sourcecode.swift; path = HexagonParameters.swift; sourceTree = "<group>"; };
		0011EA8225E557A600E48AE8 /* RotatedBadgeSymbol.swift */ = {isa = PBXFileReference; fileEncoding = 4; lastKnownFileType = sourcecode.swift; path = RotatedBadgeSymbol.swift; sourceTree = "<group>"; };
		0011EA8325E557A600E48AE8 /* BadgeBackground.swift */ = {isa = PBXFileReference; fileEncoding = 4; lastKnownFileType = sourcecode.swift; path = BadgeBackground.swift; sourceTree = "<group>"; };
		0011EA8425E557A600E48AE8 /* BadgeSymbol.swift */ = {isa = PBXFileReference; fileEncoding = 4; lastKnownFileType = sourcecode.swift; path = BadgeSymbol.swift; sourceTree = "<group>"; };
		0011EB2725E80A5700E48AE8 /* ContentView.swift */ = {isa = PBXFileReference; fileEncoding = 4; lastKnownFileType = sourcecode.swift; path = ContentView.swift; sourceTree = "<group>"; };
		0011EB3025E82F5100E48AE8 /* Profile.swift */ = {isa = PBXFileReference; fileEncoding = 4; lastKnownFileType = sourcecode.swift; path = Profile.swift; sourceTree = "<group>"; };
		0011EBF025E87FFA00E48AE8 /* LICENSE.txt */ = {isa = PBXFileReference; fileEncoding = 4; lastKnownFileType = text; path = LICENSE.txt; sourceTree = "<group>"; };
		0011EBFA25E8839B00E48AE8 /* SwiftUIExampleUITests.xctest */ = {isa = PBXFileReference; explicitFileType = wrapper.cfbundle; includeInIndex = 0; path = SwiftUIExampleUITests.xctest; sourceTree = BUILT_PRODUCTS_DIR; };
		0011EBFE25E8839C00E48AE8 /* Info.plist */ = {isa = PBXFileReference; lastKnownFileType = text.plist.xml; path = Info.plist; sourceTree = "<group>"; };
		0011EC1225E8863600E48AE8 /* DependencyInjected.swift */ = {isa = PBXFileReference; fileEncoding = 4; lastKnownFileType = sourcecode.swift; name = DependencyInjected.swift; path = ../../DependencyInjection/DependencyInjection/DependencyInjection/DependencyInjected.swift; sourceTree = "<group>"; };
		0011EC1325E8863600E48AE8 /* ContainerExtensions.swift */ = {isa = PBXFileReference; fileEncoding = 4; lastKnownFileType = sourcecode.swift; name = ContainerExtensions.swift; path = ../../DependencyInjection/DependencyInjection/DependencyInjection/ContainerExtensions.swift; sourceTree = "<group>"; };
		0016335B25F6A88500A227A4 /* landmarkData.swift */ = {isa = PBXFileReference; lastKnownFileType = sourcecode.swift; path = landmarkData.swift; sourceTree = "<group>"; };
		0016336325F6A9DE00A227A4 /* hikesData.swift */ = {isa = PBXFileReference; lastKnownFileType = sourcecode.swift; path = hikesData.swift; sourceTree = "<group>"; };
		002D474725E05C45000525C3 /* Landmark.swift */ = {isa = PBXFileReference; lastKnownFileType = sourcecode.swift; path = Landmark.swift; sourceTree = "<group>"; };
		002D474B25E05D7E000525C3 /* AppModel.swift */ = {isa = PBXFileReference; lastKnownFileType = sourcecode.swift; path = AppModel.swift; sourceTree = "<group>"; };
		002D475125E05E36000525C3 /* Hike.swift */ = {isa = PBXFileReference; lastKnownFileType = sourcecode.swift; path = Hike.swift; sourceTree = "<group>"; };
		0052A2282608F7E900F672F4 /* LandmarkExtensions.swift */ = {isa = PBXFileReference; lastKnownFileType = sourcecode.swift; path = LandmarkExtensions.swift; sourceTree = "<group>"; };
		007EDD75F4DC2A86B7F6FD29 /* Pods_SwiftUIExample.framework */ = {isa = PBXFileReference; explicitFileType = wrapper.framework; includeInIndex = 0; path = Pods_SwiftUIExample.framework; sourceTree = BUILT_PRODUCTS_DIR; };
		2366CC911CCCCFC440315435 /* Pods-SwiftUIExample-SwiftUIExampleUITests.debug.xcconfig */ = {isa = PBXFileReference; includeInIndex = 1; lastKnownFileType = text.xcconfig; name = "Pods-SwiftUIExample-SwiftUIExampleUITests.debug.xcconfig"; path = "Target Support Files/Pods-SwiftUIExample-SwiftUIExampleUITests/Pods-SwiftUIExample-SwiftUIExampleUITests.debug.xcconfig"; sourceTree = "<group>"; };
		37161F9B33000965D279ACAA /* Pods-SwiftUIExample.debug.xcconfig */ = {isa = PBXFileReference; includeInIndex = 1; lastKnownFileType = text.xcconfig; name = "Pods-SwiftUIExample.debug.xcconfig"; path = "Target Support Files/Pods-SwiftUIExample/Pods-SwiftUIExample.debug.xcconfig"; sourceTree = "<group>"; };
		53088C5D5FD31011317EB2DC /* Pods-SwiftUIExample-SwiftUIExampleTests.release.xcconfig */ = {isa = PBXFileReference; includeInIndex = 1; lastKnownFileType = text.xcconfig; name = "Pods-SwiftUIExample-SwiftUIExampleTests.release.xcconfig"; path = "Target Support Files/Pods-SwiftUIExample-SwiftUIExampleTests/Pods-SwiftUIExample-SwiftUIExampleTests.release.xcconfig"; sourceTree = "<group>"; };
		671830594A45EBED756ADE07 /* Pods-SwiftUIExample-SwiftUIExampleUITests.release.xcconfig */ = {isa = PBXFileReference; includeInIndex = 1; lastKnownFileType = text.xcconfig; name = "Pods-SwiftUIExample-SwiftUIExampleUITests.release.xcconfig"; path = "Target Support Files/Pods-SwiftUIExample-SwiftUIExampleUITests/Pods-SwiftUIExample-SwiftUIExampleUITests.release.xcconfig"; sourceTree = "<group>"; };
		6A76F1660C1F764B6AA7C4F2 /* Pods-SwiftUIExample-SwiftUIExampleTests.debug.xcconfig */ = {isa = PBXFileReference; includeInIndex = 1; lastKnownFileType = text.xcconfig; name = "Pods-SwiftUIExample-SwiftUIExampleTests.debug.xcconfig"; path = "Target Support Files/Pods-SwiftUIExample-SwiftUIExampleTests/Pods-SwiftUIExample-SwiftUIExampleTests.debug.xcconfig"; sourceTree = "<group>"; };
		7FA850DC8186F668A5BD2821 /* Pods_SwiftUIExample_SwiftUIExampleUITests.framework */ = {isa = PBXFileReference; explicitFileType = wrapper.framework; includeInIndex = 0; path = Pods_SwiftUIExample_SwiftUIExampleUITests.framework; sourceTree = BUILT_PRODUCTS_DIR; };
		81E0F83637ED7E88C374F551 /* Pods_SwiftUIExample_SwiftUIExampleTests.framework */ = {isa = PBXFileReference; explicitFileType = wrapper.framework; includeInIndex = 0; path = Pods_SwiftUIExample_SwiftUIExampleTests.framework; sourceTree = BUILT_PRODUCTS_DIR; };
		8ACB0CEF0A1BFD5FEB504A1D /* Pods-SwiftUIExample.release.xcconfig */ = {isa = PBXFileReference; includeInIndex = 1; lastKnownFileType = text.xcconfig; name = "Pods-SwiftUIExample.release.xcconfig"; path = "Target Support Files/Pods-SwiftUIExample/Pods-SwiftUIExample.release.xcconfig"; sourceTree = "<group>"; };
		CA45048A25B79A7800153FC4 /* SwiftUIExample.app */ = {isa = PBXFileReference; explicitFileType = wrapper.application; includeInIndex = 0; path = SwiftUIExample.app; sourceTree = BUILT_PRODUCTS_DIR; };
		CA45048D25B79A7800153FC4 /* SwiftUIExampleApp.swift */ = {isa = PBXFileReference; lastKnownFileType = sourcecode.swift; path = SwiftUIExampleApp.swift; sourceTree = "<group>"; };
		CA45049125B79A7800153FC4 /* Assets.xcassets */ = {isa = PBXFileReference; lastKnownFileType = folder.assetcatalog; path = Assets.xcassets; sourceTree = "<group>"; };
		CA45049425B79A7800153FC4 /* Preview Assets.xcassets */ = {isa = PBXFileReference; lastKnownFileType = folder.assetcatalog; path = "Preview Assets.xcassets"; sourceTree = "<group>"; };
		CA45049625B79A7800153FC4 /* Info.plist */ = {isa = PBXFileReference; lastKnownFileType = text.plist.xml; path = Info.plist; sourceTree = "<group>"; };
		CA45049B25B79A7800153FC4 /* SwiftUIExampleTests.xctest */ = {isa = PBXFileReference; explicitFileType = wrapper.cfbundle; includeInIndex = 0; path = SwiftUIExampleTests.xctest; sourceTree = BUILT_PRODUCTS_DIR; };
		CA45049F25B79A7900153FC4 /* SwiftUIExampleTests.swift */ = {isa = PBXFileReference; lastKnownFileType = sourcecode.swift; path = SwiftUIExampleTests.swift; sourceTree = "<group>"; };
		CA4504A125B79A7900153FC4 /* Info.plist */ = {isa = PBXFileReference; lastKnownFileType = text.plist.xml; path = Info.plist; sourceTree = "<group>"; };
		CA9461AB25F7DFF000634668 /* landmark-repository.js */ = {isa = PBXFileReference; fileEncoding = 4; lastKnownFileType = sourcecode.javascript; path = "landmark-repository.js"; sourceTree = "<group>"; };
		CA9461AC25F7DFF000634668 /* repository.js */ = {isa = PBXFileReference; fileEncoding = 4; lastKnownFileType = sourcecode.javascript; path = repository.js; sourceTree = "<group>"; };
		CA9461AD25F7DFF000634668 /* hike-repository.js */ = {isa = PBXFileReference; fileEncoding = 4; lastKnownFileType = sourcecode.javascript; path = "hike-repository.js"; sourceTree = "<group>"; };
		CA9461AE25F7DFF000634668 /* server.js */ = {isa = PBXFileReference; fileEncoding = 4; lastKnownFileType = sourcecode.javascript; path = server.js; sourceTree = "<group>"; };
		CA94883125F7E00E00634668 /* package-lock.json */ = {isa = PBXFileReference; fileEncoding = 4; lastKnownFileType = text.json; path = "package-lock.json"; sourceTree = "<group>"; };
		CA94883225F7E00E00634668 /* package.json */ = {isa = PBXFileReference; fileEncoding = 4; lastKnownFileType = text.json; path = package.json; sourceTree = "<group>"; };
		CA94883325F7E00E00634668 /* docker-compose.yml */ = {isa = PBXFileReference; fileEncoding = 4; lastKnownFileType = text.yaml; path = "docker-compose.yml"; sourceTree = "<group>"; };
		CA94883525F7E00E00634668 /* provider_tests.js */ = {isa = PBXFileReference; fileEncoding = 4; lastKnownFileType = sourcecode.javascript; path = provider_tests.js; sourceTree = "<group>"; };
		CA94883725F7E00E00634668 /* landmarks.js */ = {isa = PBXFileReference; fileEncoding = 4; lastKnownFileType = sourcecode.javascript; path = landmarks.js; sourceTree = "<group>"; };
		CA94883825F7E00E00634668 /* hikes.js */ = {isa = PBXFileReference; fileEncoding = 4; lastKnownFileType = sourcecode.javascript; path = hikes.js; sourceTree = "<group>"; };
		CA94883925F7E00E00634668 /* app.js */ = {isa = PBXFileReference; fileEncoding = 4; lastKnownFileType = sourcecode.javascript; path = app.js; sourceTree = "<group>"; };
		CA9575A325F6C698009507C6 /* GeneratedMocks.swift */ = {isa = PBXFileReference; fileEncoding = 4; lastKnownFileType = sourcecode.swift; path = GeneratedMocks.swift; sourceTree = "<group>"; };
		CA9575AC25F6C6E6009507C6 /* MockExtensions.swift */ = {isa = PBXFileReference; fileEncoding = 4; lastKnownFileType = sourcecode.swift; path = MockExtensions.swift; sourceTree = "<group>"; };
		CAD904BD25F18FCC00C6132A /* URLSessionExtensions.swift */ = {isa = PBXFileReference; lastKnownFileType = sourcecode.swift; path = URLSessionExtensions.swift; sourceTree = "<group>"; };
		CAD904C225F18FE400C6132A /* URLRequestExtensions.swift */ = {isa = PBXFileReference; lastKnownFileType = sourcecode.swift; path = URLRequestExtensions.swift; sourceTree = "<group>"; };
		CAD904C725F1904800C6132A /* BaseAPI.swift */ = {isa = PBXFileReference; lastKnownFileType = sourcecode.swift; path = BaseAPI.swift; sourceTree = "<group>"; };
		CAD904CC25F1906D00C6132A /* RESTAPIProtocol.swift */ = {isa = PBXFileReference; lastKnownFileType = sourcecode.swift; path = RESTAPIProtocol.swift; sourceTree = "<group>"; };
		CAD904D125F1908000C6132A /* HikesService.swift */ = {isa = PBXFileReference; lastKnownFileType = sourcecode.swift; path = HikesService.swift; sourceTree = "<group>"; };
		CAD904D825F1924500C6132A /* DependencyInjected.swift */ = {isa = PBXFileReference; fileEncoding = 4; lastKnownFileType = sourcecode.swift; name = DependencyInjected.swift; path = ../../DependencyInjection/DependencyInjection/DependencyInjection/DependencyInjected.swift; sourceTree = "<group>"; };
		CAD904D925F1924500C6132A /* ContainerExtensions.swift */ = {isa = PBXFileReference; fileEncoding = 4; lastKnownFileType = sourcecode.swift; name = ContainerExtensions.swift; path = ../../DependencyInjection/DependencyInjection/DependencyInjection/ContainerExtensions.swift; sourceTree = "<group>"; };
		CAD904DF25F1927A00C6132A /* APITests.swift */ = {isa = PBXFileReference; lastKnownFileType = sourcecode.swift; path = APITests.swift; sourceTree = "<group>"; };
		CAD904E425F192CD00C6132A /* StubAPIResponse.swift */ = {isa = PBXFileReference; fileEncoding = 4; lastKnownFileType = sourcecode.swift; name = StubAPIResponse.swift; path = ../../../HTTPStubbing/HTTPStubbingTests/StubAPIResponse.swift; sourceTree = "<group>"; };
		CAD9052B25F193B100C6132A /* URLRequestExtensions.swift */ = {isa = PBXFileReference; fileEncoding = 4; lastKnownFileType = sourcecode.swift; name = URLRequestExtensions.swift; path = ../../../HTTPStubbing/HTTPStubbingTests/URLRequestExtensions.swift; sourceTree = "<group>"; };
		CAD9053325F1971800C6132A /* ContractTests.swift */ = {isa = PBXFileReference; lastKnownFileType = sourcecode.swift; path = ContractTests.swift; sourceTree = "<group>"; };
		CC8870C72656C67E008684E1 /* ViewHostingExtensions.swift */ = {isa = PBXFileReference; lastKnownFileType = sourcecode.swift; path = ViewHostingExtensions.swift; sourceTree = "<group>"; };
		CCBC1F772656ADF1009AF666 /* LandmarkDetail.swift */ = {isa = PBXFileReference; lastKnownFileType = sourcecode.swift; path = LandmarkDetail.swift; sourceTree = "<group>"; };
		CCBC1F7E2656AE4E009AF666 /* InspectableExtensions.swift */ = {isa = PBXFileReference; lastKnownFileType = sourcecode.swift; path = InspectableExtensions.swift; sourceTree = "<group>"; };
		CCBC1FC52656AF0F009AF666 /* LandmarkDetailTests.swift */ = {isa = PBXFileReference; lastKnownFileType = sourcecode.swift; path = LandmarkDetailTests.swift; sourceTree = "<group>"; };
		CCBC1FCA2656B35A009AF666 /* MapView.swift */ = {isa = PBXFileReference; lastKnownFileType = sourcecode.swift; path = MapView.swift; sourceTree = "<group>"; };
		CCBC1FD22656B548009AF666 /* CircleImage.swift */ = {isa = PBXFileReference; lastKnownFileType = sourcecode.swift; path = CircleImage.swift; sourceTree = "<group>"; };
		CCBC1FD72656B897009AF666 /* FavoriteButton.swift */ = {isa = PBXFileReference; lastKnownFileType = sourcecode.swift; path = FavoriteButton.swift; sourceTree = "<group>"; };
		CCBC1FDD2656C267009AF666 /* Inspection.swift */ = {isa = PBXFileReference; lastKnownFileType = sourcecode.swift; path = Inspection.swift; sourceTree = "<group>"; };
/* End PBXFileReference section */

/* Begin PBXFrameworksBuildPhase section */
		0011EBF725E8839B00E48AE8 /* Frameworks */ = {
			isa = PBXFrameworksBuildPhase;
			buildActionMask = 2147483647;
			files = (
				0A950C9F5DD37D53DCA75612 /* Pods_SwiftUIExample_SwiftUIExampleUITests.framework in Frameworks */,
			);
			runOnlyForDeploymentPostprocessing = 0;
		};
		CA45048725B79A7800153FC4 /* Frameworks */ = {
			isa = PBXFrameworksBuildPhase;
			buildActionMask = 2147483647;
			files = (
				D21FBB8F56E94A1AF2DB28F0 /* Pods_SwiftUIExample.framework in Frameworks */,
			);
			runOnlyForDeploymentPostprocessing = 0;
		};
		CA45049825B79A7800153FC4 /* Frameworks */ = {
			isa = PBXFrameworksBuildPhase;
			buildActionMask = 2147483647;
			files = (
				BBB9738EC168E1F562E76E6C /* Pods_SwiftUIExample_SwiftUIExampleTests.framework in Frameworks */,
			);
			runOnlyForDeploymentPostprocessing = 0;
		};
/* End PBXFrameworksBuildPhase section */

/* Begin PBXGroup section */
		0001A04825E053030081DFB0 /* Views */ = {
			isa = PBXGroup;
			children = (
				0011EB2725E80A5700E48AE8 /* ContentView.swift */,
				CCBC1F772656ADF1009AF666 /* LandmarkDetail.swift */,
				CCBC1FCA2656B35A009AF666 /* MapView.swift */,
				CCBC1FD22656B548009AF666 /* CircleImage.swift */,
				CCBC1FD72656B897009AF666 /* FavoriteButton.swift */,
				0011EA7F25E5578700E48AE8 /* Badges */,
			);
			path = Views;
			sourceTree = "<group>";
		};
		0011EA7F25E5578700E48AE8 /* Badges */ = {
			isa = PBXGroup;
			children = (
				0011EA8025E557A600E48AE8 /* Badge.swift */,
				0011EA8325E557A600E48AE8 /* BadgeBackground.swift */,
				0011EA8425E557A600E48AE8 /* BadgeSymbol.swift */,
				0011EA8125E557A600E48AE8 /* HexagonParameters.swift */,
				0011EA8225E557A600E48AE8 /* RotatedBadgeSymbol.swift */,
			);
			path = Badges;
			sourceTree = "<group>";
		};
		0011EAD525E595A500E48AE8 /* Extensions */ = {
			isa = PBXGroup;
			children = (
				0052A2282608F7E900F672F4 /* LandmarkExtensions.swift */,
			);
			path = Extensions;
			sourceTree = "<group>";
		};
		0011EBEF25E87FB300E48AE8 /* LICENSE */ = {
			isa = PBXGroup;
			children = (
				0011EBF025E87FFA00E48AE8 /* LICENSE.txt */,
			);
			path = LICENSE;
			sourceTree = "<group>";
		};
		0011EBFB25E8839C00E48AE8 /* SwiftUIExampleUITests */ = {
			isa = PBXGroup;
			children = (
				0011EC1125E8862600E48AE8 /* DependencyInjection */,
				0011EBFE25E8839C00E48AE8 /* Info.plist */,
			);
			path = SwiftUIExampleUITests;
			sourceTree = "<group>";
		};
		0011EC1125E8862600E48AE8 /* DependencyInjection */ = {
			isa = PBXGroup;
			children = (
				0011EC1325E8863600E48AE8 /* ContainerExtensions.swift */,
				0011EC1225E8863600E48AE8 /* DependencyInjected.swift */,
			);
			name = DependencyInjection;
			sourceTree = "<group>";
		};
		0016335A25F6A85400A227A4 /* Resources */ = {
			isa = PBXGroup;
			children = (
				0016335B25F6A88500A227A4 /* landmarkData.swift */,
				0016336325F6A9DE00A227A4 /* hikesData.swift */,
			);
			path = Resources;
			sourceTree = "<group>";
		};
		002D475025E05E15000525C3 /* Models */ = {
			isa = PBXGroup;
			children = (
				0011EB3025E82F5100E48AE8 /* Profile.swift */,
				002D474B25E05D7E000525C3 /* AppModel.swift */,
				002D474725E05C45000525C3 /* Landmark.swift */,
				002D475125E05E36000525C3 /* Hike.swift */,
			);
			path = Models;
			sourceTree = "<group>";
		};
		0E2E8EF44C574C4794FD29E1 /* Pods */ = {
			isa = PBXGroup;
			children = (
				37161F9B33000965D279ACAA /* Pods-SwiftUIExample.debug.xcconfig */,
				8ACB0CEF0A1BFD5FEB504A1D /* Pods-SwiftUIExample.release.xcconfig */,
				6A76F1660C1F764B6AA7C4F2 /* Pods-SwiftUIExample-SwiftUIExampleTests.debug.xcconfig */,
				53088C5D5FD31011317EB2DC /* Pods-SwiftUIExample-SwiftUIExampleTests.release.xcconfig */,
				2366CC911CCCCFC440315435 /* Pods-SwiftUIExample-SwiftUIExampleUITests.debug.xcconfig */,
				671830594A45EBED756ADE07 /* Pods-SwiftUIExample-SwiftUIExampleUITests.release.xcconfig */,
			);
			name = Pods;
			path = ../Pods;
			sourceTree = "<group>";
		};
		81669818006A9864E91389E3 /* Frameworks */ = {
			isa = PBXGroup;
			children = (
				007EDD75F4DC2A86B7F6FD29 /* Pods_SwiftUIExample.framework */,
				81E0F83637ED7E88C374F551 /* Pods_SwiftUIExample_SwiftUIExampleTests.framework */,
				7FA850DC8186F668A5BD2821 /* Pods_SwiftUIExample_SwiftUIExampleUITests.framework */,
			);
			name = Frameworks;
			sourceTree = "<group>";
		};
		CA45048125B79A7800153FC4 = {
			isa = PBXGroup;
			children = (
				CA9461A925F7DFF000634668 /* hikes-server */,
				0011EBEF25E87FB300E48AE8 /* LICENSE */,
				CA45048C25B79A7800153FC4 /* SwiftUIExample */,
				CA45049E25B79A7900153FC4 /* SwiftUIExampleTests */,
				0011EBFB25E8839C00E48AE8 /* SwiftUIExampleUITests */,
				CA45048B25B79A7800153FC4 /* Products */,
				0E2E8EF44C574C4794FD29E1 /* Pods */,
				81669818006A9864E91389E3 /* Frameworks */,
			);
			sourceTree = "<group>";
		};
		CA45048B25B79A7800153FC4 /* Products */ = {
			isa = PBXGroup;
			children = (
				CA45048A25B79A7800153FC4 /* SwiftUIExample.app */,
				CA45049B25B79A7800153FC4 /* SwiftUIExampleTests.xctest */,
				0011EBFA25E8839B00E48AE8 /* SwiftUIExampleUITests.xctest */,
			);
			name = Products;
			sourceTree = "<group>";
		};
		CA45048C25B79A7800153FC4 /* SwiftUIExample */ = {
			isa = PBXGroup;
			children = (
				CCBC1FDC2656C238009AF666 /* ViewInspector */,
				CAD904D725F190D100C6132A /* DependencyInjection */,
				CAD904BC25F18FBE00C6132A /* Extensions */,
				CAD904B825F18F8400C6132A /* Network */,
				002D475025E05E15000525C3 /* Models */,
				0001A04825E053030081DFB0 /* Views */,
				CA45048D25B79A7800153FC4 /* SwiftUIExampleApp.swift */,
				CA45049125B79A7800153FC4 /* Assets.xcassets */,
				CA45049625B79A7800153FC4 /* Info.plist */,
				CA45049325B79A7800153FC4 /* Preview Content */,
			);
			path = SwiftUIExample;
			sourceTree = "<group>";
		};
		CA45049325B79A7800153FC4 /* Preview Content */ = {
			isa = PBXGroup;
			children = (
				CA45049425B79A7800153FC4 /* Preview Assets.xcassets */,
			);
			path = "Preview Content";
			sourceTree = "<group>";
		};
		CA45049E25B79A7900153FC4 /* SwiftUIExampleTests */ = {
			isa = PBXGroup;
			children = (
				CCBC1FC42656AF01009AF666 /* Views */,
				CCBC1F7D2656AE39009AF666 /* ViewInspector */,
				CA5D13DF25F7CC9400A02B0B /* CuckooHelpers */,
				CA9575A325F6C698009507C6 /* GeneratedMocks.swift */,
				0016335A25F6A85400A227A4 /* Resources */,
				CAD904B725F18F7D00C6132A /* Network */,
				0011EAD525E595A500E48AE8 /* Extensions */,
				CA45049F25B79A7900153FC4 /* SwiftUIExampleTests.swift */,
				CA4504A125B79A7900153FC4 /* Info.plist */,
			);
			path = SwiftUIExampleTests;
			sourceTree = "<group>";
		};
		CA5D13DF25F7CC9400A02B0B /* CuckooHelpers */ = {
			isa = PBXGroup;
			children = (
				CA9575AC25F6C6E6009507C6 /* MockExtensions.swift */,
			);
			name = CuckooHelpers;
			sourceTree = "<group>";
		};
		CA9461A925F7DFF000634668 /* hikes-server */ = {
			isa = PBXGroup;
			children = (
				CA9461AA25F7DFF000634668 /* Repository */,
				CA9461AE25F7DFF000634668 /* server.js */,
				CA94883125F7E00E00634668 /* package-lock.json */,
				CA94883225F7E00E00634668 /* package.json */,
				CA94883325F7E00E00634668 /* docker-compose.yml */,
				CA94883425F7E00E00634668 /* pact */,
				CA94883625F7E00E00634668 /* routes */,
				CA94883925F7E00E00634668 /* app.js */,
			);
			path = "hikes-server";
			sourceTree = "<group>";
		};
		CA9461AA25F7DFF000634668 /* Repository */ = {
			isa = PBXGroup;
			children = (
				CA9461AB25F7DFF000634668 /* landmark-repository.js */,
				CA9461AC25F7DFF000634668 /* repository.js */,
				CA9461AD25F7DFF000634668 /* hike-repository.js */,
			);
			path = Repository;
			sourceTree = "<group>";
		};
		CA94883425F7E00E00634668 /* pact */ = {
			isa = PBXGroup;
			children = (
				CA94883525F7E00E00634668 /* provider_tests.js */,
			);
			path = pact;
			sourceTree = "<group>";
		};
		CA94883625F7E00E00634668 /* routes */ = {
			isa = PBXGroup;
			children = (
				CA94883725F7E00E00634668 /* landmarks.js */,
				CA94883825F7E00E00634668 /* hikes.js */,
			);
			path = routes;
			sourceTree = "<group>";
		};
		CAD904B725F18F7D00C6132A /* Network */ = {
			isa = PBXGroup;
			children = (
				CAD9052B25F193B100C6132A /* URLRequestExtensions.swift */,
				CAD904E425F192CD00C6132A /* StubAPIResponse.swift */,
				CAD904DF25F1927A00C6132A /* APITests.swift */,
				CAD9053325F1971800C6132A /* ContractTests.swift */,
			);
			path = Network;
			sourceTree = "<group>";
		};
		CAD904B825F18F8400C6132A /* Network */ = {
			isa = PBXGroup;
			children = (
				CAD904C725F1904800C6132A /* BaseAPI.swift */,
				CAD904CC25F1906D00C6132A /* RESTAPIProtocol.swift */,
				CAD904D125F1908000C6132A /* HikesService.swift */,
			);
			path = Network;
			sourceTree = "<group>";
		};
		CAD904BC25F18FBE00C6132A /* Extensions */ = {
			isa = PBXGroup;
			children = (
				CAD904BD25F18FCC00C6132A /* URLSessionExtensions.swift */,
				CAD904C225F18FE400C6132A /* URLRequestExtensions.swift */,
			);
			path = Extensions;
			sourceTree = "<group>";
		};
		CAD904D725F190D100C6132A /* DependencyInjection */ = {
			isa = PBXGroup;
			children = (
				CAD904D925F1924500C6132A /* ContainerExtensions.swift */,
				CAD904D825F1924500C6132A /* DependencyInjected.swift */,
			);
			name = DependencyInjection;
			sourceTree = "<group>";
		};
		CCBC1F7D2656AE39009AF666 /* ViewInspector */ = {
			isa = PBXGroup;
			children = (
				CCBC1F7E2656AE4E009AF666 /* InspectableExtensions.swift */,
				CC8870C72656C67E008684E1 /* ViewHostingExtensions.swift */,
			);
			path = ViewInspector;
			sourceTree = "<group>";
		};
		CCBC1FC42656AF01009AF666 /* Views */ = {
			isa = PBXGroup;
			children = (
				CCBC1FC52656AF0F009AF666 /* LandmarkDetailTests.swift */,
			);
			path = Views;
			sourceTree = "<group>";
		};
		CCBC1FDC2656C238009AF666 /* ViewInspector */ = {
			isa = PBXGroup;
			children = (
				CCBC1FDD2656C267009AF666 /* Inspection.swift */,
			);
			path = ViewInspector;
			sourceTree = "<group>";
		};
/* End PBXGroup section */

/* Begin PBXNativeTarget section */
		0011EBF925E8839B00E48AE8 /* SwiftUIExampleUITests */ = {
			isa = PBXNativeTarget;
			buildConfigurationList = 0011EC0125E8839C00E48AE8 /* Build configuration list for PBXNativeTarget "SwiftUIExampleUITests" */;
			buildPhases = (
				F384880B0F4578E49903C77F /* [CP] Check Pods Manifest.lock */,
				0011EBF625E8839B00E48AE8 /* Sources */,
				0011EBF725E8839B00E48AE8 /* Frameworks */,
				0011EBF825E8839B00E48AE8 /* Resources */,
				73AB05842A75EF1F77F0C5B9 /* Lint */,
				7A3C8C0E57078E43525E089A /* [CP] Embed Pods Frameworks */,
			);
			buildRules = (
			);
			dependencies = (
				0011EC0025E8839C00E48AE8 /* PBXTargetDependency */,
			);
			name = SwiftUIExampleUITests;
			productName = SwiftUIExampleUITests;
			productReference = 0011EBFA25E8839B00E48AE8 /* SwiftUIExampleUITests.xctest */;
			productType = "com.apple.product-type.bundle.ui-testing";
		};
		CA45048925B79A7800153FC4 /* SwiftUIExample */ = {
			isa = PBXNativeTarget;
			buildConfigurationList = CA4504AF25B79A7900153FC4 /* Build configuration list for PBXNativeTarget "SwiftUIExample" */;
			buildPhases = (
				050C36D787DBB97F3A4104DF /* [CP] Check Pods Manifest.lock */,
				CA45048625B79A7800153FC4 /* Sources */,
				CA45048725B79A7800153FC4 /* Frameworks */,
				CA45048825B79A7800153FC4 /* Resources */,
				6D058887FE87CDEA6DFEAD8B /* Lint */,
				14815D2BBDAAE59AC4676DC7 /* [CP] Embed Pods Frameworks */,
			);
			buildRules = (
			);
			dependencies = (
			);
			name = SwiftUIExample;
			productName = SwiftUIExample;
			productReference = CA45048A25B79A7800153FC4 /* SwiftUIExample.app */;
			productType = "com.apple.product-type.application";
		};
		CA45049A25B79A7800153FC4 /* SwiftUIExampleTests */ = {
			isa = PBXNativeTarget;
			buildConfigurationList = CA4504B225B79A7900153FC4 /* Build configuration list for PBXNativeTarget "SwiftUIExampleTests" */;
			buildPhases = (
				5D12E29847CFA460548C2288 /* [CP] Check Pods Manifest.lock */,
				CA95759F25F6C630009507C6 /* Generate Mocks */,
				CA45049725B79A7800153FC4 /* Sources */,
				CA45049825B79A7800153FC4 /* Frameworks */,
				CA45049925B79A7800153FC4 /* Resources */,
				196937071D6D17BE813AC569 /* Lint */,
				980673101027D10CD1356445 /* [CP] Embed Pods Frameworks */,
			);
			buildRules = (
			);
			dependencies = (
				CA45049D25B79A7900153FC4 /* PBXTargetDependency */,
			);
			name = SwiftUIExampleTests;
			productName = SwiftUIExampleTests;
			productReference = CA45049B25B79A7800153FC4 /* SwiftUIExampleTests.xctest */;
			productType = "com.apple.product-type.bundle.unit-test";
		};
/* End PBXNativeTarget section */

/* Begin PBXProject section */
		CA45048225B79A7800153FC4 /* Project object */ = {
			isa = PBXProject;
			attributes = {
				LastSwiftUpdateCheck = 1240;
				LastUpgradeCheck = 1230;
				TargetAttributes = {
					0011EBF925E8839B00E48AE8 = {
						CreatedOnToolsVersion = 12.4;
						TestTargetID = CA45048925B79A7800153FC4;
					};
					CA45048925B79A7800153FC4 = {
						CreatedOnToolsVersion = 12.3;
					};
					CA45049A25B79A7800153FC4 = {
						CreatedOnToolsVersion = 12.3;
						TestTargetID = CA45048925B79A7800153FC4;
					};
				};
			};
			buildConfigurationList = CA45048525B79A7800153FC4 /* Build configuration list for PBXProject "SwiftUIExample" */;
			compatibilityVersion = "Xcode 9.3";
			developmentRegion = en;
			hasScannedForEncodings = 0;
			knownRegions = (
				en,
				Base,
			);
			mainGroup = CA45048125B79A7800153FC4;
			productRefGroup = CA45048B25B79A7800153FC4 /* Products */;
			projectDirPath = "";
			projectRoot = "";
			targets = (
				CA45048925B79A7800153FC4 /* SwiftUIExample */,
				CA45049A25B79A7800153FC4 /* SwiftUIExampleTests */,
				0011EBF925E8839B00E48AE8 /* SwiftUIExampleUITests */,
			);
		};
/* End PBXProject section */

/* Begin PBXResourcesBuildPhase section */
		0011EBF825E8839B00E48AE8 /* Resources */ = {
			isa = PBXResourcesBuildPhase;
			buildActionMask = 2147483647;
			files = (
			);
			runOnlyForDeploymentPostprocessing = 0;
		};
		CA45048825B79A7800153FC4 /* Resources */ = {
			isa = PBXResourcesBuildPhase;
			buildActionMask = 2147483647;
			files = (
				CA94883B25F7E00F00634668 /* repository.js in Resources */,
				CA94883D25F7E00F00634668 /* server.js in Resources */,
				CA94A89C25F7E02000634668 /* package-lock.json in Resources */,
				CA45049525B79A7800153FC4 /* Preview Assets.xcassets in Resources */,
				CA94883C25F7E00F00634668 /* hike-repository.js in Resources */,
				CA94A8A025F7E02000634668 /* landmarks.js in Resources */,
				CA94883A25F7E00F00634668 /* landmark-repository.js in Resources */,
				CA94A8A225F7E02000634668 /* app.js in Resources */,
				CA94A89F25F7E02000634668 /* provider_tests.js in Resources */,
				CA94A89E25F7E02000634668 /* docker-compose.yml in Resources */,
				CA94A89D25F7E02000634668 /* package.json in Resources */,
				CA45049225B79A7800153FC4 /* Assets.xcassets in Resources */,
				CA94A8A125F7E02000634668 /* hikes.js in Resources */,
			);
			runOnlyForDeploymentPostprocessing = 0;
		};
		CA45049925B79A7800153FC4 /* Resources */ = {
			isa = PBXResourcesBuildPhase;
			buildActionMask = 2147483647;
			files = (
				0011EBF125E87FFB00E48AE8 /* LICENSE.txt in Resources */,
			);
			runOnlyForDeploymentPostprocessing = 0;
		};
/* End PBXResourcesBuildPhase section */

/* Begin PBXShellScriptBuildPhase section */
		050C36D787DBB97F3A4104DF /* [CP] Check Pods Manifest.lock */ = {
			isa = PBXShellScriptBuildPhase;
			buildActionMask = 2147483647;
			files = (
			);
			inputFileListPaths = (
			);
			inputPaths = (
				"${PODS_PODFILE_DIR_PATH}/Podfile.lock",
				"${PODS_ROOT}/Manifest.lock",
			);
			name = "[CP] Check Pods Manifest.lock";
			outputFileListPaths = (
			);
			outputPaths = (
				"$(DERIVED_FILE_DIR)/Pods-SwiftUIExample-checkManifestLockResult.txt",
			);
			runOnlyForDeploymentPostprocessing = 0;
			shellPath = /bin/sh;
			shellScript = "diff \"${PODS_PODFILE_DIR_PATH}/Podfile.lock\" \"${PODS_ROOT}/Manifest.lock\" > /dev/null\nif [ $? != 0 ] ; then\n    # print error to STDERR\n    echo \"error: The sandbox is not in sync with the Podfile.lock. Run 'pod install' or update your CocoaPods installation.\" >&2\n    exit 1\nfi\n# This output is used by Xcode 'outputs' to avoid re-running this script phase.\necho \"SUCCESS\" > \"${SCRIPT_OUTPUT_FILE_0}\"\n";
			showEnvVarsInLog = 0;
		};
		14815D2BBDAAE59AC4676DC7 /* [CP] Embed Pods Frameworks */ = {
			isa = PBXShellScriptBuildPhase;
			buildActionMask = 2147483647;
			files = (
			);
			inputFileListPaths = (
				"${PODS_ROOT}/Target Support Files/Pods-SwiftUIExample/Pods-SwiftUIExample-frameworks-${CONFIGURATION}-input-files.xcfilelist",
			);
			name = "[CP] Embed Pods Frameworks";
			outputFileListPaths = (
				"${PODS_ROOT}/Target Support Files/Pods-SwiftUIExample/Pods-SwiftUIExample-frameworks-${CONFIGURATION}-output-files.xcfilelist",
			);
			runOnlyForDeploymentPostprocessing = 0;
			shellPath = /bin/sh;
			shellScript = "\"${PODS_ROOT}/Target Support Files/Pods-SwiftUIExample/Pods-SwiftUIExample-frameworks.sh\"\n";
			showEnvVarsInLog = 0;
		};
		196937071D6D17BE813AC569 /* Lint */ = {
			isa = PBXShellScriptBuildPhase;
			buildActionMask = 2147483647;
			files = (
			);
			inputFileListPaths = (
			);
			inputPaths = (
			);
			name = Lint;
			outputFileListPaths = (
			);
			outputPaths = (
			);
			runOnlyForDeploymentPostprocessing = 0;
			shellPath = /bin/sh;
			shellScript = "${PODS_ROOT}/SwiftLint/swiftlint --config ../.swiftlint.yml";
		};
		5D12E29847CFA460548C2288 /* [CP] Check Pods Manifest.lock */ = {
			isa = PBXShellScriptBuildPhase;
			buildActionMask = 2147483647;
			files = (
			);
			inputFileListPaths = (
			);
			inputPaths = (
				"${PODS_PODFILE_DIR_PATH}/Podfile.lock",
				"${PODS_ROOT}/Manifest.lock",
			);
			name = "[CP] Check Pods Manifest.lock";
			outputFileListPaths = (
			);
			outputPaths = (
				"$(DERIVED_FILE_DIR)/Pods-SwiftUIExample-SwiftUIExampleTests-checkManifestLockResult.txt",
			);
			runOnlyForDeploymentPostprocessing = 0;
			shellPath = /bin/sh;
			shellScript = "diff \"${PODS_PODFILE_DIR_PATH}/Podfile.lock\" \"${PODS_ROOT}/Manifest.lock\" > /dev/null\nif [ $? != 0 ] ; then\n    # print error to STDERR\n    echo \"error: The sandbox is not in sync with the Podfile.lock. Run 'pod install' or update your CocoaPods installation.\" >&2\n    exit 1\nfi\n# This output is used by Xcode 'outputs' to avoid re-running this script phase.\necho \"SUCCESS\" > \"${SCRIPT_OUTPUT_FILE_0}\"\n";
			showEnvVarsInLog = 0;
		};
		6D058887FE87CDEA6DFEAD8B /* Lint */ = {
			isa = PBXShellScriptBuildPhase;
			buildActionMask = 2147483647;
			files = (
			);
			inputFileListPaths = (
			);
			inputPaths = (
			);
			name = Lint;
			outputFileListPaths = (
			);
			outputPaths = (
			);
			runOnlyForDeploymentPostprocessing = 0;
			shellPath = /bin/sh;
			shellScript = "${PODS_ROOT}/SwiftLint/swiftlint --config ../.swiftlint.yml";
		};
		73AB05842A75EF1F77F0C5B9 /* Lint */ = {
			isa = PBXShellScriptBuildPhase;
			buildActionMask = 2147483647;
			files = (
			);
			inputFileListPaths = (
			);
			inputPaths = (
			);
			name = Lint;
			outputFileListPaths = (
			);
			outputPaths = (
			);
			runOnlyForDeploymentPostprocessing = 0;
			shellPath = /bin/sh;
			shellScript = "${PODS_ROOT}/SwiftLint/swiftlint --config ../.swiftlint.yml";
		};
		7A3C8C0E57078E43525E089A /* [CP] Embed Pods Frameworks */ = {
			isa = PBXShellScriptBuildPhase;
			buildActionMask = 2147483647;
			files = (
			);
			inputFileListPaths = (
				"${PODS_ROOT}/Target Support Files/Pods-SwiftUIExample-SwiftUIExampleUITests/Pods-SwiftUIExample-SwiftUIExampleUITests-frameworks-${CONFIGURATION}-input-files.xcfilelist",
			);
			name = "[CP] Embed Pods Frameworks";
			outputFileListPaths = (
				"${PODS_ROOT}/Target Support Files/Pods-SwiftUIExample-SwiftUIExampleUITests/Pods-SwiftUIExample-SwiftUIExampleUITests-frameworks-${CONFIGURATION}-output-files.xcfilelist",
			);
			runOnlyForDeploymentPostprocessing = 0;
			shellPath = /bin/sh;
			shellScript = "\"${PODS_ROOT}/Target Support Files/Pods-SwiftUIExample-SwiftUIExampleUITests/Pods-SwiftUIExample-SwiftUIExampleUITests-frameworks.sh\"\n";
			showEnvVarsInLog = 0;
		};
		980673101027D10CD1356445 /* [CP] Embed Pods Frameworks */ = {
			isa = PBXShellScriptBuildPhase;
			buildActionMask = 2147483647;
			files = (
			);
			inputFileListPaths = (
				"${PODS_ROOT}/Target Support Files/Pods-SwiftUIExample-SwiftUIExampleTests/Pods-SwiftUIExample-SwiftUIExampleTests-frameworks-${CONFIGURATION}-input-files.xcfilelist",
			);
			name = "[CP] Embed Pods Frameworks";
			outputFileListPaths = (
				"${PODS_ROOT}/Target Support Files/Pods-SwiftUIExample-SwiftUIExampleTests/Pods-SwiftUIExample-SwiftUIExampleTests-frameworks-${CONFIGURATION}-output-files.xcfilelist",
			);
			runOnlyForDeploymentPostprocessing = 0;
			shellPath = /bin/sh;
			shellScript = "\"${PODS_ROOT}/Target Support Files/Pods-SwiftUIExample-SwiftUIExampleTests/Pods-SwiftUIExample-SwiftUIExampleTests-frameworks.sh\"\n";
			showEnvVarsInLog = 0;
		};
		CA95759F25F6C630009507C6 /* Generate Mocks */ = {
			isa = PBXShellScriptBuildPhase;
			buildActionMask = 2147483647;
			files = (
			);
			inputFileListPaths = (
			);
			inputPaths = (
			);
			name = "Generate Mocks";
			outputFileListPaths = (
			);
			outputPaths = (
			);
			runOnlyForDeploymentPostprocessing = 0;
			shellPath = /bin/sh;
			shellScript = "# Define output file. Change \"${PROJECT_DIR}/${PROJECT_NAME}Tests\" to your test's root source folder, if it's not the default name.\nOUTPUT_FILE=\"${PROJECT_DIR}/${PROJECT_NAME}Tests/GeneratedMocks.swift\"\necho \"Generated Mocks File = ${OUTPUT_FILE}\"\n\n# Define input directory. Change \"${PROJECT_DIR}/${PROJECT_NAME}\" to your project's root source folder, if it's not the default name.\nINPUT_DIR=\"${PROJECT_DIR}/${PROJECT_NAME}\"\necho \"Mocks Input Directory = ${INPUT_DIR}\"\n\n# Generate mock files, include as many input files as you'd like to create mocks for.\n\"${PODS_ROOT}/Cuckoo/run\" generate --testable \"${PROJECT_NAME}\" \\\n--output \"${OUTPUT_FILE}\" \\\n\"${INPUT_DIR}/Network/HikesService.swift\"\n\n";
		};
		F384880B0F4578E49903C77F /* [CP] Check Pods Manifest.lock */ = {
			isa = PBXShellScriptBuildPhase;
			buildActionMask = 2147483647;
			files = (
			);
			inputFileListPaths = (
			);
			inputPaths = (
				"${PODS_PODFILE_DIR_PATH}/Podfile.lock",
				"${PODS_ROOT}/Manifest.lock",
			);
			name = "[CP] Check Pods Manifest.lock";
			outputFileListPaths = (
			);
			outputPaths = (
				"$(DERIVED_FILE_DIR)/Pods-SwiftUIExample-SwiftUIExampleUITests-checkManifestLockResult.txt",
			);
			runOnlyForDeploymentPostprocessing = 0;
			shellPath = /bin/sh;
			shellScript = "diff \"${PODS_PODFILE_DIR_PATH}/Podfile.lock\" \"${PODS_ROOT}/Manifest.lock\" > /dev/null\nif [ $? != 0 ] ; then\n    # print error to STDERR\n    echo \"error: The sandbox is not in sync with the Podfile.lock. Run 'pod install' or update your CocoaPods installation.\" >&2\n    exit 1\nfi\n# This output is used by Xcode 'outputs' to avoid re-running this script phase.\necho \"SUCCESS\" > \"${SCRIPT_OUTPUT_FILE_0}\"\n";
			showEnvVarsInLog = 0;
		};
/* End PBXShellScriptBuildPhase section */

/* Begin PBXSourcesBuildPhase section */
		0011EBF625E8839B00E48AE8 /* Sources */ = {
			isa = PBXSourcesBuildPhase;
			buildActionMask = 2147483647;
			files = (
				0011EC1425E8863600E48AE8 /* DependencyInjected.swift in Sources */,
				0011EC1525E8863600E48AE8 /* ContainerExtensions.swift in Sources */,
			);
			runOnlyForDeploymentPostprocessing = 0;
		};
		CA45048625B79A7800153FC4 /* Sources */ = {
			isa = PBXSourcesBuildPhase;
			buildActionMask = 2147483647;
			files = (
				CAD904CD25F1906D00C6132A /* RESTAPIProtocol.swift in Sources */,
				0011EA8625E557A600E48AE8 /* HexagonParameters.swift in Sources */,
				002D475225E05E36000525C3 /* Hike.swift in Sources */,
				CAD904BE25F18FCC00C6132A /* URLSessionExtensions.swift in Sources */,
				0011EB2825E80A5800E48AE8 /* ContentView.swift in Sources */,
				0011EA8725E557A600E48AE8 /* RotatedBadgeSymbol.swift in Sources */,
				CCBC1F782656ADF1009AF666 /* LandmarkDetail.swift in Sources */,
				CAD904D225F1908000C6132A /* HikesService.swift in Sources */,
				002D474C25E05D7E000525C3 /* AppModel.swift in Sources */,
				CCBC1FD82656B897009AF666 /* FavoriteButton.swift in Sources */,
				CA45048E25B79A7800153FC4 /* SwiftUIExampleApp.swift in Sources */,
				CAD904C325F18FE400C6132A /* URLRequestExtensions.swift in Sources */,
				0011EB3125E82F5100E48AE8 /* Profile.swift in Sources */,
				002D474825E05C45000525C3 /* Landmark.swift in Sources */,
				0011EA8825E557A600E48AE8 /* BadgeBackground.swift in Sources */,
				CAD904DB25F1924500C6132A /* ContainerExtensions.swift in Sources */,
				CAD904DA25F1924500C6132A /* DependencyInjected.swift in Sources */,
				0011EA8525E557A600E48AE8 /* Badge.swift in Sources */,
				CCBC1FD32656B548009AF666 /* CircleImage.swift in Sources */,
				CCBC1FCB2656B35A009AF666 /* MapView.swift in Sources */,
				CCBC1FDE2656C267009AF666 /* Inspection.swift in Sources */,
				CAD904C825F1904800C6132A /* BaseAPI.swift in Sources */,
				0011EA8925E557A600E48AE8 /* BadgeSymbol.swift in Sources */,
			);
			runOnlyForDeploymentPostprocessing = 0;
		};
		CA45049725B79A7800153FC4 /* Sources */ = {
			isa = PBXSourcesBuildPhase;
			buildActionMask = 2147483647;
			files = (
				CAD9052C25F193B100C6132A /* URLRequestExtensions.swift in Sources */,
				0016335C25F6A88500A227A4 /* landmarkData.swift in Sources */,
				CAD9053425F1971800C6132A /* ContractTests.swift in Sources */,
				CAD904E525F192CD00C6132A /* StubAPIResponse.swift in Sources */,
				CCBC1FC62656AF0F009AF666 /* LandmarkDetailTests.swift in Sources */,
				CC8870C82656C67E008684E1 /* ViewHostingExtensions.swift in Sources */,
				CA9575A425F6C698009507C6 /* GeneratedMocks.swift in Sources */,
				CA9575AD25F6C6E6009507C6 /* MockExtensions.swift in Sources */,
				CCBC1F7F2656AE4E009AF666 /* InspectableExtensions.swift in Sources */,
				CAD904E025F1927A00C6132A /* APITests.swift in Sources */,
				CA4504A025B79A7900153FC4 /* SwiftUIExampleTests.swift in Sources */,
				0016336425F6A9DE00A227A4 /* hikesData.swift in Sources */,
				0052A2292608F7E900F672F4 /* LandmarkExtensions.swift in Sources */,
			);
			runOnlyForDeploymentPostprocessing = 0;
		};
/* End PBXSourcesBuildPhase section */

/* Begin PBXTargetDependency section */
		0011EC0025E8839C00E48AE8 /* PBXTargetDependency */ = {
			isa = PBXTargetDependency;
			target = CA45048925B79A7800153FC4 /* SwiftUIExample */;
			targetProxy = 0011EBFF25E8839C00E48AE8 /* PBXContainerItemProxy */;
		};
		CA45049D25B79A7900153FC4 /* PBXTargetDependency */ = {
			isa = PBXTargetDependency;
			target = CA45048925B79A7800153FC4 /* SwiftUIExample */;
			targetProxy = CA45049C25B79A7900153FC4 /* PBXContainerItemProxy */;
		};
/* End PBXTargetDependency section */

/* Begin XCBuildConfiguration section */
		0011EC0225E8839C00E48AE8 /* Debug */ = {
			isa = XCBuildConfiguration;
			baseConfigurationReference = 2366CC911CCCCFC440315435 /* Pods-SwiftUIExample-SwiftUIExampleUITests.debug.xcconfig */;
			buildSettings = {
				CODE_SIGN_STYLE = Automatic;
				INFOPLIST_FILE = SwiftUIExampleUITests/Info.plist;
				IPHONEOS_DEPLOYMENT_TARGET = 14.4;
				LD_RUNPATH_SEARCH_PATHS = (
					"$(inherited)",
					"@executable_path/Frameworks",
					"@loader_path/Frameworks",
				);
				PRODUCT_BUNDLE_IDENTIFIER = wwt.SwiftUIExampleUITests;
				PRODUCT_NAME = "$(TARGET_NAME)";
				SWIFT_VERSION = 5.0;
				TARGETED_DEVICE_FAMILY = "1,2";
				TEST_TARGET_NAME = SwiftUIExample;
			};
			name = Debug;
		};
		0011EC0325E8839C00E48AE8 /* Release */ = {
			isa = XCBuildConfiguration;
			baseConfigurationReference = 671830594A45EBED756ADE07 /* Pods-SwiftUIExample-SwiftUIExampleUITests.release.xcconfig */;
			buildSettings = {
				CODE_SIGN_STYLE = Automatic;
				INFOPLIST_FILE = SwiftUIExampleUITests/Info.plist;
				IPHONEOS_DEPLOYMENT_TARGET = 14.4;
				LD_RUNPATH_SEARCH_PATHS = (
					"$(inherited)",
					"@executable_path/Frameworks",
					"@loader_path/Frameworks",
				);
				PRODUCT_BUNDLE_IDENTIFIER = wwt.SwiftUIExampleUITests;
				PRODUCT_NAME = "$(TARGET_NAME)";
				SWIFT_VERSION = 5.0;
				TARGETED_DEVICE_FAMILY = "1,2";
				TEST_TARGET_NAME = SwiftUIExample;
			};
			name = Release;
		};
		CA4504AD25B79A7900153FC4 /* Debug */ = {
			isa = XCBuildConfiguration;
			buildSettings = {
				ALWAYS_SEARCH_USER_PATHS = NO;
				CLANG_ANALYZER_NONNULL = YES;
				CLANG_ANALYZER_NUMBER_OBJECT_CONVERSION = YES_AGGRESSIVE;
				CLANG_CXX_LANGUAGE_STANDARD = "gnu++14";
				CLANG_CXX_LIBRARY = "libc++";
				CLANG_ENABLE_MODULES = YES;
				CLANG_ENABLE_OBJC_ARC = YES;
				CLANG_ENABLE_OBJC_WEAK = YES;
				CLANG_WARN_BLOCK_CAPTURE_AUTORELEASING = YES;
				CLANG_WARN_BOOL_CONVERSION = YES;
				CLANG_WARN_COMMA = YES;
				CLANG_WARN_CONSTANT_CONVERSION = YES;
				CLANG_WARN_DEPRECATED_OBJC_IMPLEMENTATIONS = YES;
				CLANG_WARN_DIRECT_OBJC_ISA_USAGE = YES_ERROR;
				CLANG_WARN_DOCUMENTATION_COMMENTS = YES;
				CLANG_WARN_EMPTY_BODY = YES;
				CLANG_WARN_ENUM_CONVERSION = YES;
				CLANG_WARN_INFINITE_RECURSION = YES;
				CLANG_WARN_INT_CONVERSION = YES;
				CLANG_WARN_NON_LITERAL_NULL_CONVERSION = YES;
				CLANG_WARN_OBJC_IMPLICIT_RETAIN_SELF = YES;
				CLANG_WARN_OBJC_LITERAL_CONVERSION = YES;
				CLANG_WARN_OBJC_ROOT_CLASS = YES_ERROR;
				CLANG_WARN_QUOTED_INCLUDE_IN_FRAMEWORK_HEADER = YES;
				CLANG_WARN_RANGE_LOOP_ANALYSIS = YES;
				CLANG_WARN_STRICT_PROTOTYPES = YES;
				CLANG_WARN_SUSPICIOUS_MOVE = YES;
				CLANG_WARN_UNGUARDED_AVAILABILITY = YES_AGGRESSIVE;
				CLANG_WARN_UNREACHABLE_CODE = YES;
				CLANG_WARN__DUPLICATE_METHOD_MATCH = YES;
				COPY_PHASE_STRIP = NO;
				DEBUG_INFORMATION_FORMAT = dwarf;
				ENABLE_STRICT_OBJC_MSGSEND = YES;
				ENABLE_TESTABILITY = YES;
				GCC_C_LANGUAGE_STANDARD = gnu11;
				GCC_DYNAMIC_NO_PIC = NO;
				GCC_NO_COMMON_BLOCKS = YES;
				GCC_OPTIMIZATION_LEVEL = 0;
				GCC_PREPROCESSOR_DEFINITIONS = (
					"DEBUG=1",
					"$(inherited)",
				);
				GCC_WARN_64_TO_32_BIT_CONVERSION = YES;
				GCC_WARN_ABOUT_RETURN_TYPE = YES_ERROR;
				GCC_WARN_UNDECLARED_SELECTOR = YES;
				GCC_WARN_UNINITIALIZED_AUTOS = YES_AGGRESSIVE;
				GCC_WARN_UNUSED_FUNCTION = YES;
				GCC_WARN_UNUSED_VARIABLE = YES;
				IPHONEOS_DEPLOYMENT_TARGET = 14.3;
				MTL_ENABLE_DEBUG_INFO = INCLUDE_SOURCE;
				MTL_FAST_MATH = YES;
				ONLY_ACTIVE_ARCH = YES;
				SDKROOT = iphoneos;
				SWIFT_ACTIVE_COMPILATION_CONDITIONS = DEBUG;
				SWIFT_OPTIMIZATION_LEVEL = "-Onone";
			};
			name = Debug;
		};
		CA4504AE25B79A7900153FC4 /* Release */ = {
			isa = XCBuildConfiguration;
			buildSettings = {
				ALWAYS_SEARCH_USER_PATHS = NO;
				CLANG_ANALYZER_NONNULL = YES;
				CLANG_ANALYZER_NUMBER_OBJECT_CONVERSION = YES_AGGRESSIVE;
				CLANG_CXX_LANGUAGE_STANDARD = "gnu++14";
				CLANG_CXX_LIBRARY = "libc++";
				CLANG_ENABLE_MODULES = YES;
				CLANG_ENABLE_OBJC_ARC = YES;
				CLANG_ENABLE_OBJC_WEAK = YES;
				CLANG_WARN_BLOCK_CAPTURE_AUTORELEASING = YES;
				CLANG_WARN_BOOL_CONVERSION = YES;
				CLANG_WARN_COMMA = YES;
				CLANG_WARN_CONSTANT_CONVERSION = YES;
				CLANG_WARN_DEPRECATED_OBJC_IMPLEMENTATIONS = YES;
				CLANG_WARN_DIRECT_OBJC_ISA_USAGE = YES_ERROR;
				CLANG_WARN_DOCUMENTATION_COMMENTS = YES;
				CLANG_WARN_EMPTY_BODY = YES;
				CLANG_WARN_ENUM_CONVERSION = YES;
				CLANG_WARN_INFINITE_RECURSION = YES;
				CLANG_WARN_INT_CONVERSION = YES;
				CLANG_WARN_NON_LITERAL_NULL_CONVERSION = YES;
				CLANG_WARN_OBJC_IMPLICIT_RETAIN_SELF = YES;
				CLANG_WARN_OBJC_LITERAL_CONVERSION = YES;
				CLANG_WARN_OBJC_ROOT_CLASS = YES_ERROR;
				CLANG_WARN_QUOTED_INCLUDE_IN_FRAMEWORK_HEADER = YES;
				CLANG_WARN_RANGE_LOOP_ANALYSIS = YES;
				CLANG_WARN_STRICT_PROTOTYPES = YES;
				CLANG_WARN_SUSPICIOUS_MOVE = YES;
				CLANG_WARN_UNGUARDED_AVAILABILITY = YES_AGGRESSIVE;
				CLANG_WARN_UNREACHABLE_CODE = YES;
				CLANG_WARN__DUPLICATE_METHOD_MATCH = YES;
				COPY_PHASE_STRIP = NO;
				DEBUG_INFORMATION_FORMAT = "dwarf-with-dsym";
				ENABLE_NS_ASSERTIONS = NO;
				ENABLE_STRICT_OBJC_MSGSEND = YES;
				GCC_C_LANGUAGE_STANDARD = gnu11;
				GCC_NO_COMMON_BLOCKS = YES;
				GCC_WARN_64_TO_32_BIT_CONVERSION = YES;
				GCC_WARN_ABOUT_RETURN_TYPE = YES_ERROR;
				GCC_WARN_UNDECLARED_SELECTOR = YES;
				GCC_WARN_UNINITIALIZED_AUTOS = YES_AGGRESSIVE;
				GCC_WARN_UNUSED_FUNCTION = YES;
				GCC_WARN_UNUSED_VARIABLE = YES;
				IPHONEOS_DEPLOYMENT_TARGET = 14.3;
				MTL_ENABLE_DEBUG_INFO = NO;
				MTL_FAST_MATH = YES;
				SDKROOT = iphoneos;
				SWIFT_COMPILATION_MODE = wholemodule;
				SWIFT_OPTIMIZATION_LEVEL = "-O";
				VALIDATE_PRODUCT = YES;
			};
			name = Release;
		};
		CA4504B025B79A7900153FC4 /* Debug */ = {
			isa = XCBuildConfiguration;
			baseConfigurationReference = 37161F9B33000965D279ACAA /* Pods-SwiftUIExample.debug.xcconfig */;
			buildSettings = {
				ASSETCATALOG_COMPILER_APPICON_NAME = AppIcon;
				ASSETCATALOG_COMPILER_GLOBAL_ACCENT_COLOR_NAME = AccentColor;
				CODE_SIGN_IDENTITY = "iPhone Developer";
				CODE_SIGN_STYLE = Manual;
				DEVELOPMENT_ASSET_PATHS = "\"SwiftUIExample/Preview Content\"";
				DEVELOPMENT_TEAM = KRX3M99K22;
				ENABLE_PREVIEWS = YES;
				INFOPLIST_FILE = SwiftUIExample/Info.plist;
				IPHONEOS_DEPLOYMENT_TARGET = 14.0;
				LD_RUNPATH_SEARCH_PATHS = (
					"$(inherited)",
					"@executable_path/Frameworks",
				);
				LIBRARY_SEARCH_PATHS = (
					"$(inherited)",
					"$(PROJECT_DIR)/hikes-server/node_modules/@pact-foundation/pact-node/standalone/darwin-1.88.37/pact/lib/ruby/lib",
				);
				PRODUCT_BUNDLE_IDENTIFIER = com.wwtas.tdd201.SwiftUIExample;
				PRODUCT_NAME = "$(TARGET_NAME)";
				PROVISIONING_PROFILE_SPECIFIER = "TDD 201 iOS Development";
				SWIFT_VERSION = 5.0;
				TARGETED_DEVICE_FAMILY = "1,2";
			};
			name = Debug;
		};
		CA4504B125B79A7900153FC4 /* Release */ = {
			isa = XCBuildConfiguration;
			baseConfigurationReference = 8ACB0CEF0A1BFD5FEB504A1D /* Pods-SwiftUIExample.release.xcconfig */;
			buildSettings = {
				ASSETCATALOG_COMPILER_APPICON_NAME = AppIcon;
				ASSETCATALOG_COMPILER_GLOBAL_ACCENT_COLOR_NAME = AccentColor;
				CODE_SIGN_IDENTITY = "iPhone Developer";
				CODE_SIGN_STYLE = Manual;
				DEVELOPMENT_ASSET_PATHS = "\"SwiftUIExample/Preview Content\"";
				DEVELOPMENT_TEAM = KRX3M99K22;
				ENABLE_PREVIEWS = YES;
				INFOPLIST_FILE = SwiftUIExample/Info.plist;
				IPHONEOS_DEPLOYMENT_TARGET = 14.0;
				LD_RUNPATH_SEARCH_PATHS = (
					"$(inherited)",
					"@executable_path/Frameworks",
				);
				LIBRARY_SEARCH_PATHS = (
					"$(inherited)",
					"$(PROJECT_DIR)/hikes-server/node_modules/@pact-foundation/pact-node/standalone/darwin-1.88.37/pact/lib/ruby/lib",
				);
				PRODUCT_BUNDLE_IDENTIFIER = com.wwtas.tdd201.SwiftUIExample;
				PRODUCT_NAME = "$(TARGET_NAME)";
				PROVISIONING_PROFILE_SPECIFIER = "TDD 201 iOS Development";
				SWIFT_VERSION = 5.0;
				TARGETED_DEVICE_FAMILY = "1,2";
			};
			name = Release;
		};
		CA4504B325B79A7900153FC4 /* Debug */ = {
			isa = XCBuildConfiguration;
			baseConfigurationReference = 6A76F1660C1F764B6AA7C4F2 /* Pods-SwiftUIExample-SwiftUIExampleTests.debug.xcconfig */;
			buildSettings = {
				BUNDLE_LOADER = "$(TEST_HOST)";
				CODE_SIGN_STYLE = Manual;
				DEVELOPMENT_TEAM = KRX3M99K22;
				INFOPLIST_FILE = SwiftUIExampleTests/Info.plist;
				IPHONEOS_DEPLOYMENT_TARGET = 14.0;
				LD_RUNPATH_SEARCH_PATHS = (
					"$(inherited)",
					"@executable_path/Frameworks",
					"@loader_path/Frameworks",
				);
				PRODUCT_BUNDLE_IDENTIFIER = WWT.SwiftUIExampleTests;
				PRODUCT_NAME = "$(TARGET_NAME)";
				PROVISIONING_PROFILE_SPECIFIER = "";
				"PROVISIONING_PROFILE_SPECIFIER[sdk=macosx*]" = "";
				SWIFT_VERSION = 5.0;
				TARGETED_DEVICE_FAMILY = "1,2";
				TEST_HOST = "$(BUILT_PRODUCTS_DIR)/SwiftUIExample.app/SwiftUIExample";
			};
			name = Debug;
		};
		CA4504B425B79A7900153FC4 /* Release */ = {
			isa = XCBuildConfiguration;
			baseConfigurationReference = 53088C5D5FD31011317EB2DC /* Pods-SwiftUIExample-SwiftUIExampleTests.release.xcconfig */;
			buildSettings = {
				BUNDLE_LOADER = "$(TEST_HOST)";
				CODE_SIGN_STYLE = Manual;
				DEVELOPMENT_TEAM = KRX3M99K22;
				INFOPLIST_FILE = SwiftUIExampleTests/Info.plist;
				IPHONEOS_DEPLOYMENT_TARGET = 14.0;
				LD_RUNPATH_SEARCH_PATHS = (
					"$(inherited)",
					"@executable_path/Frameworks",
					"@loader_path/Frameworks",
				);
				PRODUCT_BUNDLE_IDENTIFIER = WWT.SwiftUIExampleTests;
				PRODUCT_NAME = "$(TARGET_NAME)";
				PROVISIONING_PROFILE_SPECIFIER = "";
				"PROVISIONING_PROFILE_SPECIFIER[sdk=macosx*]" = "";
				SWIFT_VERSION = 5.0;
				TARGETED_DEVICE_FAMILY = "1,2";
				TEST_HOST = "$(BUILT_PRODUCTS_DIR)/SwiftUIExample.app/SwiftUIExample";
			};
			name = Release;
		};
/* End XCBuildConfiguration section */

/* Begin XCConfigurationList section */
		0011EC0125E8839C00E48AE8 /* Build configuration list for PBXNativeTarget "SwiftUIExampleUITests" */ = {
			isa = XCConfigurationList;
			buildConfigurations = (
				0011EC0225E8839C00E48AE8 /* Debug */,
				0011EC0325E8839C00E48AE8 /* Release */,
			);
			defaultConfigurationIsVisible = 0;
			defaultConfigurationName = Release;
		};
		CA45048525B79A7800153FC4 /* Build configuration list for PBXProject "SwiftUIExample" */ = {
			isa = XCConfigurationList;
			buildConfigurations = (
				CA4504AD25B79A7900153FC4 /* Debug */,
				CA4504AE25B79A7900153FC4 /* Release */,
			);
			defaultConfigurationIsVisible = 0;
			defaultConfigurationName = Release;
		};
		CA4504AF25B79A7900153FC4 /* Build configuration list for PBXNativeTarget "SwiftUIExample" */ = {
			isa = XCConfigurationList;
			buildConfigurations = (
				CA4504B025B79A7900153FC4 /* Debug */,
				CA4504B125B79A7900153FC4 /* Release */,
			);
			defaultConfigurationIsVisible = 0;
			defaultConfigurationName = Release;
		};
		CA4504B225B79A7900153FC4 /* Build configuration list for PBXNativeTarget "SwiftUIExampleTests" */ = {
			isa = XCConfigurationList;
			buildConfigurations = (
				CA4504B325B79A7900153FC4 /* Debug */,
				CA4504B425B79A7900153FC4 /* Release */,
			);
			defaultConfigurationIsVisible = 0;
			defaultConfigurationName = Release;
		};
/* End XCConfigurationList section */
	};
	rootObject = CA45048225B79A7800153FC4 /* Project object */;
}
