// !$*UTF8*$!
{
	archiveVersion = 1;
	classes = {
	};
	objectVersion = 51;
	objects = {

/* Begin PBXBuildFile section */
		2708424BD075F3F70607ABEF /* Pods_HTTPStubbing.framework in Frameworks */ = {isa = PBXBuildFile; fileRef = DB212DC04D65DA107278ABE0 /* Pods_HTTPStubbing.framework */; };
		372136B2AE2311CA1460CEE7 /* Pods_HTTPStubbing_HTTPStubbingTests.framework in Frameworks */ = {isa = PBXBuildFile; fileRef = A779572EA4BF436E9D705D06 /* Pods_HTTPStubbing_HTTPStubbingTests.framework */; };
		CA4504D525B8A93400153FC4 /* URLRequestExtensions.swift in Sources */ = {isa = PBXBuildFile; fileRef = CA4504D425B8A93400153FC4 /* URLRequestExtensions.swift */; };
		CA4504DD25B8A99900153FC4 /* StubAPIResponse.swift in Sources */ = {isa = PBXBuildFile; fileRef = CA4504DC25B8A99900153FC4 /* StubAPIResponse.swift */; };
		CA45050B25B8B39C00153FC4 /* SomeModel.swift in Sources */ = {isa = PBXBuildFile; fileRef = CA45050A25B8B39C00153FC4 /* SomeModel.swift */; };
		CA45050F25B8BD7200153FC4 /* WaitUntil.swift in Sources */ = {isa = PBXBuildFile; fileRef = CA45050E25B8BD7200153FC4 /* WaitUntil.swift */; };
		CAA1C6A425A3927F00E3F686 /* AppDelegate.swift in Sources */ = {isa = PBXBuildFile; fileRef = CAA1C6A325A3927F00E3F686 /* AppDelegate.swift */; };
		CAA1C6A625A3927F00E3F686 /* SceneDelegate.swift in Sources */ = {isa = PBXBuildFile; fileRef = CAA1C6A525A3927F00E3F686 /* SceneDelegate.swift */; };
		CAA1C6A825A3927F00E3F686 /* ViewController.swift in Sources */ = {isa = PBXBuildFile; fileRef = CAA1C6A725A3927F00E3F686 /* ViewController.swift */; };
		CAA1C6AB25A3927F00E3F686 /* Main.storyboard in Resources */ = {isa = PBXBuildFile; fileRef = CAA1C6A925A3927F00E3F686 /* Main.storyboard */; };
		CAA1C6AD25A3928000E3F686 /* Assets.xcassets in Resources */ = {isa = PBXBuildFile; fileRef = CAA1C6AC25A3928000E3F686 /* Assets.xcassets */; };
		CAA1C6B025A3928000E3F686 /* LaunchScreen.storyboard in Resources */ = {isa = PBXBuildFile; fileRef = CAA1C6AE25A3928000E3F686 /* LaunchScreen.storyboard */; };
		CAA1C6BB25A3928000E3F686 /* HTTPStubbingTests.swift in Sources */ = {isa = PBXBuildFile; fileRef = CAA1C6BA25A3928000E3F686 /* HTTPStubbingTests.swift */; };
/* End PBXBuildFile section */

/* Begin PBXContainerItemProxy section */
		CAA1C6B725A3928000E3F686 /* PBXContainerItemProxy */ = {
			isa = PBXContainerItemProxy;
			containerPortal = CAA1C69825A3927F00E3F686 /* Project object */;
			proxyType = 1;
			remoteGlobalIDString = CAA1C69F25A3927F00E3F686;
			remoteInfo = HTTPStubbing;
		};
/* End PBXContainerItemProxy section */

/* Begin PBXFileReference section */
		08535800CCCFAE2D3AFF8D2A /* Pods-HTTPStubbing-HTTPStubbingTests.release.xcconfig */ = {isa = PBXFileReference; includeInIndex = 1; lastKnownFileType = text.xcconfig; name = "Pods-HTTPStubbing-HTTPStubbingTests.release.xcconfig"; path = "Target Support Files/Pods-HTTPStubbing-HTTPStubbingTests/Pods-HTTPStubbing-HTTPStubbingTests.release.xcconfig"; sourceTree = "<group>"; };
		77B8F36C42331C7EE9349AD0 /* Pods-HTTPStubbing-HTTPStubbingTests.debug.xcconfig */ = {isa = PBXFileReference; includeInIndex = 1; lastKnownFileType = text.xcconfig; name = "Pods-HTTPStubbing-HTTPStubbingTests.debug.xcconfig"; path = "Target Support Files/Pods-HTTPStubbing-HTTPStubbingTests/Pods-HTTPStubbing-HTTPStubbingTests.debug.xcconfig"; sourceTree = "<group>"; };
		80EC68B8E36C18A2EEC5FD31 /* Pods-HTTPStubbing.debug.xcconfig */ = {isa = PBXFileReference; includeInIndex = 1; lastKnownFileType = text.xcconfig; name = "Pods-HTTPStubbing.debug.xcconfig"; path = "Target Support Files/Pods-HTTPStubbing/Pods-HTTPStubbing.debug.xcconfig"; sourceTree = "<group>"; };
		929A52B732E02AD25F890153 /* Pods-HTTPStubbing.release.xcconfig */ = {isa = PBXFileReference; includeInIndex = 1; lastKnownFileType = text.xcconfig; name = "Pods-HTTPStubbing.release.xcconfig"; path = "Target Support Files/Pods-HTTPStubbing/Pods-HTTPStubbing.release.xcconfig"; sourceTree = "<group>"; };
		A779572EA4BF436E9D705D06 /* Pods_HTTPStubbing_HTTPStubbingTests.framework */ = {isa = PBXFileReference; explicitFileType = wrapper.framework; includeInIndex = 0; path = Pods_HTTPStubbing_HTTPStubbingTests.framework; sourceTree = BUILT_PRODUCTS_DIR; };
		CA4504D425B8A93400153FC4 /* URLRequestExtensions.swift */ = {isa = PBXFileReference; lastKnownFileType = sourcecode.swift; path = URLRequestExtensions.swift; sourceTree = "<group>"; };
		CA4504DC25B8A99900153FC4 /* StubAPIResponse.swift */ = {isa = PBXFileReference; lastKnownFileType = sourcecode.swift; path = StubAPIResponse.swift; sourceTree = "<group>"; };
		CA45050A25B8B39C00153FC4 /* SomeModel.swift */ = {isa = PBXFileReference; lastKnownFileType = sourcecode.swift; path = SomeModel.swift; sourceTree = "<group>"; };
		CA45050E25B8BD7200153FC4 /* WaitUntil.swift */ = {isa = PBXFileReference; lastKnownFileType = sourcecode.swift; path = WaitUntil.swift; sourceTree = "<group>"; };
		CAA1C6A025A3927F00E3F686 /* HTTPStubbing.app */ = {isa = PBXFileReference; explicitFileType = wrapper.application; includeInIndex = 0; path = HTTPStubbing.app; sourceTree = BUILT_PRODUCTS_DIR; };
		CAA1C6A325A3927F00E3F686 /* AppDelegate.swift */ = {isa = PBXFileReference; lastKnownFileType = sourcecode.swift; path = AppDelegate.swift; sourceTree = "<group>"; };
		CAA1C6A525A3927F00E3F686 /* SceneDelegate.swift */ = {isa = PBXFileReference; lastKnownFileType = sourcecode.swift; path = SceneDelegate.swift; sourceTree = "<group>"; };
		CAA1C6A725A3927F00E3F686 /* ViewController.swift */ = {isa = PBXFileReference; lastKnownFileType = sourcecode.swift; path = ViewController.swift; sourceTree = "<group>"; };
		CAA1C6AA25A3927F00E3F686 /* Base */ = {isa = PBXFileReference; lastKnownFileType = file.storyboard; name = Base; path = Base.lproj/Main.storyboard; sourceTree = "<group>"; };
		CAA1C6AC25A3928000E3F686 /* Assets.xcassets */ = {isa = PBXFileReference; lastKnownFileType = folder.assetcatalog; path = Assets.xcassets; sourceTree = "<group>"; };
		CAA1C6AF25A3928000E3F686 /* Base */ = {isa = PBXFileReference; lastKnownFileType = file.storyboard; name = Base; path = Base.lproj/LaunchScreen.storyboard; sourceTree = "<group>"; };
		CAA1C6B125A3928000E3F686 /* Info.plist */ = {isa = PBXFileReference; lastKnownFileType = text.plist.xml; path = Info.plist; sourceTree = "<group>"; };
		CAA1C6B625A3928000E3F686 /* HTTPStubbingTests.xctest */ = {isa = PBXFileReference; explicitFileType = wrapper.cfbundle; includeInIndex = 0; path = HTTPStubbingTests.xctest; sourceTree = BUILT_PRODUCTS_DIR; };
		CAA1C6BA25A3928000E3F686 /* HTTPStubbingTests.swift */ = {isa = PBXFileReference; lastKnownFileType = sourcecode.swift; path = HTTPStubbingTests.swift; sourceTree = "<group>"; };
		CAA1C6BC25A3928000E3F686 /* Info.plist */ = {isa = PBXFileReference; lastKnownFileType = text.plist.xml; path = Info.plist; sourceTree = "<group>"; };
		DB212DC04D65DA107278ABE0 /* Pods_HTTPStubbing.framework */ = {isa = PBXFileReference; explicitFileType = wrapper.framework; includeInIndex = 0; path = Pods_HTTPStubbing.framework; sourceTree = BUILT_PRODUCTS_DIR; };
/* End PBXFileReference section */

/* Begin PBXFrameworksBuildPhase section */
		CAA1C69D25A3927F00E3F686 /* Frameworks */ = {
			isa = PBXFrameworksBuildPhase;
			buildActionMask = 2147483647;
			files = (
				2708424BD075F3F70607ABEF /* Pods_HTTPStubbing.framework in Frameworks */,
			);
			runOnlyForDeploymentPostprocessing = 0;
		};
		CAA1C6B325A3928000E3F686 /* Frameworks */ = {
			isa = PBXFrameworksBuildPhase;
			buildActionMask = 2147483647;
			files = (
				372136B2AE2311CA1460CEE7 /* Pods_HTTPStubbing_HTTPStubbingTests.framework in Frameworks */,
			);
			runOnlyForDeploymentPostprocessing = 0;
		};
/* End PBXFrameworksBuildPhase section */

/* Begin PBXGroup section */
		6399167B837FABD33472B612 /* Frameworks */ = {
			isa = PBXGroup;
			children = (
				DB212DC04D65DA107278ABE0 /* Pods_HTTPStubbing.framework */,
				A779572EA4BF436E9D705D06 /* Pods_HTTPStubbing_HTTPStubbingTests.framework */,
			);
			name = Frameworks;
			sourceTree = "<group>";
		};
		77A51B41B9C614BCA6799269 /* Pods */ = {
			isa = PBXGroup;
			children = (
				80EC68B8E36C18A2EEC5FD31 /* Pods-HTTPStubbing.debug.xcconfig */,
				929A52B732E02AD25F890153 /* Pods-HTTPStubbing.release.xcconfig */,
				77B8F36C42331C7EE9349AD0 /* Pods-HTTPStubbing-HTTPStubbingTests.debug.xcconfig */,
				08535800CCCFAE2D3AFF8D2A /* Pods-HTTPStubbing-HTTPStubbingTests.release.xcconfig */,
			);
			name = Pods;
			path = ../Pods;
			sourceTree = "<group>";
		};
		CAA1C69725A3927F00E3F686 = {
			isa = PBXGroup;
			children = (
				CAA1C6A225A3927F00E3F686 /* HTTPStubbing */,
				CAA1C6B925A3928000E3F686 /* HTTPStubbingTests */,
				CAA1C6A125A3927F00E3F686 /* Products */,
				77A51B41B9C614BCA6799269 /* Pods */,
				6399167B837FABD33472B612 /* Frameworks */,
			);
			sourceTree = "<group>";
		};
		CAA1C6A125A3927F00E3F686 /* Products */ = {
			isa = PBXGroup;
			children = (
				CAA1C6A025A3927F00E3F686 /* HTTPStubbing.app */,
				CAA1C6B625A3928000E3F686 /* HTTPStubbingTests.xctest */,
			);
			name = Products;
			sourceTree = "<group>";
		};
		CAA1C6A225A3927F00E3F686 /* HTTPStubbing */ = {
			isa = PBXGroup;
			children = (
				CAA1C6A325A3927F00E3F686 /* AppDelegate.swift */,
				CAA1C6A525A3927F00E3F686 /* SceneDelegate.swift */,
				CAA1C6A725A3927F00E3F686 /* ViewController.swift */,
				CAA1C6A925A3927F00E3F686 /* Main.storyboard */,
				CAA1C6AC25A3928000E3F686 /* Assets.xcassets */,
				CAA1C6AE25A3928000E3F686 /* LaunchScreen.storyboard */,
				CAA1C6B125A3928000E3F686 /* Info.plist */,
				CA45050A25B8B39C00153FC4 /* SomeModel.swift */,
			);
			path = HTTPStubbing;
			sourceTree = "<group>";
		};
		CAA1C6B925A3928000E3F686 /* HTTPStubbingTests */ = {
			isa = PBXGroup;
			children = (
				CAA1C6BA25A3928000E3F686 /* HTTPStubbingTests.swift */,
				CAA1C6BC25A3928000E3F686 /* Info.plist */,
				CA4504D425B8A93400153FC4 /* URLRequestExtensions.swift */,
				CA4504DC25B8A99900153FC4 /* StubAPIResponse.swift */,
				CA45050E25B8BD7200153FC4 /* WaitUntil.swift */,
			);
			path = HTTPStubbingTests;
			sourceTree = "<group>";
		};
/* End PBXGroup section */

/* Begin PBXNativeTarget section */
		CAA1C69F25A3927F00E3F686 /* HTTPStubbing */ = {
			isa = PBXNativeTarget;
			buildConfigurationList = CAA1C6CA25A3928000E3F686 /* Build configuration list for PBXNativeTarget "HTTPStubbing" */;
			buildPhases = (
				0B3C59B11C0D71E3F0C883AE /* [CP] Check Pods Manifest.lock */,
				CAA1C69C25A3927F00E3F686 /* Sources */,
				CAA1C69D25A3927F00E3F686 /* Frameworks */,
				CAA1C69E25A3927F00E3F686 /* Resources */,
				9879913DFE73A4E5942B20BC /* Lint */,
			);
			buildRules = (
			);
			dependencies = (
			);
			name = HTTPStubbing;
			productName = HTTPStubbing;
			productReference = CAA1C6A025A3927F00E3F686 /* HTTPStubbing.app */;
			productType = "com.apple.product-type.application";
		};
		CAA1C6B525A3928000E3F686 /* HTTPStubbingTests */ = {
			isa = PBXNativeTarget;
			buildConfigurationList = CAA1C6CD25A3928000E3F686 /* Build configuration list for PBXNativeTarget "HTTPStubbingTests" */;
			buildPhases = (
				07D0B2D12B273151C43CB43C /* [CP] Check Pods Manifest.lock */,
				CAA1C6B225A3928000E3F686 /* Sources */,
				CAA1C6B325A3928000E3F686 /* Frameworks */,
				CAA1C6B425A3928000E3F686 /* Resources */,
				F4149F8AE2BFD0CCAF5CBE7C /* [CP] Embed Pods Frameworks */,
				CBF8BAE5839AFAD57D370F87 /* Lint */,
			);
			buildRules = (
			);
			dependencies = (
				CAA1C6B825A3928000E3F686 /* PBXTargetDependency */,
			);
			name = HTTPStubbingTests;
			productName = HTTPStubbingTests;
			productReference = CAA1C6B625A3928000E3F686 /* HTTPStubbingTests.xctest */;
			productType = "com.apple.product-type.bundle.unit-test";
		};
/* End PBXNativeTarget section */

/* Begin PBXProject section */
		CAA1C69825A3927F00E3F686 /* Project object */ = {
			isa = PBXProject;
			attributes = {
				LastSwiftUpdateCheck = 1230;
				LastUpgradeCheck = 1230;
				TargetAttributes = {
					CAA1C69F25A3927F00E3F686 = {
						CreatedOnToolsVersion = 12.3;
					};
					CAA1C6B525A3928000E3F686 = {
						CreatedOnToolsVersion = 12.3;
						TestTargetID = CAA1C69F25A3927F00E3F686;
					};
				};
			};
			buildConfigurationList = CAA1C69B25A3927F00E3F686 /* Build configuration list for PBXProject "HTTPStubbing" */;
			compatibilityVersion = "Xcode 9.3";
			developmentRegion = en;
			hasScannedForEncodings = 0;
			knownRegions = (
				en,
				Base,
			);
			mainGroup = CAA1C69725A3927F00E3F686;
			productRefGroup = CAA1C6A125A3927F00E3F686 /* Products */;
			projectDirPath = "";
			projectRoot = "";
			targets = (
				CAA1C69F25A3927F00E3F686 /* HTTPStubbing */,
				CAA1C6B525A3928000E3F686 /* HTTPStubbingTests */,
			);
		};
/* End PBXProject section */

/* Begin PBXResourcesBuildPhase section */
		CAA1C69E25A3927F00E3F686 /* Resources */ = {
			isa = PBXResourcesBuildPhase;
			buildActionMask = 2147483647;
			files = (
				CAA1C6B025A3928000E3F686 /* LaunchScreen.storyboard in Resources */,
				CAA1C6AD25A3928000E3F686 /* Assets.xcassets in Resources */,
				CAA1C6AB25A3927F00E3F686 /* Main.storyboard in Resources */,
			);
			runOnlyForDeploymentPostprocessing = 0;
		};
		CAA1C6B425A3928000E3F686 /* Resources */ = {
			isa = PBXResourcesBuildPhase;
			buildActionMask = 2147483647;
			files = (
			);
			runOnlyForDeploymentPostprocessing = 0;
		};
/* End PBXResourcesBuildPhase section */

/* Begin PBXShellScriptBuildPhase section */
		07D0B2D12B273151C43CB43C /* [CP] Check Pods Manifest.lock */ = {
			isa = PBXShellScriptBuildPhase;
			buildActionMask = 2147483647;
			files = (
			);
			inputFileListPaths = (
			);
			inputPaths = (
				"${PODS_PODFILE_DIR_PATH}/Podfile.lock",
				"${PODS_ROOT}/Manifest.lock",
			);
			name = "[CP] Check Pods Manifest.lock";
			outputFileListPaths = (
			);
			outputPaths = (
				"$(DERIVED_FILE_DIR)/Pods-HTTPStubbing-HTTPStubbingTests-checkManifestLockResult.txt",
			);
			runOnlyForDeploymentPostprocessing = 0;
			shellPath = /bin/sh;
			shellScript = "diff \"${PODS_PODFILE_DIR_PATH}/Podfile.lock\" \"${PODS_ROOT}/Manifest.lock\" > /dev/null\nif [ $? != 0 ] ; then\n    # print error to STDERR\n    echo \"error: The sandbox is not in sync with the Podfile.lock. Run 'pod install' or update your CocoaPods installation.\" >&2\n    exit 1\nfi\n# This output is used by Xcode 'outputs' to avoid re-running this script phase.\necho \"SUCCESS\" > \"${SCRIPT_OUTPUT_FILE_0}\"\n";
			showEnvVarsInLog = 0;
		};
		0B3C59B11C0D71E3F0C883AE /* [CP] Check Pods Manifest.lock */ = {
			isa = PBXShellScriptBuildPhase;
			buildActionMask = 2147483647;
			files = (
			);
			inputFileListPaths = (
			);
			inputPaths = (
				"${PODS_PODFILE_DIR_PATH}/Podfile.lock",
				"${PODS_ROOT}/Manifest.lock",
			);
			name = "[CP] Check Pods Manifest.lock";
			outputFileListPaths = (
			);
			outputPaths = (
				"$(DERIVED_FILE_DIR)/Pods-HTTPStubbing-checkManifestLockResult.txt",
			);
			runOnlyForDeploymentPostprocessing = 0;
			shellPath = /bin/sh;
			shellScript = "diff \"${PODS_PODFILE_DIR_PATH}/Podfile.lock\" \"${PODS_ROOT}/Manifest.lock\" > /dev/null\nif [ $? != 0 ] ; then\n    # print error to STDERR\n    echo \"error: The sandbox is not in sync with the Podfile.lock. Run 'pod install' or update your CocoaPods installation.\" >&2\n    exit 1\nfi\n# This output is used by Xcode 'outputs' to avoid re-running this script phase.\necho \"SUCCESS\" > \"${SCRIPT_OUTPUT_FILE_0}\"\n";
			showEnvVarsInLog = 0;
		};
		9879913DFE73A4E5942B20BC /* Lint */ = {
			isa = PBXShellScriptBuildPhase;
			buildActionMask = 2147483647;
			files = (
			);
			inputFileListPaths = (
			);
			inputPaths = (
			);
			name = Lint;
			outputFileListPaths = (
			);
			outputPaths = (
			);
			runOnlyForDeploymentPostprocessing = 0;
			shellPath = /bin/sh;
			shellScript = "${PODS_ROOT}/SwiftLint/swiftlint --config ../.swiftlint.yml";
		};
		CBF8BAE5839AFAD57D370F87 /* Lint */ = {
			isa = PBXShellScriptBuildPhase;
			buildActionMask = 2147483647;
			files = (
			);
			inputFileListPaths = (
			);
			inputPaths = (
			);
			name = Lint;
			outputFileListPaths = (
			);
			outputPaths = (
			);
			runOnlyForDeploymentPostprocessing = 0;
			shellPath = /bin/sh;
			shellScript = "${PODS_ROOT}/SwiftLint/swiftlint --config ../.swiftlint.yml";
		};
		F4149F8AE2BFD0CCAF5CBE7C /* [CP] Embed Pods Frameworks */ = {
			isa = PBXShellScriptBuildPhase;
			buildActionMask = 2147483647;
			files = (
			);
			inputFileListPaths = (
				"${PODS_ROOT}/Target Support Files/Pods-HTTPStubbing-HTTPStubbingTests/Pods-HTTPStubbing-HTTPStubbingTests-frameworks-${CONFIGURATION}-input-files.xcfilelist",
			);
			name = "[CP] Embed Pods Frameworks";
			outputFileListPaths = (
				"${PODS_ROOT}/Target Support Files/Pods-HTTPStubbing-HTTPStubbingTests/Pods-HTTPStubbing-HTTPStubbingTests-frameworks-${CONFIGURATION}-output-files.xcfilelist",
			);
			runOnlyForDeploymentPostprocessing = 0;
			shellPath = /bin/sh;
			shellScript = "\"${PODS_ROOT}/Target Support Files/Pods-HTTPStubbing-HTTPStubbingTests/Pods-HTTPStubbing-HTTPStubbingTests-frameworks.sh\"\n";
			showEnvVarsInLog = 0;
		};
/* End PBXShellScriptBuildPhase section */

/* Begin PBXSourcesBuildPhase section */
		CAA1C69C25A3927F00E3F686 /* Sources */ = {
			isa = PBXSourcesBuildPhase;
			buildActionMask = 2147483647;
			files = (
				CAA1C6A825A3927F00E3F686 /* ViewController.swift in Sources */,
				CAA1C6A425A3927F00E3F686 /* AppDelegate.swift in Sources */,
				CAA1C6A625A3927F00E3F686 /* SceneDelegate.swift in Sources */,
				CA45050B25B8B39C00153FC4 /* SomeModel.swift in Sources */,
			);
			runOnlyForDeploymentPostprocessing = 0;
		};
		CAA1C6B225A3928000E3F686 /* Sources */ = {
			isa = PBXSourcesBuildPhase;
			buildActionMask = 2147483647;
			files = (
				CA4504D525B8A93400153FC4 /* URLRequestExtensions.swift in Sources */,
				CAA1C6BB25A3928000E3F686 /* HTTPStubbingTests.swift in Sources */,
				CA4504DD25B8A99900153FC4 /* StubAPIResponse.swift in Sources */,
				CA45050F25B8BD7200153FC4 /* WaitUntil.swift in Sources */,
			);
			runOnlyForDeploymentPostprocessing = 0;
		};
/* End PBXSourcesBuildPhase section */

/* Begin PBXTargetDependency section */
		CAA1C6B825A3928000E3F686 /* PBXTargetDependency */ = {
			isa = PBXTargetDependency;
			target = CAA1C69F25A3927F00E3F686 /* HTTPStubbing */;
			targetProxy = CAA1C6B725A3928000E3F686 /* PBXContainerItemProxy */;
		};
/* End PBXTargetDependency section */

/* Begin PBXVariantGroup section */
		CAA1C6A925A3927F00E3F686 /* Main.storyboard */ = {
			isa = PBXVariantGroup;
			children = (
				CAA1C6AA25A3927F00E3F686 /* Base */,
			);
			name = Main.storyboard;
			sourceTree = "<group>";
		};
		CAA1C6AE25A3928000E3F686 /* LaunchScreen.storyboard */ = {
			isa = PBXVariantGroup;
			children = (
				CAA1C6AF25A3928000E3F686 /* Base */,
			);
			name = LaunchScreen.storyboard;
			sourceTree = "<group>";
		};
/* End PBXVariantGroup section */

/* Begin XCBuildConfiguration section */
		CAA1C6C825A3928000E3F686 /* Debug */ = {
			isa = XCBuildConfiguration;
			buildSettings = {
				ALWAYS_SEARCH_USER_PATHS = NO;
				CLANG_ANALYZER_NONNULL = YES;
				CLANG_ANALYZER_NUMBER_OBJECT_CONVERSION = YES_AGGRESSIVE;
				CLANG_CXX_LANGUAGE_STANDARD = "gnu++14";
				CLANG_CXX_LIBRARY = "libc++";
				CLANG_ENABLE_MODULES = YES;
				CLANG_ENABLE_OBJC_ARC = YES;
				CLANG_ENABLE_OBJC_WEAK = YES;
				CLANG_WARN_BLOCK_CAPTURE_AUTORELEASING = YES;
				CLANG_WARN_BOOL_CONVERSION = YES;
				CLANG_WARN_COMMA = YES;
				CLANG_WARN_CONSTANT_CONVERSION = YES;
				CLANG_WARN_DEPRECATED_OBJC_IMPLEMENTATIONS = YES;
				CLANG_WARN_DIRECT_OBJC_ISA_USAGE = YES_ERROR;
				CLANG_WARN_DOCUMENTATION_COMMENTS = YES;
				CLANG_WARN_EMPTY_BODY = YES;
				CLANG_WARN_ENUM_CONVERSION = YES;
				CLANG_WARN_INFINITE_RECURSION = YES;
				CLANG_WARN_INT_CONVERSION = YES;
				CLANG_WARN_NON_LITERAL_NULL_CONVERSION = YES;
				CLANG_WARN_OBJC_IMPLICIT_RETAIN_SELF = YES;
				CLANG_WARN_OBJC_LITERAL_CONVERSION = YES;
				CLANG_WARN_OBJC_ROOT_CLASS = YES_ERROR;
				CLANG_WARN_QUOTED_INCLUDE_IN_FRAMEWORK_HEADER = YES;
				CLANG_WARN_RANGE_LOOP_ANALYSIS = YES;
				CLANG_WARN_STRICT_PROTOTYPES = YES;
				CLANG_WARN_SUSPICIOUS_MOVE = YES;
				CLANG_WARN_UNGUARDED_AVAILABILITY = YES_AGGRESSIVE;
				CLANG_WARN_UNREACHABLE_CODE = YES;
				CLANG_WARN__DUPLICATE_METHOD_MATCH = YES;
				COPY_PHASE_STRIP = NO;
				DEBUG_INFORMATION_FORMAT = dwarf;
				ENABLE_STRICT_OBJC_MSGSEND = YES;
				ENABLE_TESTABILITY = YES;
				GCC_C_LANGUAGE_STANDARD = gnu11;
				GCC_DYNAMIC_NO_PIC = NO;
				GCC_NO_COMMON_BLOCKS = YES;
				GCC_OPTIMIZATION_LEVEL = 0;
				GCC_PREPROCESSOR_DEFINITIONS = (
					"DEBUG=1",
					"$(inherited)",
				);
				GCC_WARN_64_TO_32_BIT_CONVERSION = YES;
				GCC_WARN_ABOUT_RETURN_TYPE = YES_ERROR;
				GCC_WARN_UNDECLARED_SELECTOR = YES;
				GCC_WARN_UNINITIALIZED_AUTOS = YES_AGGRESSIVE;
				GCC_WARN_UNUSED_FUNCTION = YES;
				GCC_WARN_UNUSED_VARIABLE = YES;
				IPHONEOS_DEPLOYMENT_TARGET = 14.3;
				MTL_ENABLE_DEBUG_INFO = INCLUDE_SOURCE;
				MTL_FAST_MATH = YES;
				ONLY_ACTIVE_ARCH = YES;
				SDKROOT = iphoneos;
				SWIFT_ACTIVE_COMPILATION_CONDITIONS = DEBUG;
				SWIFT_OPTIMIZATION_LEVEL = "-Onone";
			};
			name = Debug;
		};
		CAA1C6C925A3928000E3F686 /* Release */ = {
			isa = XCBuildConfiguration;
			buildSettings = {
				ALWAYS_SEARCH_USER_PATHS = NO;
				CLANG_ANALYZER_NONNULL = YES;
				CLANG_ANALYZER_NUMBER_OBJECT_CONVERSION = YES_AGGRESSIVE;
				CLANG_CXX_LANGUAGE_STANDARD = "gnu++14";
				CLANG_CXX_LIBRARY = "libc++";
				CLANG_ENABLE_MODULES = YES;
				CLANG_ENABLE_OBJC_ARC = YES;
				CLANG_ENABLE_OBJC_WEAK = YES;
				CLANG_WARN_BLOCK_CAPTURE_AUTORELEASING = YES;
				CLANG_WARN_BOOL_CONVERSION = YES;
				CLANG_WARN_COMMA = YES;
				CLANG_WARN_CONSTANT_CONVERSION = YES;
				CLANG_WARN_DEPRECATED_OBJC_IMPLEMENTATIONS = YES;
				CLANG_WARN_DIRECT_OBJC_ISA_USAGE = YES_ERROR;
				CLANG_WARN_DOCUMENTATION_COMMENTS = YES;
				CLANG_WARN_EMPTY_BODY = YES;
				CLANG_WARN_ENUM_CONVERSION = YES;
				CLANG_WARN_INFINITE_RECURSION = YES;
				CLANG_WARN_INT_CONVERSION = YES;
				CLANG_WARN_NON_LITERAL_NULL_CONVERSION = YES;
				CLANG_WARN_OBJC_IMPLICIT_RETAIN_SELF = YES;
				CLANG_WARN_OBJC_LITERAL_CONVERSION = YES;
				CLANG_WARN_OBJC_ROOT_CLASS = YES_ERROR;
				CLANG_WARN_QUOTED_INCLUDE_IN_FRAMEWORK_HEADER = YES;
				CLANG_WARN_RANGE_LOOP_ANALYSIS = YES;
				CLANG_WARN_STRICT_PROTOTYPES = YES;
				CLANG_WARN_SUSPICIOUS_MOVE = YES;
				CLANG_WARN_UNGUARDED_AVAILABILITY = YES_AGGRESSIVE;
				CLANG_WARN_UNREACHABLE_CODE = YES;
				CLANG_WARN__DUPLICATE_METHOD_MATCH = YES;
				COPY_PHASE_STRIP = NO;
				DEBUG_INFORMATION_FORMAT = "dwarf-with-dsym";
				ENABLE_NS_ASSERTIONS = NO;
				ENABLE_STRICT_OBJC_MSGSEND = YES;
				GCC_C_LANGUAGE_STANDARD = gnu11;
				GCC_NO_COMMON_BLOCKS = YES;
				GCC_WARN_64_TO_32_BIT_CONVERSION = YES;
				GCC_WARN_ABOUT_RETURN_TYPE = YES_ERROR;
				GCC_WARN_UNDECLARED_SELECTOR = YES;
				GCC_WARN_UNINITIALIZED_AUTOS = YES_AGGRESSIVE;
				GCC_WARN_UNUSED_FUNCTION = YES;
				GCC_WARN_UNUSED_VARIABLE = YES;
				IPHONEOS_DEPLOYMENT_TARGET = 14.3;
				MTL_ENABLE_DEBUG_INFO = NO;
				MTL_FAST_MATH = YES;
				SDKROOT = iphoneos;
				SWIFT_COMPILATION_MODE = wholemodule;
				SWIFT_OPTIMIZATION_LEVEL = "-O";
				VALIDATE_PRODUCT = YES;
			};
			name = Release;
		};
		CAA1C6CB25A3928000E3F686 /* Debug */ = {
			isa = XCBuildConfiguration;
			baseConfigurationReference = 80EC68B8E36C18A2EEC5FD31 /* Pods-HTTPStubbing.debug.xcconfig */;
			buildSettings = {
				ASSETCATALOG_COMPILER_APPICON_NAME = AppIcon;
				ASSETCATALOG_COMPILER_GLOBAL_ACCENT_COLOR_NAME = AccentColor;
				CODE_SIGN_STYLE = Manual;
				DEVELOPMENT_TEAM = "";
				INFOPLIST_FILE = HTTPStubbing/Info.plist;
				LD_RUNPATH_SEARCH_PATHS = (
					"$(inherited)",
					"@executable_path/Frameworks",
				);
				PRODUCT_BUNDLE_IDENTIFIER = WWT.HTTPStubbing;
				PRODUCT_NAME = "$(TARGET_NAME)";
				PROVISIONING_PROFILE_SPECIFIER = "";
				SWIFT_VERSION = 5.0;
				TARGETED_DEVICE_FAMILY = "1,2";
			};
			name = Debug;
		};
		CAA1C6CC25A3928000E3F686 /* Release */ = {
			isa = XCBuildConfiguration;
			baseConfigurationReference = 929A52B732E02AD25F890153 /* Pods-HTTPStubbing.release.xcconfig */;
			buildSettings = {
				ASSETCATALOG_COMPILER_APPICON_NAME = AppIcon;
				ASSETCATALOG_COMPILER_GLOBAL_ACCENT_COLOR_NAME = AccentColor;
				CODE_SIGN_STYLE = Manual;
				DEVELOPMENT_TEAM = "";
				INFOPLIST_FILE = HTTPStubbing/Info.plist;
				LD_RUNPATH_SEARCH_PATHS = (
					"$(inherited)",
					"@executable_path/Frameworks",
				);
				PRODUCT_BUNDLE_IDENTIFIER = WWT.HTTPStubbing;
				PRODUCT_NAME = "$(TARGET_NAME)";
				PROVISIONING_PROFILE_SPECIFIER = "";
				SWIFT_VERSION = 5.0;
				TARGETED_DEVICE_FAMILY = "1,2";
			};
			name = Release;
		};
		CAA1C6CE25A3928000E3F686 /* Debug */ = {
			isa = XCBuildConfiguration;
			baseConfigurationReference = 77B8F36C42331C7EE9349AD0 /* Pods-HTTPStubbing-HTTPStubbingTests.debug.xcconfig */;
			buildSettings = {
				BUNDLE_LOADER = "$(TEST_HOST)";
				CODE_SIGN_STYLE = Automatic;
				DEVELOPMENT_TEAM = KRX3M99K22;
				INFOPLIST_FILE = HTTPStubbingTests/Info.plist;
				IPHONEOS_DEPLOYMENT_TARGET = 14.3;
				LD_RUNPATH_SEARCH_PATHS = (
					"$(inherited)",
					"@executable_path/Frameworks",
					"@loader_path/Frameworks",
				);
				PRODUCT_BUNDLE_IDENTIFIER = WWT.HTTPStubbingTests;
				PRODUCT_NAME = "$(TARGET_NAME)";
				SWIFT_VERSION = 5.0;
				TARGETED_DEVICE_FAMILY = "1,2";
				TEST_HOST = "$(BUILT_PRODUCTS_DIR)/HTTPStubbing.app/HTTPStubbing";
			};
			name = Debug;
		};
		CAA1C6CF25A3928000E3F686 /* Release */ = {
			isa = XCBuildConfiguration;
			baseConfigurationReference = 08535800CCCFAE2D3AFF8D2A /* Pods-HTTPStubbing-HTTPStubbingTests.release.xcconfig */;
			buildSettings = {
				BUNDLE_LOADER = "$(TEST_HOST)";
				CODE_SIGN_STYLE = Automatic;
				DEVELOPMENT_TEAM = KRX3M99K22;
				INFOPLIST_FILE = HTTPStubbingTests/Info.plist;
				IPHONEOS_DEPLOYMENT_TARGET = 14.3;
				LD_RUNPATH_SEARCH_PATHS = (
					"$(inherited)",
					"@executable_path/Frameworks",
					"@loader_path/Frameworks",
				);
				PRODUCT_BUNDLE_IDENTIFIER = WWT.HTTPStubbingTests;
				PRODUCT_NAME = "$(TARGET_NAME)";
				SWIFT_VERSION = 5.0;
				TARGETED_DEVICE_FAMILY = "1,2";
				TEST_HOST = "$(BUILT_PRODUCTS_DIR)/HTTPStubbing.app/HTTPStubbing";
			};
			name = Release;
		};
/* End XCBuildConfiguration section */

/* Begin XCConfigurationList section */
		CAA1C69B25A3927F00E3F686 /* Build configuration list for PBXProject "HTTPStubbing" */ = {
			isa = XCConfigurationList;
			buildConfigurations = (
				CAA1C6C825A3928000E3F686 /* Debug */,
				CAA1C6C925A3928000E3F686 /* Release */,
			);
			defaultConfigurationIsVisible = 0;
			defaultConfigurationName = Release;
		};
		CAA1C6CA25A3928000E3F686 /* Build configuration list for PBXNativeTarget "HTTPStubbing" */ = {
			isa = XCConfigurationList;
			buildConfigurations = (
				CAA1C6CB25A3928000E3F686 /* Debug */,
				CAA1C6CC25A3928000E3F686 /* Release */,
			);
			defaultConfigurationIsVisible = 0;
			defaultConfigurationName = Release;
		};
		CAA1C6CD25A3928000E3F686 /* Build configuration list for PBXNativeTarget "HTTPStubbingTests" */ = {
			isa = XCConfigurationList;
			buildConfigurations = (
				CAA1C6CE25A3928000E3F686 /* Debug */,
				CAA1C6CF25A3928000E3F686 /* Release */,
			);
			defaultConfigurationIsVisible = 0;
			defaultConfigurationName = Release;
		};
/* End XCConfigurationList section */
	};
	rootObject = CAA1C69825A3927F00E3F686 /* Project object */;
}
